// !$*UTF8*$!
{
	archiveVersion = 1;
	classes = {
	};
	objectVersion = 46;
	objects = {

/* Begin PBXBuildFile section */
		215E6D291C7520BD00126FE9 /* OperationTransport.h in Headers */ = {isa = PBXBuildFile; fileRef = 215E6D281C7520BD00126FE9 /* OperationTransport.h */; settings = {ATTRIBUTES = (Public, ); }; };
		215E6D301C7520BD00126FE9 /* OperationTransport.framework in Frameworks */ = {isa = PBXBuildFile; fileRef = 215E6D251C7520BD00126FE9 /* OperationTransport.framework */; };
		215E6D351C7520BD00126FE9 /* OperationTransportTests.swift in Sources */ = {isa = PBXBuildFile; fileRef = 215E6D341C7520BD00126FE9 /* OperationTransportTests.swift */; };
		215E6D411C75210200126FE9 /* TransportController.swift in Sources */ = {isa = PBXBuildFile; fileRef = 215E6D3F1C75210200126FE9 /* TransportController.swift */; };
		215E6D421C75210200126FE9 /* Message.swift in Sources */ = {isa = PBXBuildFile; fileRef = 215E6D401C75210200126FE9 /* Message.swift */; };
		215E6D4B1C75212900126FE9 /* Operation.swift in Sources */ = {isa = PBXBuildFile; fileRef = 215E6D4A1C75212900126FE9 /* Operation.swift */; };
		215E6D5D1C7532E200126FE9 /* OperationTransport.framework in Frameworks */ = {isa = PBXBuildFile; fileRef = 215E6D531C7532E200126FE9 /* OperationTransport.framework */; };
		215E6D6A1C75336C00126FE9 /* TransportController.swift in Sources */ = {isa = PBXBuildFile; fileRef = 215E6D3F1C75210200126FE9 /* TransportController.swift */; };
		215E6D6B1C75336C00126FE9 /* Message.swift in Sources */ = {isa = PBXBuildFile; fileRef = 215E6D401C75210200126FE9 /* Message.swift */; };
		215E6D6C1C75336C00126FE9 /* Operation.swift in Sources */ = {isa = PBXBuildFile; fileRef = 215E6D4A1C75212900126FE9 /* Operation.swift */; };
		215E6D6D1C75337900126FE9 /* OperationTransport.h in Headers */ = {isa = PBXBuildFile; fileRef = 215E6D281C7520BD00126FE9 /* OperationTransport.h */; settings = {ATTRIBUTES = (Public, ); }; };
		215E6D781C7539CB00126FE9 /* index.html in Resources */ = {isa = PBXBuildFile; fileRef = 215E6D771C7539CB00126FE9 /* index.html */; };
		2193F76F1CFFB5CF00EAA7F4 /* index.html in Resources */ = {isa = PBXBuildFile; fileRef = 215E6D771C7539CB00126FE9 /* index.html */; };
/* End PBXBuildFile section */

/* Begin PBXContainerItemProxy section */
		215E6D311C7520BD00126FE9 /* PBXContainerItemProxy */ = {
			isa = PBXContainerItemProxy;
			containerPortal = 215E6D1C1C7520BD00126FE9 /* Project object */;
			proxyType = 1;
			remoteGlobalIDString = 215E6D241C7520BD00126FE9;
			remoteInfo = OperationTransport;
		};
		215E6D5E1C7532E200126FE9 /* PBXContainerItemProxy */ = {
			isa = PBXContainerItemProxy;
			containerPortal = 215E6D1C1C7520BD00126FE9 /* Project object */;
			proxyType = 1;
			remoteGlobalIDString = 215E6D521C7532E200126FE9;
			remoteInfo = OperationTransport;
		};
/* End PBXContainerItemProxy section */

/* Begin PBXFileReference section */
		215E6D251C7520BD00126FE9 /* OperationTransport.framework */ = {isa = PBXFileReference; explicitFileType = wrapper.framework; includeInIndex = 0; path = OperationTransport.framework; sourceTree = BUILT_PRODUCTS_DIR; };
		215E6D281C7520BD00126FE9 /* OperationTransport.h */ = {isa = PBXFileReference; lastKnownFileType = sourcecode.c.h; path = OperationTransport.h; sourceTree = "<group>"; };
		215E6D2F1C7520BD00126FE9 /* OperationTransportTests.xctest */ = {isa = PBXFileReference; explicitFileType = wrapper.cfbundle; includeInIndex = 0; path = OperationTransportTests.xctest; sourceTree = BUILT_PRODUCTS_DIR; };
		215E6D341C7520BD00126FE9 /* OperationTransportTests.swift */ = {isa = PBXFileReference; lastKnownFileType = sourcecode.swift; path = OperationTransportTests.swift; sourceTree = "<group>"; };
		215E6D361C7520BD00126FE9 /* Info.plist */ = {isa = PBXFileReference; lastKnownFileType = text.plist.xml; path = Info.plist; sourceTree = "<group>"; };
		215E6D3F1C75210200126FE9 /* TransportController.swift */ = {isa = PBXFileReference; fileEncoding = 4; lastKnownFileType = sourcecode.swift; path = TransportController.swift; sourceTree = "<group>"; };
		215E6D401C75210200126FE9 /* Message.swift */ = {isa = PBXFileReference; fileEncoding = 4; lastKnownFileType = sourcecode.swift; path = Message.swift; sourceTree = "<group>"; };
		215E6D4A1C75212900126FE9 /* Operation.swift */ = {isa = PBXFileReference; fileEncoding = 4; lastKnownFileType = sourcecode.swift; path = Operation.swift; sourceTree = "<group>"; };
		215E6D4C1C7521DE00126FE9 /* Info.plist */ = {isa = PBXFileReference; fileEncoding = 4; lastKnownFileType = text.plist.xml; path = Info.plist; sourceTree = "<group>"; };
		215E6D531C7532E200126FE9 /* OperationTransport.framework */ = {isa = PBXFileReference; explicitFileType = wrapper.framework; includeInIndex = 0; path = OperationTransport.framework; sourceTree = BUILT_PRODUCTS_DIR; };
		215E6D5C1C7532E200126FE9 /* OperationTransportTests.xctest */ = {isa = PBXFileReference; explicitFileType = wrapper.cfbundle; includeInIndex = 0; path = OperationTransportTests.xctest; sourceTree = BUILT_PRODUCTS_DIR; };
		215E6D771C7539CB00126FE9 /* index.html */ = {isa = PBXFileReference; fileEncoding = 4; lastKnownFileType = text.html; path = index.html; sourceTree = "<group>"; };
/* End PBXFileReference section */

/* Begin PBXFrameworksBuildPhase section */
		215E6D211C7520BD00126FE9 /* Frameworks */ = {
			isa = PBXFrameworksBuildPhase;
			buildActionMask = 2147483647;
			files = (
			);
			runOnlyForDeploymentPostprocessing = 0;
		};
		215E6D2C1C7520BD00126FE9 /* Frameworks */ = {
			isa = PBXFrameworksBuildPhase;
			buildActionMask = 2147483647;
			files = (
				215E6D301C7520BD00126FE9 /* OperationTransport.framework in Frameworks */,
			);
			runOnlyForDeploymentPostprocessing = 0;
		};
		215E6D4F1C7532E200126FE9 /* Frameworks */ = {
			isa = PBXFrameworksBuildPhase;
			buildActionMask = 2147483647;
			files = (
			);
			runOnlyForDeploymentPostprocessing = 0;
		};
		215E6D591C7532E200126FE9 /* Frameworks */ = {
			isa = PBXFrameworksBuildPhase;
			buildActionMask = 2147483647;
			files = (
				215E6D5D1C7532E200126FE9 /* OperationTransport.framework in Frameworks */,
			);
			runOnlyForDeploymentPostprocessing = 0;
		};
/* End PBXFrameworksBuildPhase section */

/* Begin PBXGroup section */
		215E6D1B1C7520BD00126FE9 = {
			isa = PBXGroup;
			children = (
				215E6D271C7520BD00126FE9 /* OperationTransport */,
				215E6D331C7520BD00126FE9 /* OperationTransportTests */,
				215E6D261C7520BD00126FE9 /* Products */,
			);
			sourceTree = "<group>";
			usesTabs = 1;
		};
		215E6D261C7520BD00126FE9 /* Products */ = {
			isa = PBXGroup;
			children = (
				215E6D251C7520BD00126FE9 /* OperationTransport.framework */,
				215E6D2F1C7520BD00126FE9 /* OperationTransportTests.xctest */,
				215E6D531C7532E200126FE9 /* OperationTransport.framework */,
				215E6D5C1C7532E200126FE9 /* OperationTransportTests.xctest */,
			);
			name = Products;
			sourceTree = "<group>";
		};
		215E6D271C7520BD00126FE9 /* OperationTransport */ = {
			isa = PBXGroup;
			children = (
				215E6D281C7520BD00126FE9 /* OperationTransport.h */,
				215E6D3F1C75210200126FE9 /* TransportController.swift */,
				215E6D401C75210200126FE9 /* Message.swift */,
				215E6D4A1C75212900126FE9 /* Operation.swift */,
				215E6D431C75210500126FE9 /* Resources */,
			);
			path = OperationTransport;
			sourceTree = "<group>";
		};
		215E6D331C7520BD00126FE9 /* OperationTransportTests */ = {
			isa = PBXGroup;
			children = (
				215E6D341C7520BD00126FE9 /* OperationTransportTests.swift */,
				215E6D361C7520BD00126FE9 /* Info.plist */,
			);
			path = OperationTransportTests;
			sourceTree = "<group>";
		};
		215E6D431C75210500126FE9 /* Resources */ = {
			isa = PBXGroup;
			children = (
				215E6D4C1C7521DE00126FE9 /* Info.plist */,
				215E6D771C7539CB00126FE9 /* index.html */,
			);
			path = Resources;
			sourceTree = "<group>";
		};
/* End PBXGroup section */

/* Begin PBXHeadersBuildPhase section */
		215E6D221C7520BD00126FE9 /* Headers */ = {
			isa = PBXHeadersBuildPhase;
			buildActionMask = 2147483647;
			files = (
				215E6D291C7520BD00126FE9 /* OperationTransport.h in Headers */,
			);
			runOnlyForDeploymentPostprocessing = 0;
		};
		215E6D501C7532E200126FE9 /* Headers */ = {
			isa = PBXHeadersBuildPhase;
			buildActionMask = 2147483647;
			files = (
				215E6D6D1C75337900126FE9 /* OperationTransport.h in Headers */,
			);
			runOnlyForDeploymentPostprocessing = 0;
		};
/* End PBXHeadersBuildPhase section */

/* Begin PBXNativeTarget section */
		215E6D241C7520BD00126FE9 /* OperationTransport-iOS */ = {
			isa = PBXNativeTarget;
			buildConfigurationList = 215E6D391C7520BD00126FE9 /* Build configuration list for PBXNativeTarget "OperationTransport-iOS" */;
			buildPhases = (
				215E6D201C7520BD00126FE9 /* Sources */,
				215E6D211C7520BD00126FE9 /* Frameworks */,
				215E6D221C7520BD00126FE9 /* Headers */,
				215E6D231C7520BD00126FE9 /* Resources */,
				215E6D701C75349D00126FE9 /* Swift Lint */,
			);
			buildRules = (
			);
			dependencies = (
			);
			name = "OperationTransport-iOS";
			productName = OperationTransport;
			productReference = 215E6D251C7520BD00126FE9 /* OperationTransport.framework */;
			productType = "com.apple.product-type.framework";
		};
		215E6D2E1C7520BD00126FE9 /* OperationTransportTests-iOS */ = {
			isa = PBXNativeTarget;
			buildConfigurationList = 215E6D3C1C7520BD00126FE9 /* Build configuration list for PBXNativeTarget "OperationTransportTests-iOS" */;
			buildPhases = (
				215E6D2B1C7520BD00126FE9 /* Sources */,
				215E6D2C1C7520BD00126FE9 /* Frameworks */,
				215E6D2D1C7520BD00126FE9 /* Resources */,
			);
			buildRules = (
			);
			dependencies = (
				215E6D321C7520BD00126FE9 /* PBXTargetDependency */,
			);
			name = "OperationTransportTests-iOS";
			productName = OperationTransportTests;
			productReference = 215E6D2F1C7520BD00126FE9 /* OperationTransportTests.xctest */;
			productType = "com.apple.product-type.bundle.unit-test";
		};
		215E6D521C7532E200126FE9 /* OperationTransport-OSX */ = {
			isa = PBXNativeTarget;
			buildConfigurationList = 215E6D641C7532E200126FE9 /* Build configuration list for PBXNativeTarget "OperationTransport-OSX" */;
			buildPhases = (
				215E6D4E1C7532E200126FE9 /* Sources */,
				215E6D4F1C7532E200126FE9 /* Frameworks */,
				215E6D501C7532E200126FE9 /* Headers */,
				215E6D511C7532E200126FE9 /* Resources */,
				215E6D6F1C75349300126FE9 /* Swift Lint */,
			);
			buildRules = (
			);
			dependencies = (
			);
			name = "OperationTransport-OSX";
			productName = OperationTransport;
			productReference = 215E6D531C7532E200126FE9 /* OperationTransport.framework */;
			productType = "com.apple.product-type.framework";
		};
		215E6D5B1C7532E200126FE9 /* OperationTransportTests-OSX */ = {
			isa = PBXNativeTarget;
			buildConfigurationList = 215E6D671C7532E200126FE9 /* Build configuration list for PBXNativeTarget "OperationTransportTests-OSX" */;
			buildPhases = (
				215E6D581C7532E200126FE9 /* Sources */,
				215E6D591C7532E200126FE9 /* Frameworks */,
				215E6D5A1C7532E200126FE9 /* Resources */,
			);
			buildRules = (
			);
			dependencies = (
				215E6D5F1C7532E200126FE9 /* PBXTargetDependency */,
			);
			name = "OperationTransportTests-OSX";
			productName = OperationTransportTests;
			productReference = 215E6D5C1C7532E200126FE9 /* OperationTransportTests.xctest */;
			productType = "com.apple.product-type.bundle.unit-test";
		};
/* End PBXNativeTarget section */

/* Begin PBXProject section */
		215E6D1C1C7520BD00126FE9 /* Project object */ = {
			isa = PBXProject;
			attributes = {
				LastSwiftUpdateCheck = 0730;
				LastUpgradeCheck = 0730;
				ORGANIZATIONNAME = "Canvas Labs, Inc.";
				TargetAttributes = {
					215E6D241C7520BD00126FE9 = {
						CreatedOnToolsVersion = 7.3;
					};
					215E6D2E1C7520BD00126FE9 = {
						CreatedOnToolsVersion = 7.3;
					};
					215E6D521C7532E200126FE9 = {
						CreatedOnToolsVersion = 7.3;
					};
					215E6D5B1C7532E200126FE9 = {
						CreatedOnToolsVersion = 7.3;
					};
				};
			};
			buildConfigurationList = 215E6D1F1C7520BD00126FE9 /* Build configuration list for PBXProject "OperationTransport" */;
			compatibilityVersion = "Xcode 3.2";
			developmentRegion = English;
			hasScannedForEncodings = 0;
			knownRegions = (
				en,
			);
			mainGroup = 215E6D1B1C7520BD00126FE9;
			productRefGroup = 215E6D261C7520BD00126FE9 /* Products */;
			projectDirPath = "";
			projectRoot = "";
			targets = (
				215E6D241C7520BD00126FE9 /* OperationTransport-iOS */,
				215E6D2E1C7520BD00126FE9 /* OperationTransportTests-iOS */,
				215E6D521C7532E200126FE9 /* OperationTransport-OSX */,
				215E6D5B1C7532E200126FE9 /* OperationTransportTests-OSX */,
			);
		};
/* End PBXProject section */

/* Begin PBXResourcesBuildPhase section */
		215E6D231C7520BD00126FE9 /* Resources */ = {
			isa = PBXResourcesBuildPhase;
			buildActionMask = 2147483647;
			files = (
				215E6D781C7539CB00126FE9 /* index.html in Resources */,
			);
			runOnlyForDeploymentPostprocessing = 0;
		};
		215E6D2D1C7520BD00126FE9 /* Resources */ = {
			isa = PBXResourcesBuildPhase;
			buildActionMask = 2147483647;
			files = (
			);
			runOnlyForDeploymentPostprocessing = 0;
		};
		215E6D511C7532E200126FE9 /* Resources */ = {
			isa = PBXResourcesBuildPhase;
			buildActionMask = 2147483647;
			files = (
				2193F76F1CFFB5CF00EAA7F4 /* index.html in Resources */,
			);
			runOnlyForDeploymentPostprocessing = 0;
		};
		215E6D5A1C7532E200126FE9 /* Resources */ = {
			isa = PBXResourcesBuildPhase;
			buildActionMask = 2147483647;
			files = (
			);
			runOnlyForDeploymentPostprocessing = 0;
		};
/* End PBXResourcesBuildPhase section */

/* Begin PBXShellScriptBuildPhase section */
		215E6D6F1C75349300126FE9 /* Swift Lint */ = {
			isa = PBXShellScriptBuildPhase;
			buildActionMask = 2147483647;
			files = (
			);
			inputPaths = (
			);
			name = "Swift Lint";
			outputPaths = (
			);
			runOnlyForDeploymentPostprocessing = 0;
			shellPath = /bin/sh;
			shellScript = "if which swiftlint >/dev/null; then\n  swiftlint\nelse\n  echo \"SwiftLint does not exist, download from https://github.com/realm/SwiftLint\"\nfi";
		};
		215E6D701C75349D00126FE9 /* Swift Lint */ = {
			isa = PBXShellScriptBuildPhase;
			buildActionMask = 2147483647;
			files = (
			);
			inputPaths = (
			);
			name = "Swift Lint";
			outputPaths = (
			);
			runOnlyForDeploymentPostprocessing = 0;
			shellPath = /bin/sh;
			shellScript = "if which swiftlint >/dev/null; then\n  swiftlint\nelse\n  echo \"SwiftLint does not exist, download from https://github.com/realm/SwiftLint\"\nfi";
		};
/* End PBXShellScriptBuildPhase section */

/* Begin PBXSourcesBuildPhase section */
		215E6D201C7520BD00126FE9 /* Sources */ = {
			isa = PBXSourcesBuildPhase;
			buildActionMask = 2147483647;
			files = (
				215E6D411C75210200126FE9 /* TransportController.swift in Sources */,
				215E6D421C75210200126FE9 /* Message.swift in Sources */,
				215E6D4B1C75212900126FE9 /* Operation.swift in Sources */,
			);
			runOnlyForDeploymentPostprocessing = 0;
		};
		215E6D2B1C7520BD00126FE9 /* Sources */ = {
			isa = PBXSourcesBuildPhase;
			buildActionMask = 2147483647;
			files = (
				215E6D351C7520BD00126FE9 /* OperationTransportTests.swift in Sources */,
			);
			runOnlyForDeploymentPostprocessing = 0;
		};
		215E6D4E1C7532E200126FE9 /* Sources */ = {
			isa = PBXSourcesBuildPhase;
			buildActionMask = 2147483647;
			files = (
				215E6D6A1C75336C00126FE9 /* TransportController.swift in Sources */,
				215E6D6B1C75336C00126FE9 /* Message.swift in Sources */,
				215E6D6C1C75336C00126FE9 /* Operation.swift in Sources */,
			);
			runOnlyForDeploymentPostprocessing = 0;
		};
		215E6D581C7532E200126FE9 /* Sources */ = {
			isa = PBXSourcesBuildPhase;
			buildActionMask = 2147483647;
			files = (
			);
			runOnlyForDeploymentPostprocessing = 0;
		};
/* End PBXSourcesBuildPhase section */

/* Begin PBXTargetDependency section */
		215E6D321C7520BD00126FE9 /* PBXTargetDependency */ = {
			isa = PBXTargetDependency;
			target = 215E6D241C7520BD00126FE9 /* OperationTransport-iOS */;
			targetProxy = 215E6D311C7520BD00126FE9 /* PBXContainerItemProxy */;
		};
		215E6D5F1C7532E200126FE9 /* PBXTargetDependency */ = {
			isa = PBXTargetDependency;
			target = 215E6D521C7532E200126FE9 /* OperationTransport-OSX */;
			targetProxy = 215E6D5E1C7532E200126FE9 /* PBXContainerItemProxy */;
		};
/* End PBXTargetDependency section */

/* Begin XCBuildConfiguration section */
		215E6D371C7520BD00126FE9 /* Debug */ = {
			isa = XCBuildConfiguration;
			buildSettings = {
				ALWAYS_SEARCH_USER_PATHS = NO;
				APPLICATION_EXTENSION_API_ONLY = YES;
				CLANG_ANALYZER_NONNULL = YES;
				CLANG_CXX_LANGUAGE_STANDARD = "gnu++0x";
				CLANG_CXX_LIBRARY = "libc++";
				CLANG_ENABLE_MODULES = YES;
				CLANG_ENABLE_OBJC_ARC = YES;
				CLANG_WARN_BOOL_CONVERSION = YES;
				CLANG_WARN_CONSTANT_CONVERSION = YES;
				CLANG_WARN_DIRECT_OBJC_ISA_USAGE = YES_ERROR;
				CLANG_WARN_EMPTY_BODY = YES;
				CLANG_WARN_ENUM_CONVERSION = YES;
				CLANG_WARN_INT_CONVERSION = YES;
				CLANG_WARN_OBJC_ROOT_CLASS = YES_ERROR;
				CLANG_WARN_UNREACHABLE_CODE = YES;
				CLANG_WARN__DUPLICATE_METHOD_MATCH = YES;
				"CODE_SIGN_IDENTITY[sdk=iphoneos*]" = "iPhone Developer";
				COPY_PHASE_STRIP = NO;
				CURRENT_PROJECT_VERSION = 1;
				DEBUG_INFORMATION_FORMAT = dwarf;
				ENABLE_STRICT_OBJC_MSGSEND = YES;
				ENABLE_TESTABILITY = YES;
				GCC_C_LANGUAGE_STANDARD = gnu99;
				GCC_DYNAMIC_NO_PIC = NO;
				GCC_NO_COMMON_BLOCKS = YES;
				GCC_OPTIMIZATION_LEVEL = 0;
				GCC_PREPROCESSOR_DEFINITIONS = (
					"DEBUG=1",
					"$(inherited)",
				);
				GCC_WARN_64_TO_32_BIT_CONVERSION = YES;
				GCC_WARN_ABOUT_RETURN_TYPE = YES_ERROR;
				GCC_WARN_UNDECLARED_SELECTOR = YES;
				GCC_WARN_UNINITIALIZED_AUTOS = YES_AGGRESSIVE;
				GCC_WARN_UNUSED_FUNCTION = YES;
				GCC_WARN_UNUSED_VARIABLE = YES;
				IPHONEOS_DEPLOYMENT_TARGET = 9.0;
				MACOSX_DEPLOYMENT_TARGET = 10.11;
				MTL_ENABLE_DEBUG_INFO = YES;
				ONLY_ACTIVE_ARCH = YES;
				SDKROOT = iphoneos;
				SWIFT_OPTIMIZATION_LEVEL = "-Onone";
				TARGETED_DEVICE_FAMILY = "1,2";
				VERSIONING_SYSTEM = "apple-generic";
				VERSION_INFO_PREFIX = "";
			};
			name = Debug;
		};
		215E6D381C7520BD00126FE9 /* Release */ = {
			isa = XCBuildConfiguration;
			buildSettings = {
				ALWAYS_SEARCH_USER_PATHS = NO;
				APPLICATION_EXTENSION_API_ONLY = YES;
				CLANG_ANALYZER_NONNULL = YES;
				CLANG_CXX_LANGUAGE_STANDARD = "gnu++0x";
				CLANG_CXX_LIBRARY = "libc++";
				CLANG_ENABLE_MODULES = YES;
				CLANG_ENABLE_OBJC_ARC = YES;
				CLANG_WARN_BOOL_CONVERSION = YES;
				CLANG_WARN_CONSTANT_CONVERSION = YES;
				CLANG_WARN_DIRECT_OBJC_ISA_USAGE = YES_ERROR;
				CLANG_WARN_EMPTY_BODY = YES;
				CLANG_WARN_ENUM_CONVERSION = YES;
				CLANG_WARN_INT_CONVERSION = YES;
				CLANG_WARN_OBJC_ROOT_CLASS = YES_ERROR;
				CLANG_WARN_UNREACHABLE_CODE = YES;
				CLANG_WARN__DUPLICATE_METHOD_MATCH = YES;
				"CODE_SIGN_IDENTITY[sdk=iphoneos*]" = "iPhone Developer";
				COPY_PHASE_STRIP = NO;
				CURRENT_PROJECT_VERSION = 1;
				DEBUG_INFORMATION_FORMAT = "dwarf-with-dsym";
				ENABLE_NS_ASSERTIONS = NO;
				ENABLE_STRICT_OBJC_MSGSEND = YES;
				GCC_C_LANGUAGE_STANDARD = gnu99;
				GCC_NO_COMMON_BLOCKS = YES;
				GCC_WARN_64_TO_32_BIT_CONVERSION = YES;
				GCC_WARN_ABOUT_RETURN_TYPE = YES_ERROR;
				GCC_WARN_UNDECLARED_SELECTOR = YES;
				GCC_WARN_UNINITIALIZED_AUTOS = YES_AGGRESSIVE;
				GCC_WARN_UNUSED_FUNCTION = YES;
				GCC_WARN_UNUSED_VARIABLE = YES;
				IPHONEOS_DEPLOYMENT_TARGET = 9.0;
				MACOSX_DEPLOYMENT_TARGET = 10.11;
				MTL_ENABLE_DEBUG_INFO = NO;
				SDKROOT = iphoneos;
				TARGETED_DEVICE_FAMILY = "1,2";
				VALIDATE_PRODUCT = YES;
				VERSIONING_SYSTEM = "apple-generic";
				VERSION_INFO_PREFIX = "";
			};
			name = Release;
		};
		215E6D3A1C7520BD00126FE9 /* Debug */ = {
			isa = XCBuildConfiguration;
			buildSettings = {
				CLANG_ENABLE_MODULES = YES;
				DEFINES_MODULE = YES;
				DYLIB_COMPATIBILITY_VERSION = 1;
				DYLIB_CURRENT_VERSION = 1;
				DYLIB_INSTALL_NAME_BASE = "@rpath";
				INFOPLIST_FILE = "$(SRCROOT)/OperationTransport/Resources/Info.plist";
				INSTALL_PATH = "$(LOCAL_LIBRARY_DIR)/Frameworks";
				LD_RUNPATH_SEARCH_PATHS = "$(inherited) @executable_path/Frameworks @loader_path/Frameworks";
				PRODUCT_BUNDLE_IDENTIFIER = com.usecanvas.OperationTransport;
				PRODUCT_NAME = OperationTransport;
				SKIP_INSTALL = YES;
				SWIFT_OPTIMIZATION_LEVEL = "-Onone";
			};
			name = Debug;
		};
		215E6D3B1C7520BD00126FE9 /* Release */ = {
			isa = XCBuildConfiguration;
			buildSettings = {
				CLANG_ENABLE_MODULES = YES;
				DEFINES_MODULE = YES;
				DYLIB_COMPATIBILITY_VERSION = 1;
				DYLIB_CURRENT_VERSION = 1;
				DYLIB_INSTALL_NAME_BASE = "@rpath";
				INFOPLIST_FILE = "$(SRCROOT)/OperationTransport/Resources/Info.plist";
				INSTALL_PATH = "$(LOCAL_LIBRARY_DIR)/Frameworks";
				LD_RUNPATH_SEARCH_PATHS = "$(inherited) @executable_path/Frameworks @loader_path/Frameworks";
				PRODUCT_BUNDLE_IDENTIFIER = com.usecanvas.OperationTransport;
				PRODUCT_NAME = OperationTransport;
				SKIP_INSTALL = YES;
			};
			name = Release;
		};
		215E6D3D1C7520BD00126FE9 /* Debug */ = {
			isa = XCBuildConfiguration;
			buildSettings = {
				INFOPLIST_FILE = OperationTransportTests/Info.plist;
				LD_RUNPATH_SEARCH_PATHS = "$(inherited) @executable_path/Frameworks @loader_path/Frameworks";
				PRODUCT_BUNDLE_IDENTIFIER = com.usecanvas.OperationTransportTests;
				PRODUCT_NAME = OperationTransportTests;
			};
			name = Debug;
		};
		215E6D3E1C7520BD00126FE9 /* Release */ = {
			isa = XCBuildConfiguration;
			buildSettings = {
				INFOPLIST_FILE = OperationTransportTests/Info.plist;
				LD_RUNPATH_SEARCH_PATHS = "$(inherited) @executable_path/Frameworks @loader_path/Frameworks";
				PRODUCT_BUNDLE_IDENTIFIER = com.usecanvas.OperationTransportTests;
				PRODUCT_NAME = OperationTransportTests;
			};
			name = Release;
		};
		215E6D651C7532E200126FE9 /* Debug */ = {
			isa = XCBuildConfiguration;
			buildSettings = {
				CODE_SIGN_IDENTITY = "-";
				COMBINE_HIDPI_IMAGES = YES;
				DEFINES_MODULE = YES;
				DYLIB_COMPATIBILITY_VERSION = 1;
				DYLIB_CURRENT_VERSION = 1;
				DYLIB_INSTALL_NAME_BASE = "@rpath";
				FRAMEWORK_VERSION = A;
				INFOPLIST_FILE = OperationTransport/Resources/Info.plist;
				INSTALL_PATH = "$(LOCAL_LIBRARY_DIR)/Frameworks";
				LD_RUNPATH_SEARCH_PATHS = "$(inherited) @executable_path/../Frameworks @loader_path/Frameworks";
				PRODUCT_BUNDLE_IDENTIFIER = com.usecanvas.OperationTransport;
				PRODUCT_NAME = OperationTransport;
				SDKROOT = macosx;
				SKIP_INSTALL = YES;
			};
			name = Debug;
		};
		215E6D661C7532E200126FE9 /* Release */ = {
			isa = XCBuildConfiguration;
			buildSettings = {
				CODE_SIGN_IDENTITY = "-";
				COMBINE_HIDPI_IMAGES = YES;
				DEFINES_MODULE = YES;
				DYLIB_COMPATIBILITY_VERSION = 1;
				DYLIB_CURRENT_VERSION = 1;
				DYLIB_INSTALL_NAME_BASE = "@rpath";
				FRAMEWORK_VERSION = A;
				INFOPLIST_FILE = OperationTransport/Resources/Info.plist;
				INSTALL_PATH = "$(LOCAL_LIBRARY_DIR)/Frameworks";
				LD_RUNPATH_SEARCH_PATHS = "$(inherited) @executable_path/../Frameworks @loader_path/Frameworks";
				PRODUCT_BUNDLE_IDENTIFIER = com.usecanvas.OperationTransport;
				PRODUCT_NAME = OperationTransport;
				SDKROOT = macosx;
				SKIP_INSTALL = YES;
			};
			name = Release;
		};
		215E6D681C7532E200126FE9 /* Debug */ = {
			isa = XCBuildConfiguration;
			buildSettings = {
				CODE_SIGN_IDENTITY = "-";
				COMBINE_HIDPI_IMAGES = YES;
				INFOPLIST_FILE = OperationTransportTests/Info.plist;
				LD_RUNPATH_SEARCH_PATHS = "$(inherited) @executable_path/../Frameworks @loader_path/../Frameworks";
				MACOSX_DEPLOYMENT_TARGET = 10.11;
				PRODUCT_BUNDLE_IDENTIFIER = com.usecanvas.OperationTransportTests;
				PRODUCT_NAME = OperationTransportTests;
				SDKROOT = macosx;
			};
			name = Debug;
		};
		215E6D691C7532E200126FE9 /* Release */ = {
			isa = XCBuildConfiguration;
			buildSettings = {
				CODE_SIGN_IDENTITY = "-";
				COMBINE_HIDPI_IMAGES = YES;
				INFOPLIST_FILE = OperationTransportTests/Info.plist;
				LD_RUNPATH_SEARCH_PATHS = "$(inherited) @executable_path/../Frameworks @loader_path/../Frameworks";
				MACOSX_DEPLOYMENT_TARGET = 10.11;
				PRODUCT_BUNDLE_IDENTIFIER = com.usecanvas.OperationTransportTests;
				PRODUCT_NAME = OperationTransportTests;
				SDKROOT = macosx;
			};
			name = Release;
		};
/* End XCBuildConfiguration section */

/* Begin XCConfigurationList section */
		215E6D1F1C7520BD00126FE9 /* Build configuration list for PBXProject "OperationTransport" */ = {
			isa = XCConfigurationList;
			buildConfigurations = (
				215E6D371C7520BD00126FE9 /* Debug */,
				215E6D381C7520BD00126FE9 /* Release */,
			);
			defaultConfigurationIsVisible = 0;
			defaultConfigurationName = Release;
		};
		215E6D391C7520BD00126FE9 /* Build configuration list for PBXNativeTarget "OperationTransport-iOS" */ = {
			isa = XCConfigurationList;
			buildConfigurations = (
				215E6D3A1C7520BD00126FE9 /* Debug */,
				215E6D3B1C7520BD00126FE9 /* Release */,
			);
			defaultConfigurationIsVisible = 0;
			defaultConfigurationName = Release;
		};
		215E6D3C1C7520BD00126FE9 /* Build configuration list for PBXNativeTarget "OperationTransportTests-iOS" */ = {
			isa = XCConfigurationList;
			buildConfigurations = (
				215E6D3D1C7520BD00126FE9 /* Debug */,
				215E6D3E1C7520BD00126FE9 /* Release */,
			);
			defaultConfigurationIsVisible = 0;
			defaultConfigurationName = Release;
		};
		215E6D641C7532E200126FE9 /* Build configuration list for PBXNativeTarget "OperationTransport-OSX" */ = {
			isa = XCConfigurationList;
			buildConfigurations = (
				215E6D651C7532E200126FE9 /* Debug */,
				215E6D661C7532E200126FE9 /* Release */,
			);
			defaultConfigurationIsVisible = 0;
			defaultConfigurationName = Release;
		};
		215E6D671C7532E200126FE9 /* Build configuration list for PBXNativeTarget "OperationTransportTests-OSX" */ = {
			isa = XCConfigurationList;
			buildConfigurations = (
				215E6D681C7532E200126FE9 /* Debug */,
				215E6D691C7532E200126FE9 /* Release */,
			);
			defaultConfigurationIsVisible = 0;
			defaultConfigurationName = Release;
		};
/* End XCConfigurationList section */
	};
	rootObject = 215E6D1C1C7520BD00126FE9 /* Project object */;
}
