// !$*UTF8*$!
{
	archiveVersion = 1;
	classes = {
	};
	objectVersion = 46;
	objects = {

/* Begin PBXBuildFile section */
		2118DB971BFCE902004054FA /* APIClientCanvasTests.swift in Sources */ = {isa = PBXBuildFile; fileRef = 2118DB961BFCE902004054FA /* APIClientCanvasTests.swift */; };
		2118DB981BFCE902004054FA /* APIClientCanvasTests.swift in Sources */ = {isa = PBXBuildFile; fileRef = 2118DB961BFCE902004054FA /* APIClientCanvasTests.swift */; };
		2119D3831BF6BBAF00E91D6F /* sign-in.json in Resources */ = {isa = PBXBuildFile; fileRef = 2119D3821BF6BBAF00E91D6F /* sign-in.json */; };
		2119D3841BF6BBAF00E91D6F /* sign-in.json in Resources */ = {isa = PBXBuildFile; fileRef = 2119D3821BF6BBAF00E91D6F /* sign-in.json */; };
		2129D2E41BF54FF90018F255 /* AccountController.swift in Sources */ = {isa = PBXBuildFile; fileRef = 2129D2E31BF54FF90018F255 /* AccountController.swift */; };
		2129D2E51BF54FF90018F255 /* AccountController.swift in Sources */ = {isa = PBXBuildFile; fileRef = 2129D2E31BF54FF90018F255 /* AccountController.swift */; };
		2129D2E81BF550290018F255 /* SSKeychain.framework in Frameworks */ = {isa = PBXBuildFile; fileRef = 2129D2E61BF550290018F255 /* SSKeychain.framework */; };
		2129D2EC1BF550350018F255 /* SSKeychain.framework in Frameworks */ = {isa = PBXBuildFile; fileRef = 2129D2EA1BF550350018F255 /* SSKeychain.framework */; };
		213C2BD81BF688C900F6BF50 /* APIClient+Canvases.swift in Sources */ = {isa = PBXBuildFile; fileRef = 213C2BD71BF688C900F6BF50 /* APIClient+Canvases.swift */; };
		213C2BD91BF688C900F6BF50 /* APIClient+Canvases.swift in Sources */ = {isa = PBXBuildFile; fileRef = 213C2BD71BF688C900F6BF50 /* APIClient+Canvases.swift */; };
		213C2BDB1BF688F000F6BF50 /* APIClient+Collections.swift in Sources */ = {isa = PBXBuildFile; fileRef = 213C2BDA1BF688F000F6BF50 /* APIClient+Collections.swift */; };
		213C2BDC1BF688F000F6BF50 /* APIClient+Collections.swift in Sources */ = {isa = PBXBuildFile; fileRef = 213C2BDA1BF688F000F6BF50 /* APIClient+Collections.swift */; };
		213C2BDE1BF68B2D00F6BF50 /* AuthorizationClient.swift in Sources */ = {isa = PBXBuildFile; fileRef = 213C2BDD1BF68B2D00F6BF50 /* AuthorizationClient.swift */; };
		213C2BDF1BF68B2D00F6BF50 /* AuthorizationClient.swift in Sources */ = {isa = PBXBuildFile; fileRef = 213C2BDD1BF68B2D00F6BF50 /* AuthorizationClient.swift */; };
		213C2BE41BF68C2800F6BF50 /* NetworkClient.swift in Sources */ = {isa = PBXBuildFile; fileRef = 213C2BE31BF68C2800F6BF50 /* NetworkClient.swift */; };
		213C2BE51BF68C2800F6BF50 /* NetworkClient.swift in Sources */ = {isa = PBXBuildFile; fileRef = 213C2BE31BF68C2800F6BF50 /* NetworkClient.swift */; };
		213C2BE61BF6901D00F6BF50 /* SSKeychain.framework in Embed Frameworks */ = {isa = PBXBuildFile; fileRef = 2129D2E61BF550290018F255 /* SSKeychain.framework */; settings = {ATTRIBUTES = (CodeSignOnCopy, RemoveHeadersOnCopy, ); }; };
		213C2BE71BF6902200F6BF50 /* SSKeychain.framework in Embed Frameworks */ = {isa = PBXBuildFile; fileRef = 2129D2EA1BF550350018F255 /* SSKeychain.framework */; settings = {ATTRIBUTES = (CodeSignOnCopy, RemoveHeadersOnCopy, ); }; };
		21450A201BF691B600345E4A /* AuthorizationClientTests.swift in Sources */ = {isa = PBXBuildFile; fileRef = 21450A1F1BF691B600345E4A /* AuthorizationClientTests.swift */; };
		21450A211BF691B600345E4A /* AuthorizationClientTests.swift in Sources */ = {isa = PBXBuildFile; fileRef = 21450A1F1BF691B600345E4A /* AuthorizationClientTests.swift */; };
		21450A231BF6934B00345E4A /* APIClient+Accounts.swift in Sources */ = {isa = PBXBuildFile; fileRef = 21450A221BF6934B00345E4A /* APIClient+Accounts.swift */; };
		21450A241BF6934B00345E4A /* APIClient+Accounts.swift in Sources */ = {isa = PBXBuildFile; fileRef = 21450A221BF6934B00345E4A /* APIClient+Accounts.swift */; };
		216C4BA11BF54AB100260B8E /* CanvasKit.framework in Frameworks */ = {isa = PBXBuildFile; fileRef = 216C4B971BF54AB100260B8E /* CanvasKit.framework */; };
		216C4BB41BF54AEB00260B8E /* Account.swift in Sources */ = {isa = PBXBuildFile; fileRef = 216C4BAE1BF54AEB00260B8E /* Account.swift */; };
		216C4BB51BF54AEB00260B8E /* APIClient.swift in Sources */ = {isa = PBXBuildFile; fileRef = 216C4BAF1BF54AEB00260B8E /* APIClient.swift */; };
		216C4BB61BF54AEB00260B8E /* Canvas.swift in Sources */ = {isa = PBXBuildFile; fileRef = 216C4BB01BF54AEB00260B8E /* Canvas.swift */; };
		216C4BB71BF54AEB00260B8E /* Collection.swift in Sources */ = {isa = PBXBuildFile; fileRef = 216C4BB11BF54AEB00260B8E /* Collection.swift */; };
		216C4BB81BF54AEB00260B8E /* JSONSerialization.swift in Sources */ = {isa = PBXBuildFile; fileRef = 216C4BB21BF54AEB00260B8E /* JSONSerialization.swift */; };
		216C4BB91BF54AEB00260B8E /* User.swift in Sources */ = {isa = PBXBuildFile; fileRef = 216C4BB31BF54AEB00260B8E /* User.swift */; };
		216C4BC41BF54AFE00260B8E /* APIClientCollectionTests.swift in Sources */ = {isa = PBXBuildFile; fileRef = 216C4BBB1BF54AF100260B8E /* APIClientCollectionTests.swift */; };
		216C4BC51BF54AFF00260B8E /* APIClientCollectionTests.swift in Sources */ = {isa = PBXBuildFile; fileRef = 216C4BBB1BF54AF100260B8E /* APIClientCollectionTests.swift */; };
		216C4BC61BF54B0700260B8E /* list-collections.json in Resources */ = {isa = PBXBuildFile; fileRef = 216C4BBE1BF54AF100260B8E /* list-collections.json */; };
		216C4BC81BF54B0800260B8E /* list-collections.json in Resources */ = {isa = PBXBuildFile; fileRef = 216C4BBE1BF54AF100260B8E /* list-collections.json */; };
		216C4BCA1BF54B0D00260B8E /* CanvasKit.h in Headers */ = {isa = PBXBuildFile; fileRef = 21FB6ABE1BF53C9D003C82BB /* CanvasKit.h */; settings = {ATTRIBUTES = (Public, ); }; };
		216C4BCB1BF54B0D00260B8E /* Account.swift in Sources */ = {isa = PBXBuildFile; fileRef = 216C4BAE1BF54AEB00260B8E /* Account.swift */; };
		216C4BCC1BF54B0D00260B8E /* APIClient.swift in Sources */ = {isa = PBXBuildFile; fileRef = 216C4BAF1BF54AEB00260B8E /* APIClient.swift */; };
		216C4BCD1BF54B0D00260B8E /* Canvas.swift in Sources */ = {isa = PBXBuildFile; fileRef = 216C4BB01BF54AEB00260B8E /* Canvas.swift */; };
		216C4BCE1BF54B0D00260B8E /* Collection.swift in Sources */ = {isa = PBXBuildFile; fileRef = 216C4BB11BF54AEB00260B8E /* Collection.swift */; };
		216C4BCF1BF54B0D00260B8E /* JSONSerialization.swift in Sources */ = {isa = PBXBuildFile; fileRef = 216C4BB21BF54AEB00260B8E /* JSONSerialization.swift */; };
		216C4BD01BF54B0D00260B8E /* User.swift in Sources */ = {isa = PBXBuildFile; fileRef = 216C4BB31BF54AEB00260B8E /* User.swift */; };
		216C4BD51BF54BB000260B8E /* DVR.framework in Frameworks */ = {isa = PBXBuildFile; fileRef = 216C4BD21BF54BB000260B8E /* DVR.framework */; };
		216C4BD91BF54BF400260B8E /* DVR.framework in Embed Frameworks */ = {isa = PBXBuildFile; fileRef = 216C4BD21BF54BB000260B8E /* DVR.framework */; settings = {ATTRIBUTES = (CodeSignOnCopy, RemoveHeadersOnCopy, ); }; };
		216C4BE11BF54C4100260B8E /* DVR.framework in Embed Frameworks */ = {isa = PBXBuildFile; fileRef = 216C4BDF1BF54C3B00260B8E /* DVR.framework */; settings = {ATTRIBUTES = (CodeSignOnCopy, RemoveHeadersOnCopy, ); }; };
		219DAC6F1C0E582500F39A6F /* archive-canvas.json in Resources */ = {isa = PBXBuildFile; fileRef = 219DAC6E1C0E582500F39A6F /* archive-canvas.json */; };
		219DAC701C0E582500F39A6F /* archive-canvas.json in Resources */ = {isa = PBXBuildFile; fileRef = 219DAC6E1C0E582500F39A6F /* archive-canvas.json */; };
		219DAC721C0E584E00F39A6F /* create-canvas.json in Resources */ = {isa = PBXBuildFile; fileRef = 219DAC711C0E584E00F39A6F /* create-canvas.json */; };
		219DAC731C0E584E00F39A6F /* create-canvas.json in Resources */ = {isa = PBXBuildFile; fileRef = 219DAC711C0E584E00F39A6F /* create-canvas.json */; };
		219DAC751C0E595000F39A6F /* destroy-canvas.json in Resources */ = {isa = PBXBuildFile; fileRef = 219DAC741C0E595000F39A6F /* destroy-canvas.json */; };
		219DAC761C0E595000F39A6F /* destroy-canvas.json in Resources */ = {isa = PBXBuildFile; fileRef = 219DAC741C0E595000F39A6F /* destroy-canvas.json */; };
		219DAC781C0E59FD00F39A6F /* list-canvases.json in Resources */ = {isa = PBXBuildFile; fileRef = 219DAC771C0E59FD00F39A6F /* list-canvases.json */; };
		219DAC791C0E59FD00F39A6F /* list-canvases.json in Resources */ = {isa = PBXBuildFile; fileRef = 219DAC771C0E59FD00F39A6F /* list-canvases.json */; };
		21D2B1811C0D00DE003652B7 /* ISO8601.framework in Frameworks */ = {isa = PBXBuildFile; fileRef = 21D2B1801C0D00DE003652B7 /* ISO8601.framework */; };
		21D2B1851C0D00EB003652B7 /* ISO8601.framework in Frameworks */ = {isa = PBXBuildFile; fileRef = 21D2B1831C0D00EB003652B7 /* ISO8601.framework */; };
		21D2B1861C0D010F003652B7 /* ISO8601.framework in Frameworks */ = {isa = PBXBuildFile; fileRef = 21D2B1831C0D00EB003652B7 /* ISO8601.framework */; };
		21D2B1871C0D0114003652B7 /* ISO8601.framework in Embed Frameworks */ = {isa = PBXBuildFile; fileRef = 21D2B1831C0D00EB003652B7 /* ISO8601.framework */; settings = {ATTRIBUTES = (CodeSignOnCopy, RemoveHeadersOnCopy, ); }; };
		21D2B1891C0D0127003652B7 /* ISO8601.framework in Frameworks */ = {isa = PBXBuildFile; fileRef = 21D2B1801C0D00DE003652B7 /* ISO8601.framework */; };
		21D2B18A1C0D0127003652B7 /* DVR.framework in Frameworks */ = {isa = PBXBuildFile; fileRef = 216C4BDF1BF54C3B00260B8E /* DVR.framework */; };
		21D2B18B1C0D012D003652B7 /* ISO8601.framework in Embed Frameworks */ = {isa = PBXBuildFile; fileRef = 21D2B1801C0D00DE003652B7 /* ISO8601.framework */; settings = {ATTRIBUTES = (CodeSignOnCopy, RemoveHeadersOnCopy, ); }; };
		21FB6ABF1BF53C9D003C82BB /* CanvasKit.h in Headers */ = {isa = PBXBuildFile; fileRef = 21FB6ABE1BF53C9D003C82BB /* CanvasKit.h */; settings = {ATTRIBUTES = (Public, ); }; };
		21FB6AC61BF53C9D003C82BB /* CanvasKit.framework in Frameworks */ = {isa = PBXBuildFile; fileRef = 21FB6ABB1BF53C9D003C82BB /* CanvasKit.framework */; };
/* End PBXBuildFile section */

/* Begin PBXContainerItemProxy section */
		216C4BA21BF54AB100260B8E /* PBXContainerItemProxy */ = {
			isa = PBXContainerItemProxy;
			containerPortal = 21FB6AB21BF53C9D003C82BB /* Project object */;
			proxyType = 1;
			remoteGlobalIDString = 216C4B961BF54AB100260B8E;
			remoteInfo = CanvasKit;
		};
		21FB6AC71BF53C9D003C82BB /* PBXContainerItemProxy */ = {
			isa = PBXContainerItemProxy;
			containerPortal = 21FB6AB21BF53C9D003C82BB /* Project object */;
			proxyType = 1;
			remoteGlobalIDString = 21FB6ABA1BF53C9D003C82BB;
			remoteInfo = CanvasKit;
		};
/* End PBXContainerItemProxy section */

/* Begin PBXCopyFilesBuildPhase section */
		216C4BD81BF54BE700260B8E /* Embed Frameworks */ = {
			isa = PBXCopyFilesBuildPhase;
			buildActionMask = 2147483647;
			dstPath = "";
			dstSubfolderSpec = 10;
			files = (
				216C4BD91BF54BF400260B8E /* DVR.framework in Embed Frameworks */,
				213C2BE71BF6902200F6BF50 /* SSKeychain.framework in Embed Frameworks */,
				21D2B1871C0D0114003652B7 /* ISO8601.framework in Embed Frameworks */,
			);
			name = "Embed Frameworks";
			runOnlyForDeploymentPostprocessing = 0;
		};
		216C4BDB1BF54C0300260B8E /* Embed Frameworks */ = {
			isa = PBXCopyFilesBuildPhase;
			buildActionMask = 2147483647;
			dstPath = "";
			dstSubfolderSpec = 10;
			files = (
				216C4BE11BF54C4100260B8E /* DVR.framework in Embed Frameworks */,
				213C2BE61BF6901D00F6BF50 /* SSKeychain.framework in Embed Frameworks */,
				21D2B18B1C0D012D003652B7 /* ISO8601.framework in Embed Frameworks */,
			);
			name = "Embed Frameworks";
			runOnlyForDeploymentPostprocessing = 0;
		};
/* End PBXCopyFilesBuildPhase section */

/* Begin PBXFileReference section */
		2118DB961BFCE902004054FA /* APIClientCanvasTests.swift */ = {isa = PBXFileReference; fileEncoding = 4; lastKnownFileType = sourcecode.swift; path = APIClientCanvasTests.swift; sourceTree = "<group>"; };
		2119D3821BF6BBAF00E91D6F /* sign-in.json */ = {isa = PBXFileReference; fileEncoding = 4; lastKnownFileType = text.json; path = "sign-in.json"; sourceTree = "<group>"; };
		2129D2E31BF54FF90018F255 /* AccountController.swift */ = {isa = PBXFileReference; fileEncoding = 4; lastKnownFileType = sourcecode.swift; path = AccountController.swift; sourceTree = "<group>"; };
		2129D2E61BF550290018F255 /* SSKeychain.framework */ = {isa = PBXFileReference; lastKnownFileType = wrapper.framework; name = SSKeychain.framework; path = Carthage/Build/iOS/SSKeychain.framework; sourceTree = "<group>"; };
		2129D2EA1BF550350018F255 /* SSKeychain.framework */ = {isa = PBXFileReference; lastKnownFileType = wrapper.framework; name = SSKeychain.framework; path = Carthage/Build/Mac/SSKeychain.framework; sourceTree = "<group>"; };
		213C2BD71BF688C900F6BF50 /* APIClient+Canvases.swift */ = {isa = PBXFileReference; fileEncoding = 4; lastKnownFileType = sourcecode.swift; path = "APIClient+Canvases.swift"; sourceTree = "<group>"; };
		213C2BDA1BF688F000F6BF50 /* APIClient+Collections.swift */ = {isa = PBXFileReference; fileEncoding = 4; lastKnownFileType = sourcecode.swift; path = "APIClient+Collections.swift"; sourceTree = "<group>"; };
		213C2BDD1BF68B2D00F6BF50 /* AuthorizationClient.swift */ = {isa = PBXFileReference; fileEncoding = 4; lastKnownFileType = sourcecode.swift; path = AuthorizationClient.swift; sourceTree = "<group>"; };
		213C2BE31BF68C2800F6BF50 /* NetworkClient.swift */ = {isa = PBXFileReference; fileEncoding = 4; lastKnownFileType = sourcecode.swift; path = NetworkClient.swift; sourceTree = "<group>"; };
		21450A1F1BF691B600345E4A /* AuthorizationClientTests.swift */ = {isa = PBXFileReference; fileEncoding = 4; lastKnownFileType = sourcecode.swift; path = AuthorizationClientTests.swift; sourceTree = "<group>"; };
		21450A221BF6934B00345E4A /* APIClient+Accounts.swift */ = {isa = PBXFileReference; fileEncoding = 4; lastKnownFileType = sourcecode.swift; path = "APIClient+Accounts.swift"; sourceTree = "<group>"; };
		216C4B971BF54AB100260B8E /* CanvasKit.framework */ = {isa = PBXFileReference; explicitFileType = wrapper.framework; includeInIndex = 0; path = CanvasKit.framework; sourceTree = BUILT_PRODUCTS_DIR; };
		216C4BA01BF54AB100260B8E /* CanvasKit-OSXTests.xctest */ = {isa = PBXFileReference; explicitFileType = wrapper.cfbundle; includeInIndex = 0; path = "CanvasKit-OSXTests.xctest"; sourceTree = BUILT_PRODUCTS_DIR; };
		216C4BAE1BF54AEB00260B8E /* Account.swift */ = {isa = PBXFileReference; fileEncoding = 4; lastKnownFileType = sourcecode.swift; path = Account.swift; sourceTree = "<group>"; };
		216C4BAF1BF54AEB00260B8E /* APIClient.swift */ = {isa = PBXFileReference; fileEncoding = 4; lastKnownFileType = sourcecode.swift; path = APIClient.swift; sourceTree = "<group>"; };
		216C4BB01BF54AEB00260B8E /* Canvas.swift */ = {isa = PBXFileReference; fileEncoding = 4; lastKnownFileType = sourcecode.swift; path = Canvas.swift; sourceTree = "<group>"; };
		216C4BB11BF54AEB00260B8E /* Collection.swift */ = {isa = PBXFileReference; fileEncoding = 4; lastKnownFileType = sourcecode.swift; path = Collection.swift; sourceTree = "<group>"; };
		216C4BB21BF54AEB00260B8E /* JSONSerialization.swift */ = {isa = PBXFileReference; fileEncoding = 4; lastKnownFileType = sourcecode.swift; path = JSONSerialization.swift; sourceTree = "<group>"; };
		216C4BB31BF54AEB00260B8E /* User.swift */ = {isa = PBXFileReference; fileEncoding = 4; lastKnownFileType = sourcecode.swift; path = User.swift; sourceTree = "<group>"; };
		216C4BBB1BF54AF100260B8E /* APIClientCollectionTests.swift */ = {isa = PBXFileReference; fileEncoding = 4; lastKnownFileType = sourcecode.swift; path = APIClientCollectionTests.swift; sourceTree = "<group>"; };
		216C4BBD1BF54AF100260B8E /* Info.plist */ = {isa = PBXFileReference; fileEncoding = 4; lastKnownFileType = text.plist.xml; path = Info.plist; sourceTree = "<group>"; };
		216C4BBE1BF54AF100260B8E /* list-collections.json */ = {isa = PBXFileReference; fileEncoding = 4; lastKnownFileType = text.json; path = "list-collections.json"; sourceTree = "<group>"; };
		216C4BD21BF54BB000260B8E /* DVR.framework */ = {isa = PBXFileReference; lastKnownFileType = wrapper.framework; name = DVR.framework; path = Carthage/Build/Mac/DVR.framework; sourceTree = "<group>"; };
		216C4BDF1BF54C3B00260B8E /* DVR.framework */ = {isa = PBXFileReference; lastKnownFileType = wrapper.framework; name = DVR.framework; path = Carthage/Build/iOS/DVR.framework; sourceTree = "<group>"; };
		219DAC6E1C0E582500F39A6F /* archive-canvas.json */ = {isa = PBXFileReference; fileEncoding = 4; lastKnownFileType = text.json; path = "archive-canvas.json"; sourceTree = "<group>"; };
		219DAC711C0E584E00F39A6F /* create-canvas.json */ = {isa = PBXFileReference; fileEncoding = 4; lastKnownFileType = text.json; path = "create-canvas.json"; sourceTree = "<group>"; };
		219DAC741C0E595000F39A6F /* destroy-canvas.json */ = {isa = PBXFileReference; fileEncoding = 4; lastKnownFileType = text.json; path = "destroy-canvas.json"; sourceTree = "<group>"; };
		219DAC771C0E59FD00F39A6F /* list-canvases.json */ = {isa = PBXFileReference; fileEncoding = 4; lastKnownFileType = text.json; path = "list-canvases.json"; sourceTree = "<group>"; };
		21D2B1801C0D00DE003652B7 /* ISO8601.framework */ = {isa = PBXFileReference; lastKnownFileType = wrapper.framework; name = ISO8601.framework; path = Carthage/Build/iOS/ISO8601.framework; sourceTree = "<group>"; };
		21D2B1831C0D00EB003652B7 /* ISO8601.framework */ = {isa = PBXFileReference; lastKnownFileType = wrapper.framework; name = ISO8601.framework; path = Carthage/Build/Mac/ISO8601.framework; sourceTree = "<group>"; };
		21FB6ABB1BF53C9D003C82BB /* CanvasKit.framework */ = {isa = PBXFileReference; explicitFileType = wrapper.framework; includeInIndex = 0; path = CanvasKit.framework; sourceTree = BUILT_PRODUCTS_DIR; };
		21FB6ABE1BF53C9D003C82BB /* CanvasKit.h */ = {isa = PBXFileReference; lastKnownFileType = sourcecode.c.h; path = CanvasKit.h; sourceTree = "<group>"; };
		21FB6AC01BF53C9D003C82BB /* Info.plist */ = {isa = PBXFileReference; lastKnownFileType = text.plist.xml; path = Info.plist; sourceTree = "<group>"; };
		21FB6AC51BF53C9D003C82BB /* CanvasKit-iOSTests.xctest */ = {isa = PBXFileReference; explicitFileType = wrapper.cfbundle; includeInIndex = 0; path = "CanvasKit-iOSTests.xctest"; sourceTree = BUILT_PRODUCTS_DIR; };
/* End PBXFileReference section */

/* Begin PBXFrameworksBuildPhase section */
		216C4B931BF54AB100260B8E /* Frameworks */ = {
			isa = PBXFrameworksBuildPhase;
			buildActionMask = 2147483647;
			files = (
				2129D2EC1BF550350018F255 /* SSKeychain.framework in Frameworks */,
				21D2B1851C0D00EB003652B7 /* ISO8601.framework in Frameworks */,
			);
			runOnlyForDeploymentPostprocessing = 0;
		};
		216C4B9D1BF54AB100260B8E /* Frameworks */ = {
			isa = PBXFrameworksBuildPhase;
			buildActionMask = 2147483647;
			files = (
				216C4BA11BF54AB100260B8E /* CanvasKit.framework in Frameworks */,
				216C4BD51BF54BB000260B8E /* DVR.framework in Frameworks */,
				21D2B1861C0D010F003652B7 /* ISO8601.framework in Frameworks */,
			);
			runOnlyForDeploymentPostprocessing = 0;
		};
		21FB6AB71BF53C9D003C82BB /* Frameworks */ = {
			isa = PBXFrameworksBuildPhase;
			buildActionMask = 2147483647;
			files = (
				2129D2E81BF550290018F255 /* SSKeychain.framework in Frameworks */,
				21D2B1811C0D00DE003652B7 /* ISO8601.framework in Frameworks */,
			);
			runOnlyForDeploymentPostprocessing = 0;
		};
		21FB6AC21BF53C9D003C82BB /* Frameworks */ = {
			isa = PBXFrameworksBuildPhase;
			buildActionMask = 2147483647;
			files = (
				21FB6AC61BF53C9D003C82BB /* CanvasKit.framework in Frameworks */,
				21D2B1891C0D0127003652B7 /* ISO8601.framework in Frameworks */,
				21D2B18A1C0D0127003652B7 /* DVR.framework in Frameworks */,
			);
			runOnlyForDeploymentPostprocessing = 0;
		};
/* End PBXFrameworksBuildPhase section */

/* Begin PBXGroup section */
		213C2BD61BF688B600F6BF50 /* Networking */ = {
			isa = PBXGroup;
			children = (
				213C2BE31BF68C2800F6BF50 /* NetworkClient.swift */,
				213C2BDD1BF68B2D00F6BF50 /* AuthorizationClient.swift */,
				216C4BAF1BF54AEB00260B8E /* APIClient.swift */,
				21450A221BF6934B00345E4A /* APIClient+Accounts.swift */,
				213C2BDA1BF688F000F6BF50 /* APIClient+Collections.swift */,
				213C2BD71BF688C900F6BF50 /* APIClient+Canvases.swift */,
			);
			name = Networking;
			sourceTree = "<group>";
		};
		216C4BBA1BF54AF100260B8E /* Tests */ = {
			isa = PBXGroup;
			children = (
				21450A1F1BF691B600345E4A /* AuthorizationClientTests.swift */,
				216C4BBB1BF54AF100260B8E /* APIClientCollectionTests.swift */,
				2118DB961BFCE902004054FA /* APIClientCanvasTests.swift */,
				216C4BBC1BF54AF100260B8E /* Resources */,
			);
			name = Tests;
			path = CanvasKit/Tests;
			sourceTree = "<group>";
		};
		216C4BBC1BF54AF100260B8E /* Resources */ = {
			isa = PBXGroup;
			children = (
				216C4BBD1BF54AF100260B8E /* Info.plist */,
				216C4BBE1BF54AF100260B8E /* list-collections.json */,
				2119D3821BF6BBAF00E91D6F /* sign-in.json */,
				219DAC6E1C0E582500F39A6F /* archive-canvas.json */,
				219DAC711C0E584E00F39A6F /* create-canvas.json */,
				219DAC741C0E595000F39A6F /* destroy-canvas.json */,
				219DAC771C0E59FD00F39A6F /* list-canvases.json */,
			);
			path = Resources;
			sourceTree = "<group>";
		};
		216C4BD11BF54B9A00260B8E /* Frameworks */ = {
			isa = PBXGroup;
			children = (
				216C4BDE1BF54C2E00260B8E /* iOS */,
				216C4BDD1BF54C2600260B8E /* OS X */,
			);
			name = Frameworks;
			sourceTree = "<group>";
		};
		216C4BDD1BF54C2600260B8E /* OS X */ = {
			isa = PBXGroup;
			children = (
				2129D2EA1BF550350018F255 /* SSKeychain.framework */,
				21D2B1831C0D00EB003652B7 /* ISO8601.framework */,
				216C4BD21BF54BB000260B8E /* DVR.framework */,
			);
			name = "OS X";
			sourceTree = "<group>";
		};
		216C4BDE1BF54C2E00260B8E /* iOS */ = {
			isa = PBXGroup;
			children = (
				2129D2E61BF550290018F255 /* SSKeychain.framework */,
				21D2B1801C0D00DE003652B7 /* ISO8601.framework */,
				216C4BDF1BF54C3B00260B8E /* DVR.framework */,
			);
			name = iOS;
			sourceTree = "<group>";
		};
		21FB6AB11BF53C9D003C82BB = {
			isa = PBXGroup;
			children = (
				21FB6ABD1BF53C9D003C82BB /* CanvasKit */,
				216C4BBA1BF54AF100260B8E /* Tests */,
				216C4BD11BF54B9A00260B8E /* Frameworks */,
				21FB6ABC1BF53C9D003C82BB /* Products */,
			);
			sourceTree = "<group>";
		};
		21FB6ABC1BF53C9D003C82BB /* Products */ = {
			isa = PBXGroup;
			children = (
				21FB6ABB1BF53C9D003C82BB /* CanvasKit.framework */,
				21FB6AC51BF53C9D003C82BB /* CanvasKit-iOSTests.xctest */,
				216C4B971BF54AB100260B8E /* CanvasKit.framework */,
				216C4BA01BF54AB100260B8E /* CanvasKit-OSXTests.xctest */,
			);
			name = Products;
			sourceTree = "<group>";
		};
		21FB6ABD1BF53C9D003C82BB /* CanvasKit */ = {
			isa = PBXGroup;
			children = (
				21FB6ABE1BF53C9D003C82BB /* CanvasKit.h */,
				216C4BAE1BF54AEB00260B8E /* Account.swift */,
				2129D2E31BF54FF90018F255 /* AccountController.swift */,
				213C2BD61BF688B600F6BF50 /* Networking */,
				216C4BB01BF54AEB00260B8E /* Canvas.swift */,
				216C4BB11BF54AEB00260B8E /* Collection.swift */,
				216C4BB21BF54AEB00260B8E /* JSONSerialization.swift */,
				216C4BB31BF54AEB00260B8E /* User.swift */,
				21FB6AC01BF53C9D003C82BB /* Info.plist */,
			);
			path = CanvasKit;
			sourceTree = "<group>";
		};
/* End PBXGroup section */

/* Begin PBXHeadersBuildPhase section */
		216C4B941BF54AB100260B8E /* Headers */ = {
			isa = PBXHeadersBuildPhase;
			buildActionMask = 2147483647;
			files = (
				216C4BCA1BF54B0D00260B8E /* CanvasKit.h in Headers */,
			);
			runOnlyForDeploymentPostprocessing = 0;
		};
		21FB6AB81BF53C9D003C82BB /* Headers */ = {
			isa = PBXHeadersBuildPhase;
			buildActionMask = 2147483647;
			files = (
				21FB6ABF1BF53C9D003C82BB /* CanvasKit.h in Headers */,
			);
			runOnlyForDeploymentPostprocessing = 0;
		};
/* End PBXHeadersBuildPhase section */

/* Begin PBXNativeTarget section */
		216C4B961BF54AB100260B8E /* CanvasKit-OSX */ = {
			isa = PBXNativeTarget;
			buildConfigurationList = 216C4BA81BF54AB100260B8E /* Build configuration list for PBXNativeTarget "CanvasKit-OSX" */;
			buildPhases = (
				216C4B921BF54AB100260B8E /* Sources */,
				216C4B931BF54AB100260B8E /* Frameworks */,
				216C4B941BF54AB100260B8E /* Headers */,
				216C4B951BF54AB100260B8E /* Resources */,
			);
			buildRules = (
			);
			dependencies = (
			);
			name = "CanvasKit-OSX";
			productName = CanvasKit;
			productReference = 216C4B971BF54AB100260B8E /* CanvasKit.framework */;
			productType = "com.apple.product-type.framework";
		};
		216C4B9F1BF54AB100260B8E /* CanvasKit-OSXTests */ = {
			isa = PBXNativeTarget;
			buildConfigurationList = 216C4BAB1BF54AB100260B8E /* Build configuration list for PBXNativeTarget "CanvasKit-OSXTests" */;
			buildPhases = (
				216C4B9C1BF54AB100260B8E /* Sources */,
				216C4B9D1BF54AB100260B8E /* Frameworks */,
				216C4B9E1BF54AB100260B8E /* Resources */,
				216C4BD81BF54BE700260B8E /* Embed Frameworks */,
			);
			buildRules = (
			);
			dependencies = (
				216C4BA31BF54AB100260B8E /* PBXTargetDependency */,
			);
			name = "CanvasKit-OSXTests";
			productName = CanvasKitTests;
			productReference = 216C4BA01BF54AB100260B8E /* CanvasKit-OSXTests.xctest */;
			productType = "com.apple.product-type.bundle.unit-test";
		};
		21FB6ABA1BF53C9D003C82BB /* CanvasKit-iOS */ = {
			isa = PBXNativeTarget;
			buildConfigurationList = 21FB6ACF1BF53C9D003C82BB /* Build configuration list for PBXNativeTarget "CanvasKit-iOS" */;
			buildPhases = (
				21FB6AB61BF53C9D003C82BB /* Sources */,
				21FB6AB71BF53C9D003C82BB /* Frameworks */,
				21FB6AB81BF53C9D003C82BB /* Headers */,
				21FB6AB91BF53C9D003C82BB /* Resources */,
			);
			buildRules = (
			);
			dependencies = (
			);
			name = "CanvasKit-iOS";
			productName = CanvasKit;
			productReference = 21FB6ABB1BF53C9D003C82BB /* CanvasKit.framework */;
			productType = "com.apple.product-type.framework";
		};
		21FB6AC41BF53C9D003C82BB /* CanvasKit-iOSTests */ = {
			isa = PBXNativeTarget;
			buildConfigurationList = 21FB6AD21BF53C9D003C82BB /* Build configuration list for PBXNativeTarget "CanvasKit-iOSTests" */;
			buildPhases = (
				21FB6AC11BF53C9D003C82BB /* Sources */,
				21FB6AC21BF53C9D003C82BB /* Frameworks */,
				21FB6AC31BF53C9D003C82BB /* Resources */,
				216C4BDB1BF54C0300260B8E /* Embed Frameworks */,
			);
			buildRules = (
			);
			dependencies = (
				21FB6AC81BF53C9D003C82BB /* PBXTargetDependency */,
			);
			name = "CanvasKit-iOSTests";
			productName = CanvasKitTests;
			productReference = 21FB6AC51BF53C9D003C82BB /* CanvasKit-iOSTests.xctest */;
			productType = "com.apple.product-type.bundle.unit-test";
		};
/* End PBXNativeTarget section */

/* Begin PBXProject section */
		21FB6AB21BF53C9D003C82BB /* Project object */ = {
			isa = PBXProject;
			attributes = {
				LastSwiftUpdateCheck = 0720;
				LastUpgradeCheck = 0710;
				ORGANIZATIONNAME = "Canvas Labs, Inc.";
				TargetAttributes = {
					216C4B961BF54AB100260B8E = {
						CreatedOnToolsVersion = 7.2;
					};
					216C4B9F1BF54AB100260B8E = {
						CreatedOnToolsVersion = 7.2;
					};
					21FB6ABA1BF53C9D003C82BB = {
						CreatedOnToolsVersion = 7.1.1;
					};
					21FB6AC41BF53C9D003C82BB = {
						CreatedOnToolsVersion = 7.1.1;
					};
				};
			};
			buildConfigurationList = 21FB6AB51BF53C9D003C82BB /* Build configuration list for PBXProject "CanvasKit" */;
			compatibilityVersion = "Xcode 3.2";
			developmentRegion = English;
			hasScannedForEncodings = 0;
			knownRegions = (
				en,
			);
			mainGroup = 21FB6AB11BF53C9D003C82BB;
			productRefGroup = 21FB6ABC1BF53C9D003C82BB /* Products */;
			projectDirPath = "";
			projectRoot = "";
			targets = (
				21FB6ABA1BF53C9D003C82BB /* CanvasKit-iOS */,
				21FB6AC41BF53C9D003C82BB /* CanvasKit-iOSTests */,
				216C4B961BF54AB100260B8E /* CanvasKit-OSX */,
				216C4B9F1BF54AB100260B8E /* CanvasKit-OSXTests */,
			);
		};
/* End PBXProject section */

/* Begin PBXResourcesBuildPhase section */
		216C4B951BF54AB100260B8E /* Resources */ = {
			isa = PBXResourcesBuildPhase;
			buildActionMask = 2147483647;
			files = (
			);
			runOnlyForDeploymentPostprocessing = 0;
		};
		216C4B9E1BF54AB100260B8E /* Resources */ = {
			isa = PBXResourcesBuildPhase;
			buildActionMask = 2147483647;
			files = (
				216C4BC61BF54B0700260B8E /* list-collections.json in Resources */,
				219DAC761C0E595000F39A6F /* destroy-canvas.json in Resources */,
				219DAC731C0E584E00F39A6F /* create-canvas.json in Resources */,
				219DAC791C0E59FD00F39A6F /* list-canvases.json in Resources */,
				2119D3841BF6BBAF00E91D6F /* sign-in.json in Resources */,
				219DAC701C0E582500F39A6F /* archive-canvas.json in Resources */,
			);
			runOnlyForDeploymentPostprocessing = 0;
		};
		21FB6AB91BF53C9D003C82BB /* Resources */ = {
			isa = PBXResourcesBuildPhase;
			buildActionMask = 2147483647;
			files = (
			);
			runOnlyForDeploymentPostprocessing = 0;
		};
		21FB6AC31BF53C9D003C82BB /* Resources */ = {
			isa = PBXResourcesBuildPhase;
			buildActionMask = 2147483647;
			files = (
				216C4BC81BF54B0800260B8E /* list-collections.json in Resources */,
				219DAC751C0E595000F39A6F /* destroy-canvas.json in Resources */,
				219DAC721C0E584E00F39A6F /* create-canvas.json in Resources */,
				219DAC781C0E59FD00F39A6F /* list-canvases.json in Resources */,
				2119D3831BF6BBAF00E91D6F /* sign-in.json in Resources */,
				219DAC6F1C0E582500F39A6F /* archive-canvas.json in Resources */,
			);
			runOnlyForDeploymentPostprocessing = 0;
		};
/* End PBXResourcesBuildPhase section */

/* Begin PBXSourcesBuildPhase section */
		216C4B921BF54AB100260B8E /* Sources */ = {
			isa = PBXSourcesBuildPhase;
			buildActionMask = 2147483647;
			files = (
				2129D2E51BF54FF90018F255 /* AccountController.swift in Sources */,
				216C4BCB1BF54B0D00260B8E /* Account.swift in Sources */,
				213C2BDF1BF68B2D00F6BF50 /* AuthorizationClient.swift in Sources */,
				216C4BCC1BF54B0D00260B8E /* APIClient.swift in Sources */,
				213C2BD91BF688C900F6BF50 /* APIClient+Canvases.swift in Sources */,
				216C4BD01BF54B0D00260B8E /* User.swift in Sources */,
				216C4BCD1BF54B0D00260B8E /* Canvas.swift in Sources */,
				21450A241BF6934B00345E4A /* APIClient+Accounts.swift in Sources */,
				216C4BCF1BF54B0D00260B8E /* JSONSerialization.swift in Sources */,
				213C2BDC1BF688F000F6BF50 /* APIClient+Collections.swift in Sources */,
				216C4BCE1BF54B0D00260B8E /* Collection.swift in Sources */,
				213C2BE51BF68C2800F6BF50 /* NetworkClient.swift in Sources */,
			);
			runOnlyForDeploymentPostprocessing = 0;
		};
		216C4B9C1BF54AB100260B8E /* Sources */ = {
			isa = PBXSourcesBuildPhase;
			buildActionMask = 2147483647;
			files = (
				2118DB981BFCE902004054FA /* APIClientCanvasTests.swift in Sources */,
				21450A211BF691B600345E4A /* AuthorizationClientTests.swift in Sources */,
				216C4BC51BF54AFF00260B8E /* APIClientCollectionTests.swift in Sources */,
			);
			runOnlyForDeploymentPostprocessing = 0;
		};
		21FB6AB61BF53C9D003C82BB /* Sources */ = {
			isa = PBXSourcesBuildPhase;
			buildActionMask = 2147483647;
			files = (
				2129D2E41BF54FF90018F255 /* AccountController.swift in Sources */,
				216C4BB41BF54AEB00260B8E /* Account.swift in Sources */,
				213C2BDE1BF68B2D00F6BF50 /* AuthorizationClient.swift in Sources */,
				216C4BB51BF54AEB00260B8E /* APIClient.swift in Sources */,
				213C2BD81BF688C900F6BF50 /* APIClient+Canvases.swift in Sources */,
				216C4BB91BF54AEB00260B8E /* User.swift in Sources */,
				216C4BB61BF54AEB00260B8E /* Canvas.swift in Sources */,
				21450A231BF6934B00345E4A /* APIClient+Accounts.swift in Sources */,
				216C4BB81BF54AEB00260B8E /* JSONSerialization.swift in Sources */,
				213C2BDB1BF688F000F6BF50 /* APIClient+Collections.swift in Sources */,
				216C4BB71BF54AEB00260B8E /* Collection.swift in Sources */,
				213C2BE41BF68C2800F6BF50 /* NetworkClient.swift in Sources */,
			);
			runOnlyForDeploymentPostprocessing = 0;
		};
		21FB6AC11BF53C9D003C82BB /* Sources */ = {
			isa = PBXSourcesBuildPhase;
			buildActionMask = 2147483647;
			files = (
				2118DB971BFCE902004054FA /* APIClientCanvasTests.swift in Sources */,
				21450A201BF691B600345E4A /* AuthorizationClientTests.swift in Sources */,
				216C4BC41BF54AFE00260B8E /* APIClientCollectionTests.swift in Sources */,
			);
			runOnlyForDeploymentPostprocessing = 0;
		};
/* End PBXSourcesBuildPhase section */

/* Begin PBXTargetDependency section */
		216C4BA31BF54AB100260B8E /* PBXTargetDependency */ = {
			isa = PBXTargetDependency;
			target = 216C4B961BF54AB100260B8E /* CanvasKit-OSX */;
			targetProxy = 216C4BA21BF54AB100260B8E /* PBXContainerItemProxy */;
		};
		21FB6AC81BF53C9D003C82BB /* PBXTargetDependency */ = {
			isa = PBXTargetDependency;
			target = 21FB6ABA1BF53C9D003C82BB /* CanvasKit-iOS */;
			targetProxy = 21FB6AC71BF53C9D003C82BB /* PBXContainerItemProxy */;
		};
/* End PBXTargetDependency section */

/* Begin XCBuildConfiguration section */
		216C4BA91BF54AB100260B8E /* Debug */ = {
			isa = XCBuildConfiguration;
			buildSettings = {
				APPLICATION_EXTENSION_API_ONLY = YES;
				COMBINE_HIDPI_IMAGES = YES;
				DEFINES_MODULE = YES;
				DYLIB_COMPATIBILITY_VERSION = 1;
				DYLIB_CURRENT_VERSION = 1;
				DYLIB_INSTALL_NAME_BASE = "@rpath";
				FRAMEWORK_SEARCH_PATHS = (
					"$(inherited)",
					"$(PROJECT_DIR)/Carthage/Build/Mac",
					"$(PROJECT_DIR)/Carthage/Build/iOS",
				);
				FRAMEWORK_VERSION = A;
				INFOPLIST_FILE = CanvasKit/Info.plist;
				INSTALL_PATH = "$(LOCAL_LIBRARY_DIR)/Frameworks";
				LD_RUNPATH_SEARCH_PATHS = "$(inherited) @executable_path/../Frameworks @loader_path/Frameworks";
				PRODUCT_BUNDLE_IDENTIFIER = com.usecanvas.canvaskit;
				PRODUCT_NAME = CanvasKit;
				SDKROOT = macosx;
				SKIP_INSTALL = YES;
			};
			name = Debug;
		};
		216C4BAA1BF54AB100260B8E /* Release */ = {
			isa = XCBuildConfiguration;
			buildSettings = {
				APPLICATION_EXTENSION_API_ONLY = YES;
				COMBINE_HIDPI_IMAGES = YES;
				DEFINES_MODULE = YES;
				DYLIB_COMPATIBILITY_VERSION = 1;
				DYLIB_CURRENT_VERSION = 1;
				DYLIB_INSTALL_NAME_BASE = "@rpath";
				FRAMEWORK_SEARCH_PATHS = (
					"$(inherited)",
					"$(PROJECT_DIR)/Carthage/Build/Mac",
					"$(PROJECT_DIR)/Carthage/Build/iOS",
				);
				FRAMEWORK_VERSION = A;
				INFOPLIST_FILE = CanvasKit/Info.plist;
				INSTALL_PATH = "$(LOCAL_LIBRARY_DIR)/Frameworks";
				LD_RUNPATH_SEARCH_PATHS = "$(inherited) @executable_path/../Frameworks @loader_path/Frameworks";
				PRODUCT_BUNDLE_IDENTIFIER = com.usecanvas.canvaskit;
				PRODUCT_NAME = CanvasKit;
				SDKROOT = macosx;
				SKIP_INSTALL = YES;
			};
			name = Release;
		};
		216C4BAC1BF54AB100260B8E /* Debug */ = {
			isa = XCBuildConfiguration;
			buildSettings = {
				CODE_SIGN_IDENTITY = "-";
				COMBINE_HIDPI_IMAGES = YES;
				FRAMEWORK_SEARCH_PATHS = (
					"$(inherited)",
					"$(PROJECT_DIR)/Carthage/Build/Mac",
				);
				INFOPLIST_FILE = CanvasKit/Tests/Resources/Info.plist;
				LD_RUNPATH_SEARCH_PATHS = "$(inherited) @executable_path/../Frameworks @loader_path/../Frameworks";
				MACOSX_DEPLOYMENT_TARGET = 10.11;
				PRODUCT_BUNDLE_IDENTIFIER = com.usecanvas.CanvasKitTests;
				PRODUCT_NAME = "$(TARGET_NAME)";
				SDKROOT = macosx;
			};
			name = Debug;
		};
		216C4BAD1BF54AB100260B8E /* Release */ = {
			isa = XCBuildConfiguration;
			buildSettings = {
				CODE_SIGN_IDENTITY = "-";
				COMBINE_HIDPI_IMAGES = YES;
				FRAMEWORK_SEARCH_PATHS = (
					"$(inherited)",
					"$(PROJECT_DIR)/Carthage/Build/Mac",
				);
				INFOPLIST_FILE = CanvasKit/Tests/Resources/Info.plist;
				LD_RUNPATH_SEARCH_PATHS = "$(inherited) @executable_path/../Frameworks @loader_path/../Frameworks";
				MACOSX_DEPLOYMENT_TARGET = 10.11;
				PRODUCT_BUNDLE_IDENTIFIER = com.usecanvas.CanvasKitTests;
				PRODUCT_NAME = "$(TARGET_NAME)";
				SDKROOT = macosx;
			};
			name = Release;
		};
		21FB6ACD1BF53C9D003C82BB /* Debug */ = {
			isa = XCBuildConfiguration;
			buildSettings = {
				ALWAYS_SEARCH_USER_PATHS = NO;
				CLANG_CXX_LANGUAGE_STANDARD = "gnu++0x";
				CLANG_CXX_LIBRARY = "libc++";
				CLANG_ENABLE_MODULES = YES;
				CLANG_ENABLE_OBJC_ARC = YES;
				CLANG_WARN_BOOL_CONVERSION = YES;
				CLANG_WARN_CONSTANT_CONVERSION = YES;
				CLANG_WARN_DIRECT_OBJC_ISA_USAGE = YES_ERROR;
				CLANG_WARN_EMPTY_BODY = YES;
				CLANG_WARN_ENUM_CONVERSION = YES;
				CLANG_WARN_INT_CONVERSION = YES;
				CLANG_WARN_OBJC_ROOT_CLASS = YES_ERROR;
				CLANG_WARN_UNREACHABLE_CODE = YES;
				CLANG_WARN__DUPLICATE_METHOD_MATCH = YES;
				COPY_PHASE_STRIP = NO;
				CURRENT_PROJECT_VERSION = 1;
				DEBUG_INFORMATION_FORMAT = dwarf;
				ENABLE_STRICT_OBJC_MSGSEND = YES;
				ENABLE_TESTABILITY = YES;
				GCC_C_LANGUAGE_STANDARD = gnu99;
				GCC_DYNAMIC_NO_PIC = NO;
				GCC_NO_COMMON_BLOCKS = YES;
				GCC_OPTIMIZATION_LEVEL = 0;
				GCC_PREPROCESSOR_DEFINITIONS = (
					"DEBUG=1",
					"$(inherited)",
				);
				GCC_WARN_64_TO_32_BIT_CONVERSION = YES;
				GCC_WARN_ABOUT_RETURN_TYPE = YES_ERROR;
				GCC_WARN_UNDECLARED_SELECTOR = YES;
				GCC_WARN_UNINITIALIZED_AUTOS = YES_AGGRESSIVE;
				GCC_WARN_UNUSED_FUNCTION = YES;
				GCC_WARN_UNUSED_VARIABLE = YES;
				IPHONEOS_DEPLOYMENT_TARGET = 8.0;
				MACOSX_DEPLOYMENT_TARGET = 10.10;
				MTL_ENABLE_DEBUG_INFO = YES;
				ONLY_ACTIVE_ARCH = YES;
				SDKROOT = iphoneos;
				SWIFT_OPTIMIZATION_LEVEL = "-Onone";
				TARGETED_DEVICE_FAMILY = "1,2";
				VERSIONING_SYSTEM = "apple-generic";
				VERSION_INFO_PREFIX = "";
			};
			name = Debug;
		};
		21FB6ACE1BF53C9D003C82BB /* Release */ = {
			isa = XCBuildConfiguration;
			buildSettings = {
				ALWAYS_SEARCH_USER_PATHS = NO;
				CLANG_CXX_LANGUAGE_STANDARD = "gnu++0x";
				CLANG_CXX_LIBRARY = "libc++";
				CLANG_ENABLE_MODULES = YES;
				CLANG_ENABLE_OBJC_ARC = YES;
				CLANG_WARN_BOOL_CONVERSION = YES;
				CLANG_WARN_CONSTANT_CONVERSION = YES;
				CLANG_WARN_DIRECT_OBJC_ISA_USAGE = YES_ERROR;
				CLANG_WARN_EMPTY_BODY = YES;
				CLANG_WARN_ENUM_CONVERSION = YES;
				CLANG_WARN_INT_CONVERSION = YES;
				CLANG_WARN_OBJC_ROOT_CLASS = YES_ERROR;
				CLANG_WARN_UNREACHABLE_CODE = YES;
				CLANG_WARN__DUPLICATE_METHOD_MATCH = YES;
				COPY_PHASE_STRIP = NO;
				CURRENT_PROJECT_VERSION = 1;
				DEBUG_INFORMATION_FORMAT = "dwarf-with-dsym";
				ENABLE_NS_ASSERTIONS = NO;
				ENABLE_STRICT_OBJC_MSGSEND = YES;
				GCC_C_LANGUAGE_STANDARD = gnu99;
				GCC_NO_COMMON_BLOCKS = YES;
				GCC_WARN_64_TO_32_BIT_CONVERSION = YES;
				GCC_WARN_ABOUT_RETURN_TYPE = YES_ERROR;
				GCC_WARN_UNDECLARED_SELECTOR = YES;
				GCC_WARN_UNINITIALIZED_AUTOS = YES_AGGRESSIVE;
				GCC_WARN_UNUSED_FUNCTION = YES;
				GCC_WARN_UNUSED_VARIABLE = YES;
				IPHONEOS_DEPLOYMENT_TARGET = 8.0;
				MACOSX_DEPLOYMENT_TARGET = 10.10;
				MTL_ENABLE_DEBUG_INFO = NO;
				SDKROOT = iphoneos;
				TARGETED_DEVICE_FAMILY = "1,2";
				VALIDATE_PRODUCT = YES;
				VERSIONING_SYSTEM = "apple-generic";
				VERSION_INFO_PREFIX = "";
			};
			name = Release;
		};
		21FB6AD01BF53C9D003C82BB /* Debug */ = {
			isa = XCBuildConfiguration;
			buildSettings = {
				APPLICATION_EXTENSION_API_ONLY = YES;
				CLANG_ENABLE_MODULES = YES;
				CODE_SIGN_IDENTITY = "iPhone Developer";
				DEFINES_MODULE = YES;
				DYLIB_COMPATIBILITY_VERSION = 1;
				DYLIB_CURRENT_VERSION = 1;
				DYLIB_INSTALL_NAME_BASE = "@rpath";
				FRAMEWORK_SEARCH_PATHS = (
					"$(inherited)",
					"$(PROJECT_DIR)/Carthage/Build/iOS",
					"$(PROJECT_DIR)/Carthage/Build/Mac",
				);
				INFOPLIST_FILE = CanvasKit/Info.plist;
				INSTALL_PATH = "$(LOCAL_LIBRARY_DIR)/Frameworks";
				LD_RUNPATH_SEARCH_PATHS = "$(inherited) @executable_path/Frameworks @loader_path/Frameworks";
				PRODUCT_BUNDLE_IDENTIFIER = com.usecanvas.canvaskit;
				PRODUCT_NAME = CanvasKit;
				SKIP_INSTALL = YES;
				SWIFT_OPTIMIZATION_LEVEL = "-Onone";
			};
			name = Debug;
		};
		21FB6AD11BF53C9D003C82BB /* Release */ = {
			isa = XCBuildConfiguration;
			buildSettings = {
				APPLICATION_EXTENSION_API_ONLY = YES;
				CLANG_ENABLE_MODULES = YES;
				CODE_SIGN_IDENTITY = "iPhone Developer";
				DEFINES_MODULE = YES;
				DYLIB_COMPATIBILITY_VERSION = 1;
				DYLIB_CURRENT_VERSION = 1;
				DYLIB_INSTALL_NAME_BASE = "@rpath";
				FRAMEWORK_SEARCH_PATHS = (
					"$(inherited)",
					"$(PROJECT_DIR)/Carthage/Build/iOS",
					"$(PROJECT_DIR)/Carthage/Build/Mac",
				);
				INFOPLIST_FILE = CanvasKit/Info.plist;
				INSTALL_PATH = "$(LOCAL_LIBRARY_DIR)/Frameworks";
				LD_RUNPATH_SEARCH_PATHS = "$(inherited) @executable_path/Frameworks @loader_path/Frameworks";
				PRODUCT_BUNDLE_IDENTIFIER = com.usecanvas.canvaskit;
				PRODUCT_NAME = CanvasKit;
				SKIP_INSTALL = YES;
			};
			name = Release;
		};
		21FB6AD31BF53C9D003C82BB /* Debug */ = {
			isa = XCBuildConfiguration;
			buildSettings = {
				FRAMEWORK_SEARCH_PATHS = (
					"$(inherited)",
					"$(PROJECT_DIR)/Carthage/Build/iOS",
				);
				INFOPLIST_FILE = CanvasKit/Tests/Resources/Info.plist;
				LD_RUNPATH_SEARCH_PATHS = "$(inherited) @executable_path/Frameworks @loader_path/Frameworks";
				PRODUCT_BUNDLE_IDENTIFIER = com.usecanvas.CanvasKitTests;
				PRODUCT_NAME = "$(TARGET_NAME)";
			};
			name = Debug;
		};
		21FB6AD41BF53C9D003C82BB /* Release */ = {
			isa = XCBuildConfiguration;
			buildSettings = {
				FRAMEWORK_SEARCH_PATHS = (
					"$(inherited)",
					"$(PROJECT_DIR)/Carthage/Build/iOS",
				);
				INFOPLIST_FILE = CanvasKit/Tests/Resources/Info.plist;
				LD_RUNPATH_SEARCH_PATHS = "$(inherited) @executable_path/Frameworks @loader_path/Frameworks";
				PRODUCT_BUNDLE_IDENTIFIER = com.usecanvas.CanvasKitTests;
				PRODUCT_NAME = "$(TARGET_NAME)";
			};
			name = Release;
		};
/* End XCBuildConfiguration section */

/* Begin XCConfigurationList section */
		216C4BA81BF54AB100260B8E /* Build configuration list for PBXNativeTarget "CanvasKit-OSX" */ = {
			isa = XCConfigurationList;
			buildConfigurations = (
				216C4BA91BF54AB100260B8E /* Debug */,
				216C4BAA1BF54AB100260B8E /* Release */,
			);
			defaultConfigurationIsVisible = 0;
			defaultConfigurationName = Release;
		};
		216C4BAB1BF54AB100260B8E /* Build configuration list for PBXNativeTarget "CanvasKit-OSXTests" */ = {
			isa = XCConfigurationList;
			buildConfigurations = (
				216C4BAC1BF54AB100260B8E /* Debug */,
				216C4BAD1BF54AB100260B8E /* Release */,
			);
			defaultConfigurationIsVisible = 0;
			defaultConfigurationName = Release;
		};
		21FB6AB51BF53C9D003C82BB /* Build configuration list for PBXProject "CanvasKit" */ = {
			isa = XCConfigurationList;
			buildConfigurations = (
				21FB6ACD1BF53C9D003C82BB /* Debug */,
				21FB6ACE1BF53C9D003C82BB /* Release */,
			);
			defaultConfigurationIsVisible = 0;
			defaultConfigurationName = Release;
		};
		21FB6ACF1BF53C9D003C82BB /* Build configuration list for PBXNativeTarget "CanvasKit-iOS" */ = {
			isa = XCConfigurationList;
			buildConfigurations = (
				21FB6AD01BF53C9D003C82BB /* Debug */,
				21FB6AD11BF53C9D003C82BB /* Release */,
			);
			defaultConfigurationIsVisible = 0;
			defaultConfigurationName = Release;
		};
		21FB6AD21BF53C9D003C82BB /* Build configuration list for PBXNativeTarget "CanvasKit-iOSTests" */ = {
			isa = XCConfigurationList;
			buildConfigurations = (
				21FB6AD31BF53C9D003C82BB /* Debug */,
				21FB6AD41BF53C9D003C82BB /* Release */,
			);
			defaultConfigurationIsVisible = 0;
			defaultConfigurationName = Release;
		};
/* End XCConfigurationList section */
	};
	rootObject = 21FB6AB21BF53C9D003C82BB /* Project object */;
}
