// !$*UTF8*$!
{
	archiveVersion = 1;
	classes = {
	};
	objectVersion = 46;
	objects = {

/* Begin PBXBuildFile section */
		211A68B31D33D37F00DF098D /* Resource.swift in Sources */ = {isa = PBXBuildFile; fileRef = 211A68B21D33D37F00DF098D /* Resource.swift */; };
		211A68B41D33D37F00DF098D /* Resource.swift in Sources */ = {isa = PBXBuildFile; fileRef = 211A68B21D33D37F00DF098D /* Resource.swift */; };
		211A68B51D33D37F00DF098D /* Resource.swift in Sources */ = {isa = PBXBuildFile; fileRef = 211A68B21D33D37F00DF098D /* Resource.swift */; };
		211A68B61D33D37F00DF098D /* Resource.swift in Sources */ = {isa = PBXBuildFile; fileRef = 211A68B21D33D37F00DF098D /* Resource.swift */; };
		216C4BA11BF54AB100260B8E /* CanvasKit.framework in Frameworks */ = {isa = PBXBuildFile; fileRef = 216C4B971BF54AB100260B8E /* CanvasKit.framework */; };
		2175D2A21D171E4C009C6845 /* Account.swift in Sources */ = {isa = PBXBuildFile; fileRef = 21AD8B891C8A37D5000A53F8 /* Account.swift */; };
		2175D2A51D171E4C009C6845 /* APIClient.swift in Sources */ = {isa = PBXBuildFile; fileRef = 21AD8B8D1C8A37D5000A53F8 /* APIClient.swift */; };
		2175D2A61D171E4C009C6845 /* AuthorizationClient.swift in Sources */ = {isa = PBXBuildFile; fileRef = 21AD8B8E1C8A37D5000A53F8 /* AuthorizationClient.swift */; };
		2175D2A71D171E4C009C6845 /* Canvas.swift in Sources */ = {isa = PBXBuildFile; fileRef = 21AD8B8F1C8A37D5000A53F8 /* Canvas.swift */; };
		2175D2A91D171E4C009C6845 /* JSONSerialization.swift in Sources */ = {isa = PBXBuildFile; fileRef = 21AD8B931C8A37D5000A53F8 /* JSONSerialization.swift */; };
		2175D2AA1D171E4C009C6845 /* NetworkClient.swift in Sources */ = {isa = PBXBuildFile; fileRef = 21AD8B941C8A37D5000A53F8 /* NetworkClient.swift */; };
		2175D2AB1D171E4C009C6845 /* Organization.swift in Sources */ = {isa = PBXBuildFile; fileRef = 21AD8B951C8A37D5000A53F8 /* Organization.swift */; };
		2175D2AC1D171E4C009C6845 /* User.swift in Sources */ = {isa = PBXBuildFile; fileRef = 21AD8B971C8A37D5000A53F8 /* User.swift */; };
		2175D2AD1D171E57009C6845 /* CanvasKit.h in Headers */ = {isa = PBXBuildFile; fileRef = 21AD8BCE1C8A380E000A53F8 /* CanvasKit.h */; settings = {ATTRIBUTES = (Public, ); }; };
		2175D2C11D172123009C6845 /* ISO8601.framework in Frameworks */ = {isa = PBXBuildFile; fileRef = 2175D2C01D172123009C6845 /* ISO8601.framework */; };
		2175D2C31D17212F009C6845 /* ISO8601.framework in Frameworks */ = {isa = PBXBuildFile; fileRef = 2175D2C21D17212F009C6845 /* ISO8601.framework */; };
		2175D2C71D172157009C6845 /* ISO8601.framework in Frameworks */ = {isa = PBXBuildFile; fileRef = 2175D2C51D172157009C6845 /* ISO8601.framework */; };
		2175D2CB1D17216B009C6845 /* ISO8601.framework in Frameworks */ = {isa = PBXBuildFile; fileRef = 2175D2C91D17216B009C6845 /* ISO8601.framework */; };
		2175D2CC1D17216E009C6845 /* DVR.framework in Frameworks */ = {isa = PBXBuildFile; fileRef = 2175D2C41D172157009C6845 /* DVR.framework */; };
		2175D2CD1D172171009C6845 /* DVR.framework in Frameworks */ = {isa = PBXBuildFile; fileRef = 2175D2C81D17216B009C6845 /* DVR.framework */; };
		21AD8BA51C8A37D6000A53F8 /* Account.swift in Sources */ = {isa = PBXBuildFile; fileRef = 21AD8B891C8A37D5000A53F8 /* Account.swift */; };
		21AD8BA91C8A37D6000A53F8 /* APIClient.swift in Sources */ = {isa = PBXBuildFile; fileRef = 21AD8B8D1C8A37D5000A53F8 /* APIClient.swift */; };
		21AD8BAA1C8A37D6000A53F8 /* AuthorizationClient.swift in Sources */ = {isa = PBXBuildFile; fileRef = 21AD8B8E1C8A37D5000A53F8 /* AuthorizationClient.swift */; };
		21AD8BAB1C8A37D6000A53F8 /* Canvas.swift in Sources */ = {isa = PBXBuildFile; fileRef = 21AD8B8F1C8A37D5000A53F8 /* Canvas.swift */; };
		21AD8BAF1C8A37D6000A53F8 /* JSONSerialization.swift in Sources */ = {isa = PBXBuildFile; fileRef = 21AD8B931C8A37D5000A53F8 /* JSONSerialization.swift */; };
		21AD8BB01C8A37D6000A53F8 /* NetworkClient.swift in Sources */ = {isa = PBXBuildFile; fileRef = 21AD8B941C8A37D5000A53F8 /* NetworkClient.swift */; };
		21AD8BB11C8A37D6000A53F8 /* Organization.swift in Sources */ = {isa = PBXBuildFile; fileRef = 21AD8B951C8A37D5000A53F8 /* Organization.swift */; };
		21AD8BB31C8A37D6000A53F8 /* User.swift in Sources */ = {isa = PBXBuildFile; fileRef = 21AD8B971C8A37D5000A53F8 /* User.swift */; };
		21AD8BBF1C8A37DE000A53F8 /* Account.swift in Sources */ = {isa = PBXBuildFile; fileRef = 21AD8B891C8A37D5000A53F8 /* Account.swift */; };
		21AD8BC31C8A37DE000A53F8 /* APIClient.swift in Sources */ = {isa = PBXBuildFile; fileRef = 21AD8B8D1C8A37D5000A53F8 /* APIClient.swift */; };
		21AD8BC41C8A37DE000A53F8 /* AuthorizationClient.swift in Sources */ = {isa = PBXBuildFile; fileRef = 21AD8B8E1C8A37D5000A53F8 /* AuthorizationClient.swift */; };
		21AD8BC51C8A37DE000A53F8 /* Canvas.swift in Sources */ = {isa = PBXBuildFile; fileRef = 21AD8B8F1C8A37D5000A53F8 /* Canvas.swift */; };
		21AD8BC81C8A37DE000A53F8 /* JSONSerialization.swift in Sources */ = {isa = PBXBuildFile; fileRef = 21AD8B931C8A37D5000A53F8 /* JSONSerialization.swift */; };
		21AD8BC91C8A37DE000A53F8 /* NetworkClient.swift in Sources */ = {isa = PBXBuildFile; fileRef = 21AD8B941C8A37D5000A53F8 /* NetworkClient.swift */; };
		21AD8BCA1C8A37DE000A53F8 /* Organization.swift in Sources */ = {isa = PBXBuildFile; fileRef = 21AD8B951C8A37D5000A53F8 /* Organization.swift */; };
		21AD8BCC1C8A37DE000A53F8 /* User.swift in Sources */ = {isa = PBXBuildFile; fileRef = 21AD8B971C8A37D5000A53F8 /* User.swift */; };
		21AD8BD01C8A380E000A53F8 /* CanvasKit.h in Headers */ = {isa = PBXBuildFile; fileRef = 21AD8BCE1C8A380E000A53F8 /* CanvasKit.h */; settings = {ATTRIBUTES = (Public, ); }; };
		21AD8BD21C8A381A000A53F8 /* APIClientCanvasTests.swift in Sources */ = {isa = PBXBuildFile; fileRef = 21AD8B991C8A37D5000A53F8 /* APIClientCanvasTests.swift */; };
		21AD8BD31C8A381A000A53F8 /* APIClientOrganizationTests.swift in Sources */ = {isa = PBXBuildFile; fileRef = 21AD8B9A1C8A37D5000A53F8 /* APIClientOrganizationTests.swift */; };
		21AD8BD41C8A381A000A53F8 /* AuthorizationClientTests.swift in Sources */ = {isa = PBXBuildFile; fileRef = 21AD8B9B1C8A37D5000A53F8 /* AuthorizationClientTests.swift */; };
		21AD8BD51C8A381B000A53F8 /* APIClientCanvasTests.swift in Sources */ = {isa = PBXBuildFile; fileRef = 21AD8B991C8A37D5000A53F8 /* APIClientCanvasTests.swift */; };
		21AD8BD61C8A381B000A53F8 /* APIClientOrganizationTests.swift in Sources */ = {isa = PBXBuildFile; fileRef = 21AD8B9A1C8A37D5000A53F8 /* APIClientOrganizationTests.swift */; };
		21AD8BD71C8A381B000A53F8 /* AuthorizationClientTests.swift in Sources */ = {isa = PBXBuildFile; fileRef = 21AD8B9B1C8A37D5000A53F8 /* AuthorizationClientTests.swift */; };
		21AD8BE81C8A3829000A53F8 /* CanvasKit.h in Headers */ = {isa = PBXBuildFile; fileRef = 21AD8BCE1C8A380E000A53F8 /* CanvasKit.h */; settings = {ATTRIBUTES = (Public, ); }; };
		21AD8C0B1C8A3FE5000A53F8 /* access-token.json in Resources */ = {isa = PBXBuildFile; fileRef = 21AD8C081C8A3F13000A53F8 /* access-token.json */; };
		21AD8C0C1C8A3FE6000A53F8 /* access-token.json in Resources */ = {isa = PBXBuildFile; fileRef = 21AD8C081C8A3F13000A53F8 /* access-token.json */; };
		21AD8C0E1C8A403E000A53F8 /* list-organizations.json in Resources */ = {isa = PBXBuildFile; fileRef = 21AD8C0D1C8A403E000A53F8 /* list-organizations.json */; };
		21AD8C0F1C8A403E000A53F8 /* list-organizations.json in Resources */ = {isa = PBXBuildFile; fileRef = 21AD8C0D1C8A403E000A53F8 /* list-organizations.json */; };
		21AD8C111C8A4084000A53F8 /* archive-canvas.json in Resources */ = {isa = PBXBuildFile; fileRef = 21AD8C101C8A4083000A53F8 /* archive-canvas.json */; };
		21AD8C121C8A4084000A53F8 /* archive-canvas.json in Resources */ = {isa = PBXBuildFile; fileRef = 21AD8C101C8A4083000A53F8 /* archive-canvas.json */; };
		21AD8C141C8A4108000A53F8 /* destroy-canvas.json in Resources */ = {isa = PBXBuildFile; fileRef = 21AD8C131C8A4108000A53F8 /* destroy-canvas.json */; };
		21AD8C151C8A4108000A53F8 /* destroy-canvas.json in Resources */ = {isa = PBXBuildFile; fileRef = 21AD8C131C8A4108000A53F8 /* destroy-canvas.json */; };
		21AD8C171C8A419E000A53F8 /* create-canvas.json in Resources */ = {isa = PBXBuildFile; fileRef = 21AD8C161C8A419E000A53F8 /* create-canvas.json */; };
		21AD8C181C8A419E000A53F8 /* create-canvas.json in Resources */ = {isa = PBXBuildFile; fileRef = 21AD8C161C8A419E000A53F8 /* create-canvas.json */; };
		21AD8C1A1C8A41E9000A53F8 /* list-canvases.json in Resources */ = {isa = PBXBuildFile; fileRef = 21AD8C191C8A41E9000A53F8 /* list-canvases.json */; };
		21AD8C1B1C8A41E9000A53F8 /* list-canvases.json in Resources */ = {isa = PBXBuildFile; fileRef = 21AD8C191C8A41E9000A53F8 /* list-canvases.json */; };
		21EC4F0E1D077F5B00FA439F /* CanvasKit.framework in Frameworks */ = {isa = PBXBuildFile; fileRef = 21EC4F041D077F5B00FA439F /* CanvasKit.framework */; };
		21EC4F1B1D077F7900FA439F /* Account.swift in Sources */ = {isa = PBXBuildFile; fileRef = 21AD8B891C8A37D5000A53F8 /* Account.swift */; };
		21EC4F1F1D077F7900FA439F /* APIClient.swift in Sources */ = {isa = PBXBuildFile; fileRef = 21AD8B8D1C8A37D5000A53F8 /* APIClient.swift */; };
		21EC4F201D077F7900FA439F /* AuthorizationClient.swift in Sources */ = {isa = PBXBuildFile; fileRef = 21AD8B8E1C8A37D5000A53F8 /* AuthorizationClient.swift */; };
		21EC4F211D077F7900FA439F /* Canvas.swift in Sources */ = {isa = PBXBuildFile; fileRef = 21AD8B8F1C8A37D5000A53F8 /* Canvas.swift */; };
		21EC4F231D077F7900FA439F /* JSONSerialization.swift in Sources */ = {isa = PBXBuildFile; fileRef = 21AD8B931C8A37D5000A53F8 /* JSONSerialization.swift */; };
		21EC4F241D077F7900FA439F /* NetworkClient.swift in Sources */ = {isa = PBXBuildFile; fileRef = 21AD8B941C8A37D5000A53F8 /* NetworkClient.swift */; };
		21EC4F251D077F7900FA439F /* Organization.swift in Sources */ = {isa = PBXBuildFile; fileRef = 21AD8B951C8A37D5000A53F8 /* Organization.swift */; };
		21EC4F271D077F7900FA439F /* User.swift in Sources */ = {isa = PBXBuildFile; fileRef = 21AD8B971C8A37D5000A53F8 /* User.swift */; };
		21EC4F281D077F7D00FA439F /* APIClientCanvasTests.swift in Sources */ = {isa = PBXBuildFile; fileRef = 21AD8B991C8A37D5000A53F8 /* APIClientCanvasTests.swift */; };
		21EC4F291D077F7D00FA439F /* APIClientOrganizationTests.swift in Sources */ = {isa = PBXBuildFile; fileRef = 21AD8B9A1C8A37D5000A53F8 /* APIClientOrganizationTests.swift */; };
		21EC4F2A1D077F7D00FA439F /* AuthorizationClientTests.swift in Sources */ = {isa = PBXBuildFile; fileRef = 21AD8B9B1C8A37D5000A53F8 /* AuthorizationClientTests.swift */; };
		21EC4F2B1D077F8100FA439F /* access-token.json in Resources */ = {isa = PBXBuildFile; fileRef = 21AD8C081C8A3F13000A53F8 /* access-token.json */; };
		21EC4F2C1D077F8100FA439F /* list-organizations.json in Resources */ = {isa = PBXBuildFile; fileRef = 21AD8C0D1C8A403E000A53F8 /* list-organizations.json */; };
		21EC4F2D1D077F8100FA439F /* archive-canvas.json in Resources */ = {isa = PBXBuildFile; fileRef = 21AD8C101C8A4083000A53F8 /* archive-canvas.json */; };
		21EC4F2E1D077F8100FA439F /* destroy-canvas.json in Resources */ = {isa = PBXBuildFile; fileRef = 21AD8C131C8A4108000A53F8 /* destroy-canvas.json */; };
		21EC4F2F1D077F8100FA439F /* create-canvas.json in Resources */ = {isa = PBXBuildFile; fileRef = 21AD8C161C8A419E000A53F8 /* create-canvas.json */; };
		21EC4F301D077F8100FA439F /* list-canvases.json in Resources */ = {isa = PBXBuildFile; fileRef = 21AD8C191C8A41E9000A53F8 /* list-canvases.json */; };
		21EC4F311D077FAA00FA439F /* CanvasKit.h in Headers */ = {isa = PBXBuildFile; fileRef = 21AD8BCE1C8A380E000A53F8 /* CanvasKit.h */; settings = {ATTRIBUTES = (Public, ); }; };
		21FB6AC61BF53C9D003C82BB /* CanvasKit.framework in Frameworks */ = {isa = PBXBuildFile; fileRef = 21FB6ABB1BF53C9D003C82BB /* CanvasKit.framework */; };
/* End PBXBuildFile section */

/* Begin PBXContainerItemProxy section */
		216C4BA21BF54AB100260B8E /* PBXContainerItemProxy */ = {
			isa = PBXContainerItemProxy;
			containerPortal = 21FB6AB21BF53C9D003C82BB /* Project object */;
			proxyType = 1;
			remoteGlobalIDString = 216C4B961BF54AB100260B8E;
			remoteInfo = CanvasKit;
		};
		21EC4F0F1D077F5B00FA439F /* PBXContainerItemProxy */ = {
			isa = PBXContainerItemProxy;
			containerPortal = 21FB6AB21BF53C9D003C82BB /* Project object */;
			proxyType = 1;
			remoteGlobalIDString = 21EC4F031D077F5B00FA439F;
			remoteInfo = "CanvasKit-tvOS";
		};
		21FB6AC71BF53C9D003C82BB /* PBXContainerItemProxy */ = {
			isa = PBXContainerItemProxy;
			containerPortal = 21FB6AB21BF53C9D003C82BB /* Project object */;
			proxyType = 1;
			remoteGlobalIDString = 21FB6ABA1BF53C9D003C82BB;
			remoteInfo = CanvasKit;
		};
/* End PBXContainerItemProxy section */

/* Begin PBXCopyFilesBuildPhase section */
		216C4BD81BF54BE700260B8E /* Embed Frameworks */ = {
			isa = PBXCopyFilesBuildPhase;
			buildActionMask = 2147483647;
			dstPath = "";
			dstSubfolderSpec = 10;
			files = (
			);
			name = "Embed Frameworks";
			runOnlyForDeploymentPostprocessing = 0;
		};
		216C4BDB1BF54C0300260B8E /* Embed Frameworks */ = {
			isa = PBXCopyFilesBuildPhase;
			buildActionMask = 2147483647;
			dstPath = "";
			dstSubfolderSpec = 10;
			files = (
			);
			name = "Embed Frameworks";
			runOnlyForDeploymentPostprocessing = 0;
		};
/* End PBXCopyFilesBuildPhase section */

/* Begin PBXFileReference section */
		211A68B21D33D37F00DF098D /* Resource.swift */ = {isa = PBXFileReference; fileEncoding = 4; lastKnownFileType = sourcecode.swift; path = Resource.swift; sourceTree = "<group>"; };
		216C4B971BF54AB100260B8E /* CanvasKit.framework */ = {isa = PBXFileReference; explicitFileType = wrapper.framework; includeInIndex = 0; path = CanvasKit.framework; sourceTree = BUILT_PRODUCTS_DIR; };
		216C4BA01BF54AB100260B8E /* CanvasKitTests-macOS.xctest */ = {isa = PBXFileReference; explicitFileType = wrapper.cfbundle; includeInIndex = 0; path = "CanvasKitTests-macOS.xctest"; sourceTree = BUILT_PRODUCTS_DIR; };
		2175D29A1D171DC3009C6845 /* CanvasKit.framework */ = {isa = PBXFileReference; explicitFileType = wrapper.framework; includeInIndex = 0; path = CanvasKit.framework; sourceTree = BUILT_PRODUCTS_DIR; };
		2175D2C01D172123009C6845 /* ISO8601.framework */ = {isa = PBXFileReference; lastKnownFileType = wrapper.framework; name = ISO8601.framework; path = Carthage/Build/tvOS/ISO8601.framework; sourceTree = "<group>"; };
		2175D2C21D17212F009C6845 /* ISO8601.framework */ = {isa = PBXFileReference; lastKnownFileType = wrapper.framework; name = ISO8601.framework; path = Carthage/Build/watchOS/ISO8601.framework; sourceTree = "<group>"; };
		2175D2C41D172157009C6845 /* DVR.framework */ = {isa = PBXFileReference; lastKnownFileType = wrapper.framework; name = DVR.framework; path = Carthage/Build/iOS/DVR.framework; sourceTree = "<group>"; };
		2175D2C51D172157009C6845 /* ISO8601.framework */ = {isa = PBXFileReference; lastKnownFileType = wrapper.framework; name = ISO8601.framework; path = Carthage/Build/iOS/ISO8601.framework; sourceTree = "<group>"; };
		2175D2C81D17216B009C6845 /* DVR.framework */ = {isa = PBXFileReference; lastKnownFileType = wrapper.framework; name = DVR.framework; path = Carthage/Build/Mac/DVR.framework; sourceTree = "<group>"; };
		2175D2C91D17216B009C6845 /* ISO8601.framework */ = {isa = PBXFileReference; lastKnownFileType = wrapper.framework; name = ISO8601.framework; path = Carthage/Build/Mac/ISO8601.framework; sourceTree = "<group>"; };
		21AD8B891C8A37D5000A53F8 /* Account.swift */ = {isa = PBXFileReference; fileEncoding = 4; lastKnownFileType = sourcecode.swift; path = Account.swift; sourceTree = "<group>"; };
		21AD8B8D1C8A37D5000A53F8 /* APIClient.swift */ = {isa = PBXFileReference; fileEncoding = 4; lastKnownFileType = sourcecode.swift; path = APIClient.swift; sourceTree = "<group>"; };
		21AD8B8E1C8A37D5000A53F8 /* AuthorizationClient.swift */ = {isa = PBXFileReference; fileEncoding = 4; lastKnownFileType = sourcecode.swift; path = AuthorizationClient.swift; sourceTree = "<group>"; };
		21AD8B8F1C8A37D5000A53F8 /* Canvas.swift */ = {isa = PBXFileReference; fileEncoding = 4; lastKnownFileType = sourcecode.swift; path = Canvas.swift; sourceTree = "<group>"; };
		21AD8B931C8A37D5000A53F8 /* JSONSerialization.swift */ = {isa = PBXFileReference; fileEncoding = 4; lastKnownFileType = sourcecode.swift; path = JSONSerialization.swift; sourceTree = "<group>"; };
		21AD8B941C8A37D5000A53F8 /* NetworkClient.swift */ = {isa = PBXFileReference; fileEncoding = 4; lastKnownFileType = sourcecode.swift; path = NetworkClient.swift; sourceTree = "<group>"; };
		21AD8B951C8A37D5000A53F8 /* Organization.swift */ = {isa = PBXFileReference; fileEncoding = 4; lastKnownFileType = sourcecode.swift; path = Organization.swift; sourceTree = "<group>"; };
		21AD8B971C8A37D5000A53F8 /* User.swift */ = {isa = PBXFileReference; fileEncoding = 4; lastKnownFileType = sourcecode.swift; path = User.swift; sourceTree = "<group>"; };
		21AD8B991C8A37D5000A53F8 /* APIClientCanvasTests.swift */ = {isa = PBXFileReference; fileEncoding = 4; lastKnownFileType = sourcecode.swift; path = APIClientCanvasTests.swift; sourceTree = "<group>"; };
		21AD8B9A1C8A37D5000A53F8 /* APIClientOrganizationTests.swift */ = {isa = PBXFileReference; fileEncoding = 4; lastKnownFileType = sourcecode.swift; path = APIClientOrganizationTests.swift; sourceTree = "<group>"; };
		21AD8B9B1C8A37D5000A53F8 /* AuthorizationClientTests.swift */ = {isa = PBXFileReference; fileEncoding = 4; lastKnownFileType = sourcecode.swift; path = AuthorizationClientTests.swift; sourceTree = "<group>"; };
		21AD8BCE1C8A380E000A53F8 /* CanvasKit.h */ = {isa = PBXFileReference; fileEncoding = 4; lastKnownFileType = sourcecode.c.h; path = CanvasKit.h; sourceTree = "<group>"; };
		21AD8BCF1C8A380E000A53F8 /* Info.plist */ = {isa = PBXFileReference; fileEncoding = 4; lastKnownFileType = text.plist.xml; path = Info.plist; sourceTree = "<group>"; };
		21AD8BFF1C8A386B000A53F8 /* Tests-Info.plist */ = {isa = PBXFileReference; fileEncoding = 4; lastKnownFileType = text.plist.xml; path = "Tests-Info.plist"; sourceTree = "<group>"; };
		21AD8C081C8A3F13000A53F8 /* access-token.json */ = {isa = PBXFileReference; fileEncoding = 4; lastKnownFileType = text.json; path = "access-token.json"; sourceTree = "<group>"; };
		21AD8C0D1C8A403E000A53F8 /* list-organizations.json */ = {isa = PBXFileReference; fileEncoding = 4; lastKnownFileType = text.json; path = "list-organizations.json"; sourceTree = "<group>"; };
		21AD8C101C8A4083000A53F8 /* archive-canvas.json */ = {isa = PBXFileReference; fileEncoding = 4; lastKnownFileType = text.json; path = "archive-canvas.json"; sourceTree = "<group>"; };
		21AD8C131C8A4108000A53F8 /* destroy-canvas.json */ = {isa = PBXFileReference; fileEncoding = 4; lastKnownFileType = text.json; path = "destroy-canvas.json"; sourceTree = "<group>"; };
		21AD8C161C8A419E000A53F8 /* create-canvas.json */ = {isa = PBXFileReference; fileEncoding = 4; lastKnownFileType = text.json; path = "create-canvas.json"; sourceTree = "<group>"; };
		21AD8C191C8A41E9000A53F8 /* list-canvases.json */ = {isa = PBXFileReference; fileEncoding = 4; lastKnownFileType = text.json; path = "list-canvases.json"; sourceTree = "<group>"; };
		21EC4F041D077F5B00FA439F /* CanvasKit.framework */ = {isa = PBXFileReference; explicitFileType = wrapper.framework; includeInIndex = 0; path = CanvasKit.framework; sourceTree = BUILT_PRODUCTS_DIR; };
		21EC4F0D1D077F5B00FA439F /* CanvasKitTests.xctest */ = {isa = PBXFileReference; explicitFileType = wrapper.cfbundle; includeInIndex = 0; path = CanvasKitTests.xctest; sourceTree = BUILT_PRODUCTS_DIR; };
		21FB6ABB1BF53C9D003C82BB /* CanvasKit.framework */ = {isa = PBXFileReference; explicitFileType = wrapper.framework; includeInIndex = 0; path = CanvasKit.framework; sourceTree = BUILT_PRODUCTS_DIR; };
		21FB6AC51BF53C9D003C82BB /* CanvasKitTests-iOS.xctest */ = {isa = PBXFileReference; explicitFileType = wrapper.cfbundle; includeInIndex = 0; path = "CanvasKitTests-iOS.xctest"; sourceTree = BUILT_PRODUCTS_DIR; };
/* End PBXFileReference section */

/* Begin PBXFrameworksBuildPhase section */
		216C4B931BF54AB100260B8E /* Frameworks */ = {
			isa = PBXFrameworksBuildPhase;
			buildActionMask = 2147483647;
			files = (
				2175D2CB1D17216B009C6845 /* ISO8601.framework in Frameworks */,
			);
			runOnlyForDeploymentPostprocessing = 0;
		};
		216C4B9D1BF54AB100260B8E /* Frameworks */ = {
			isa = PBXFrameworksBuildPhase;
			buildActionMask = 2147483647;
			files = (
				216C4BA11BF54AB100260B8E /* CanvasKit.framework in Frameworks */,
				2175D2CD1D172171009C6845 /* DVR.framework in Frameworks */,
			);
			runOnlyForDeploymentPostprocessing = 0;
		};
		2175D2961D171DC3009C6845 /* Frameworks */ = {
			isa = PBXFrameworksBuildPhase;
			buildActionMask = 2147483647;
			files = (
				2175D2C31D17212F009C6845 /* ISO8601.framework in Frameworks */,
			);
			runOnlyForDeploymentPostprocessing = 0;
		};
		21EC4F001D077F5B00FA439F /* Frameworks */ = {
			isa = PBXFrameworksBuildPhase;
			buildActionMask = 2147483647;
			files = (
				2175D2C11D172123009C6845 /* ISO8601.framework in Frameworks */,
			);
			runOnlyForDeploymentPostprocessing = 0;
		};
		21EC4F0A1D077F5B00FA439F /* Frameworks */ = {
			isa = PBXFrameworksBuildPhase;
			buildActionMask = 2147483647;
			files = (
				21EC4F0E1D077F5B00FA439F /* CanvasKit.framework in Frameworks */,
			);
			runOnlyForDeploymentPostprocessing = 0;
		};
		21FB6AB71BF53C9D003C82BB /* Frameworks */ = {
			isa = PBXFrameworksBuildPhase;
			buildActionMask = 2147483647;
			files = (
				2175D2C71D172157009C6845 /* ISO8601.framework in Frameworks */,
			);
			runOnlyForDeploymentPostprocessing = 0;
		};
		21FB6AC21BF53C9D003C82BB /* Frameworks */ = {
			isa = PBXFrameworksBuildPhase;
			buildActionMask = 2147483647;
			files = (
				21FB6AC61BF53C9D003C82BB /* CanvasKit.framework in Frameworks */,
				2175D2CC1D17216E009C6845 /* DVR.framework in Frameworks */,
			);
			runOnlyForDeploymentPostprocessing = 0;
		};
/* End PBXFrameworksBuildPhase section */

/* Begin PBXGroup section */
		216C4BD11BF54B9A00260B8E /* Frameworks */ = {
			isa = PBXGroup;
			children = (
				216C4BDE1BF54C2E00260B8E /* iOS */,
				216C4BDD1BF54C2600260B8E /* macOS */,
				2175D2931D171D7C009C6845 /* tvOS */,
				2175D2941D171D87009C6845 /* watchOS */,
			);
			name = Frameworks;
			sourceTree = "<group>";
		};
		216C4BDD1BF54C2600260B8E /* macOS */ = {
			isa = PBXGroup;
			children = (
				2175D2C81D17216B009C6845 /* DVR.framework */,
				2175D2C91D17216B009C6845 /* ISO8601.framework */,
			);
			name = macOS;
			sourceTree = "<group>";
		};
		216C4BDE1BF54C2E00260B8E /* iOS */ = {
			isa = PBXGroup;
			children = (
				2175D2C41D172157009C6845 /* DVR.framework */,
				2175D2C51D172157009C6845 /* ISO8601.framework */,
			);
			name = iOS;
			sourceTree = "<group>";
		};
		2175D2931D171D7C009C6845 /* tvOS */ = {
			isa = PBXGroup;
			children = (
				2175D2C01D172123009C6845 /* ISO8601.framework */,
			);
			name = tvOS;
			sourceTree = "<group>";
		};
		2175D2941D171D87009C6845 /* watchOS */ = {
			isa = PBXGroup;
			children = (
				2175D2C21D17212F009C6845 /* ISO8601.framework */,
			);
			name = watchOS;
			sourceTree = "<group>";
		};
		21AD8B881C8A37D5000A53F8 /* Sources */ = {
			isa = PBXGroup;
			children = (
				21AD8B891C8A37D5000A53F8 /* Account.swift */,
				21AD8B8D1C8A37D5000A53F8 /* APIClient.swift */,
				21AD8B8E1C8A37D5000A53F8 /* AuthorizationClient.swift */,
				21AD8B8F1C8A37D5000A53F8 /* Canvas.swift */,
				21AD8B931C8A37D5000A53F8 /* JSONSerialization.swift */,
				21AD8B941C8A37D5000A53F8 /* NetworkClient.swift */,
				21AD8B951C8A37D5000A53F8 /* Organization.swift */,
				21AD8B971C8A37D5000A53F8 /* User.swift */,
				211A68B21D33D37F00DF098D /* Resource.swift */,
			);
			path = Sources;
			sourceTree = "<group>";
		};
		21AD8B981C8A37D5000A53F8 /* Tests */ = {
			isa = PBXGroup;
			children = (
				21AD8B991C8A37D5000A53F8 /* APIClientCanvasTests.swift */,
				21AD8B9A1C8A37D5000A53F8 /* APIClientOrganizationTests.swift */,
				21AD8B9B1C8A37D5000A53F8 /* AuthorizationClientTests.swift */,
				21AD8BE91C8A385A000A53F8 /* Fixtures */,
			);
			path = Tests;
			sourceTree = "<group>";
		};
		21AD8BCD1C8A380E000A53F8 /* Support */ = {
			isa = PBXGroup;
			children = (
				21AD8BCE1C8A380E000A53F8 /* CanvasKit.h */,
				21AD8BCF1C8A380E000A53F8 /* Info.plist */,
				21AD8BFF1C8A386B000A53F8 /* Tests-Info.plist */,
			);
			path = Support;
			sourceTree = "<group>";
		};
		21AD8BE91C8A385A000A53F8 /* Fixtures */ = {
			isa = PBXGroup;
			children = (
				21AD8C081C8A3F13000A53F8 /* access-token.json */,
				21AD8C0D1C8A403E000A53F8 /* list-organizations.json */,
				21AD8C101C8A4083000A53F8 /* archive-canvas.json */,
				21AD8C131C8A4108000A53F8 /* destroy-canvas.json */,
				21AD8C161C8A419E000A53F8 /* create-canvas.json */,
				21AD8C191C8A41E9000A53F8 /* list-canvases.json */,
			);
			path = Fixtures;
			sourceTree = "<group>";
		};
		21FB6AB11BF53C9D003C82BB = {
			isa = PBXGroup;
			children = (
				21AD8B881C8A37D5000A53F8 /* Sources */,
				21AD8B981C8A37D5000A53F8 /* Tests */,
				21AD8BCD1C8A380E000A53F8 /* Support */,
				216C4BD11BF54B9A00260B8E /* Frameworks */,
				21FB6ABC1BF53C9D003C82BB /* Products */,
			);
			sourceTree = "<group>";
		};
		21FB6ABC1BF53C9D003C82BB /* Products */ = {
			isa = PBXGroup;
			children = (
				21FB6ABB1BF53C9D003C82BB /* CanvasKit.framework */,
				21FB6AC51BF53C9D003C82BB /* CanvasKitTests-iOS.xctest */,
				216C4B971BF54AB100260B8E /* CanvasKit.framework */,
				216C4BA01BF54AB100260B8E /* CanvasKitTests-macOS.xctest */,
				21EC4F041D077F5B00FA439F /* CanvasKit.framework */,
				21EC4F0D1D077F5B00FA439F /* CanvasKitTests.xctest */,
				2175D29A1D171DC3009C6845 /* CanvasKit.framework */,
			);
			name = Products;
			sourceTree = "<group>";
		};
/* End PBXGroup section */

/* Begin PBXHeadersBuildPhase section */
		216C4B941BF54AB100260B8E /* Headers */ = {
			isa = PBXHeadersBuildPhase;
			buildActionMask = 2147483647;
			files = (
				21AD8BE81C8A3829000A53F8 /* CanvasKit.h in Headers */,
			);
			runOnlyForDeploymentPostprocessing = 0;
		};
		2175D2971D171DC3009C6845 /* Headers */ = {
			isa = PBXHeadersBuildPhase;
			buildActionMask = 2147483647;
			files = (
				2175D2AD1D171E57009C6845 /* CanvasKit.h in Headers */,
			);
			runOnlyForDeploymentPostprocessing = 0;
		};
		21EC4F011D077F5B00FA439F /* Headers */ = {
			isa = PBXHeadersBuildPhase;
			buildActionMask = 2147483647;
			files = (
				21EC4F311D077FAA00FA439F /* CanvasKit.h in Headers */,
			);
			runOnlyForDeploymentPostprocessing = 0;
		};
		21FB6AB81BF53C9D003C82BB /* Headers */ = {
			isa = PBXHeadersBuildPhase;
			buildActionMask = 2147483647;
			files = (
				21AD8BD01C8A380E000A53F8 /* CanvasKit.h in Headers */,
			);
			runOnlyForDeploymentPostprocessing = 0;
		};
/* End PBXHeadersBuildPhase section */

/* Begin PBXNativeTarget section */
		216C4B961BF54AB100260B8E /* CanvasKit-macOS */ = {
			isa = PBXNativeTarget;
			buildConfigurationList = 216C4BA81BF54AB100260B8E /* Build configuration list for PBXNativeTarget "CanvasKit-macOS" */;
			buildPhases = (
				216C4B921BF54AB100260B8E /* Sources */,
				216C4B931BF54AB100260B8E /* Frameworks */,
				216C4B941BF54AB100260B8E /* Headers */,
				216C4B951BF54AB100260B8E /* Resources */,
				21CEC8541C601FEF001AEA10 /* Swift Lint */,
			);
			buildRules = (
			);
			dependencies = (
			);
			name = "CanvasKit-macOS";
			productName = CanvasKit;
			productReference = 216C4B971BF54AB100260B8E /* CanvasKit.framework */;
			productType = "com.apple.product-type.framework";
		};
		216C4B9F1BF54AB100260B8E /* CanvasKitTests-macOS */ = {
			isa = PBXNativeTarget;
			buildConfigurationList = 216C4BAB1BF54AB100260B8E /* Build configuration list for PBXNativeTarget "CanvasKitTests-macOS" */;
			buildPhases = (
				216C4B9C1BF54AB100260B8E /* Sources */,
				216C4B9D1BF54AB100260B8E /* Frameworks */,
				216C4B9E1BF54AB100260B8E /* Resources */,
				216C4BD81BF54BE700260B8E /* Embed Frameworks */,
			);
			buildRules = (
			);
			dependencies = (
				216C4BA31BF54AB100260B8E /* PBXTargetDependency */,
			);
			name = "CanvasKitTests-macOS";
			productName = CanvasKitTests;
			productReference = 216C4BA01BF54AB100260B8E /* CanvasKitTests-macOS.xctest */;
			productType = "com.apple.product-type.bundle.unit-test";
		};
		2175D2991D171DC3009C6845 /* CanvasKit-watchOS */ = {
			isa = PBXNativeTarget;
			buildConfigurationList = 2175D29F1D171DC3009C6845 /* Build configuration list for PBXNativeTarget "CanvasKit-watchOS" */;
			buildPhases = (
				2175D2951D171DC3009C6845 /* Sources */,
				2175D2961D171DC3009C6845 /* Frameworks */,
				2175D2971D171DC3009C6845 /* Headers */,
				2175D2981D171DC3009C6845 /* Resources */,
			);
			buildRules = (
			);
			dependencies = (
			);
			name = "CanvasKit-watchOS";
			productName = CanvasKit;
			productReference = 2175D29A1D171DC3009C6845 /* CanvasKit.framework */;
			productType = "com.apple.product-type.framework";
		};
		21EC4F031D077F5B00FA439F /* CanvasKit-tvOS */ = {
			isa = PBXNativeTarget;
			buildConfigurationList = 21EC4F191D077F5B00FA439F /* Build configuration list for PBXNativeTarget "CanvasKit-tvOS" */;
			buildPhases = (
				21EC4EFF1D077F5B00FA439F /* Sources */,
				21EC4F001D077F5B00FA439F /* Frameworks */,
				21EC4F011D077F5B00FA439F /* Headers */,
				21EC4F021D077F5B00FA439F /* Resources */,
			);
			buildRules = (
			);
			dependencies = (
			);
			name = "CanvasKit-tvOS";
			productName = "CanvasKit-tvOS";
			productReference = 21EC4F041D077F5B00FA439F /* CanvasKit.framework */;
			productType = "com.apple.product-type.framework";
		};
		21EC4F0C1D077F5B00FA439F /* CanvasKitTests-tvOS */ = {
			isa = PBXNativeTarget;
			buildConfigurationList = 21EC4F1A1D077F5B00FA439F /* Build configuration list for PBXNativeTarget "CanvasKitTests-tvOS" */;
			buildPhases = (
				21EC4F091D077F5B00FA439F /* Sources */,
				21EC4F0A1D077F5B00FA439F /* Frameworks */,
				21EC4F0B1D077F5B00FA439F /* Resources */,
			);
			buildRules = (
			);
			dependencies = (
				21EC4F101D077F5B00FA439F /* PBXTargetDependency */,
			);
			name = "CanvasKitTests-tvOS";
			productName = "CanvasKit-tvOSTests";
			productReference = 21EC4F0D1D077F5B00FA439F /* CanvasKitTests.xctest */;
			productType = "com.apple.product-type.bundle.unit-test";
		};
		21FB6ABA1BF53C9D003C82BB /* CanvasKit-iOS */ = {
			isa = PBXNativeTarget;
			buildConfigurationList = 21FB6ACF1BF53C9D003C82BB /* Build configuration list for PBXNativeTarget "CanvasKit-iOS" */;
			buildPhases = (
				21FB6AB61BF53C9D003C82BB /* Sources */,
				21FB6AB71BF53C9D003C82BB /* Frameworks */,
				21FB6AB81BF53C9D003C82BB /* Headers */,
				21FB6AB91BF53C9D003C82BB /* Resources */,
				21CEC8531C601FE5001AEA10 /* Swift Lint */,
			);
			buildRules = (
			);
			dependencies = (
			);
			name = "CanvasKit-iOS";
			productName = CanvasKit;
			productReference = 21FB6ABB1BF53C9D003C82BB /* CanvasKit.framework */;
			productType = "com.apple.product-type.framework";
		};
		21FB6AC41BF53C9D003C82BB /* CanvasKitTests-iOS */ = {
			isa = PBXNativeTarget;
			buildConfigurationList = 21FB6AD21BF53C9D003C82BB /* Build configuration list for PBXNativeTarget "CanvasKitTests-iOS" */;
			buildPhases = (
				21FB6AC11BF53C9D003C82BB /* Sources */,
				21FB6AC21BF53C9D003C82BB /* Frameworks */,
				21FB6AC31BF53C9D003C82BB /* Resources */,
				216C4BDB1BF54C0300260B8E /* Embed Frameworks */,
			);
			buildRules = (
			);
			dependencies = (
				21FB6AC81BF53C9D003C82BB /* PBXTargetDependency */,
			);
			name = "CanvasKitTests-iOS";
			productName = CanvasKitTests;
			productReference = 21FB6AC51BF53C9D003C82BB /* CanvasKitTests-iOS.xctest */;
			productType = "com.apple.product-type.bundle.unit-test";
		};
/* End PBXNativeTarget section */

/* Begin PBXProject section */
		21FB6AB21BF53C9D003C82BB /* Project object */ = {
			isa = PBXProject;
			attributes = {
				LastSwiftUpdateCheck = 0730;
				LastUpgradeCheck = 0710;
				ORGANIZATIONNAME = "Canvas Labs, Inc.";
				TargetAttributes = {
					216C4B961BF54AB100260B8E = {
						CreatedOnToolsVersion = 7.2;
					};
					216C4B9F1BF54AB100260B8E = {
						CreatedOnToolsVersion = 7.2;
					};
					2175D2991D171DC3009C6845 = {
						CreatedOnToolsVersion = 7.3.1;
					};
					21EC4F031D077F5B00FA439F = {
						CreatedOnToolsVersion = 7.3.1;
					};
					21EC4F0C1D077F5B00FA439F = {
						CreatedOnToolsVersion = 7.3.1;
					};
					21FB6ABA1BF53C9D003C82BB = {
						CreatedOnToolsVersion = 7.1.1;
					};
					21FB6AC41BF53C9D003C82BB = {
						CreatedOnToolsVersion = 7.1.1;
					};
				};
			};
			buildConfigurationList = 21FB6AB51BF53C9D003C82BB /* Build configuration list for PBXProject "CanvasKit" */;
			compatibilityVersion = "Xcode 3.2";
			developmentRegion = English;
			hasScannedForEncodings = 0;
			knownRegions = (
				en,
			);
			mainGroup = 21FB6AB11BF53C9D003C82BB;
			productRefGroup = 21FB6ABC1BF53C9D003C82BB /* Products */;
			projectDirPath = "";
			projectRoot = "";
			targets = (
				21FB6ABA1BF53C9D003C82BB /* CanvasKit-iOS */,
				21FB6AC41BF53C9D003C82BB /* CanvasKitTests-iOS */,
				216C4B961BF54AB100260B8E /* CanvasKit-macOS */,
				216C4B9F1BF54AB100260B8E /* CanvasKitTests-macOS */,
				21EC4F031D077F5B00FA439F /* CanvasKit-tvOS */,
				21EC4F0C1D077F5B00FA439F /* CanvasKitTests-tvOS */,
				2175D2991D171DC3009C6845 /* CanvasKit-watchOS */,
			);
		};
/* End PBXProject section */

/* Begin PBXResourcesBuildPhase section */
		216C4B951BF54AB100260B8E /* Resources */ = {
			isa = PBXResourcesBuildPhase;
			buildActionMask = 2147483647;
			files = (
			);
			runOnlyForDeploymentPostprocessing = 0;
		};
		216C4B9E1BF54AB100260B8E /* Resources */ = {
			isa = PBXResourcesBuildPhase;
			buildActionMask = 2147483647;
			files = (
				21AD8C0F1C8A403E000A53F8 /* list-organizations.json in Resources */,
				21AD8C181C8A419E000A53F8 /* create-canvas.json in Resources */,
				21AD8C121C8A4084000A53F8 /* archive-canvas.json in Resources */,
				21AD8C1B1C8A41E9000A53F8 /* list-canvases.json in Resources */,
				21AD8C151C8A4108000A53F8 /* destroy-canvas.json in Resources */,
				21AD8C0B1C8A3FE5000A53F8 /* access-token.json in Resources */,
			);
			runOnlyForDeploymentPostprocessing = 0;
		};
		2175D2981D171DC3009C6845 /* Resources */ = {
			isa = PBXResourcesBuildPhase;
			buildActionMask = 2147483647;
			files = (
			);
			runOnlyForDeploymentPostprocessing = 0;
		};
		21EC4F021D077F5B00FA439F /* Resources */ = {
			isa = PBXResourcesBuildPhase;
			buildActionMask = 2147483647;
			files = (
			);
			runOnlyForDeploymentPostprocessing = 0;
		};
		21EC4F0B1D077F5B00FA439F /* Resources */ = {
			isa = PBXResourcesBuildPhase;
			buildActionMask = 2147483647;
			files = (
				21EC4F2C1D077F8100FA439F /* list-organizations.json in Resources */,
				21EC4F2F1D077F8100FA439F /* create-canvas.json in Resources */,
				21EC4F2D1D077F8100FA439F /* archive-canvas.json in Resources */,
				21EC4F301D077F8100FA439F /* list-canvases.json in Resources */,
				21EC4F2E1D077F8100FA439F /* destroy-canvas.json in Resources */,
				21EC4F2B1D077F8100FA439F /* access-token.json in Resources */,
			);
			runOnlyForDeploymentPostprocessing = 0;
		};
		21FB6AB91BF53C9D003C82BB /* Resources */ = {
			isa = PBXResourcesBuildPhase;
			buildActionMask = 2147483647;
			files = (
			);
			runOnlyForDeploymentPostprocessing = 0;
		};
		21FB6AC31BF53C9D003C82BB /* Resources */ = {
			isa = PBXResourcesBuildPhase;
			buildActionMask = 2147483647;
			files = (
				21AD8C0E1C8A403E000A53F8 /* list-organizations.json in Resources */,
				21AD8C171C8A419E000A53F8 /* create-canvas.json in Resources */,
				21AD8C111C8A4084000A53F8 /* archive-canvas.json in Resources */,
				21AD8C1A1C8A41E9000A53F8 /* list-canvases.json in Resources */,
				21AD8C141C8A4108000A53F8 /* destroy-canvas.json in Resources */,
				21AD8C0C1C8A3FE6000A53F8 /* access-token.json in Resources */,
			);
			runOnlyForDeploymentPostprocessing = 0;
		};
/* End PBXResourcesBuildPhase section */

/* Begin PBXShellScriptBuildPhase section */
		21CEC8531C601FE5001AEA10 /* Swift Lint */ = {
			isa = PBXShellScriptBuildPhase;
			buildActionMask = 2147483647;
			files = (
			);
			inputPaths = (
			);
			name = "Swift Lint";
			outputPaths = (
			);
			runOnlyForDeploymentPostprocessing = 0;
			shellPath = /bin/sh;
			shellScript = "if which swiftlint >/dev/null; then\n  swiftlint\nelse\n  echo \"SwiftLint does not exist, download from https://github.com/realm/SwiftLint\"\nfi";
		};
		21CEC8541C601FEF001AEA10 /* Swift Lint */ = {
			isa = PBXShellScriptBuildPhase;
			buildActionMask = 2147483647;
			files = (
			);
			inputPaths = (
			);
			name = "Swift Lint";
			outputPaths = (
			);
			runOnlyForDeploymentPostprocessing = 0;
			shellPath = /bin/sh;
			shellScript = "if which swiftlint >/dev/null; then\n  swiftlint\nelse\n  echo \"SwiftLint does not exist, download from https://github.com/realm/SwiftLint\"\nfi";
		};
/* End PBXShellScriptBuildPhase section */

/* Begin PBXSourcesBuildPhase section */
		216C4B921BF54AB100260B8E /* Sources */ = {
			isa = PBXSourcesBuildPhase;
			buildActionMask = 2147483647;
			files = (
				21AD8BCC1C8A37DE000A53F8 /* User.swift in Sources */,
				21AD8BC51C8A37DE000A53F8 /* Canvas.swift in Sources */,
				21AD8BC91C8A37DE000A53F8 /* NetworkClient.swift in Sources */,
				21AD8BCA1C8A37DE000A53F8 /* Organization.swift in Sources */,
				21AD8BC41C8A37DE000A53F8 /* AuthorizationClient.swift in Sources */,
				21AD8BBF1C8A37DE000A53F8 /* Account.swift in Sources */,
				21AD8BC81C8A37DE000A53F8 /* JSONSerialization.swift in Sources */,
				211A68B41D33D37F00DF098D /* Resource.swift in Sources */,
				21AD8BC31C8A37DE000A53F8 /* APIClient.swift in Sources */,
			);
			runOnlyForDeploymentPostprocessing = 0;
		};
		216C4B9C1BF54AB100260B8E /* Sources */ = {
			isa = PBXSourcesBuildPhase;
			buildActionMask = 2147483647;
			files = (
				21AD8BD41C8A381A000A53F8 /* AuthorizationClientTests.swift in Sources */,
				21AD8BD31C8A381A000A53F8 /* APIClientOrganizationTests.swift in Sources */,
				21AD8BD21C8A381A000A53F8 /* APIClientCanvasTests.swift in Sources */,
			);
			runOnlyForDeploymentPostprocessing = 0;
		};
		2175D2951D171DC3009C6845 /* Sources */ = {
			isa = PBXSourcesBuildPhase;
			buildActionMask = 2147483647;
			files = (
				2175D2A21D171E4C009C6845 /* Account.swift in Sources */,
				2175D2A91D171E4C009C6845 /* JSONSerialization.swift in Sources */,
				2175D2A61D171E4C009C6845 /* AuthorizationClient.swift in Sources */,
				2175D2AA1D171E4C009C6845 /* NetworkClient.swift in Sources */,
				2175D2A51D171E4C009C6845 /* APIClient.swift in Sources */,
				2175D2AB1D171E4C009C6845 /* Organization.swift in Sources */,
				2175D2A71D171E4C009C6845 /* Canvas.swift in Sources */,
				211A68B61D33D37F00DF098D /* Resource.swift in Sources */,
				2175D2AC1D171E4C009C6845 /* User.swift in Sources */,
			);
			runOnlyForDeploymentPostprocessing = 0;
		};
		21EC4EFF1D077F5B00FA439F /* Sources */ = {
			isa = PBXSourcesBuildPhase;
			buildActionMask = 2147483647;
			files = (
				21EC4F271D077F7900FA439F /* User.swift in Sources */,
				21EC4F211D077F7900FA439F /* Canvas.swift in Sources */,
				21EC4F241D077F7900FA439F /* NetworkClient.swift in Sources */,
				21EC4F251D077F7900FA439F /* Organization.swift in Sources */,
				21EC4F201D077F7900FA439F /* AuthorizationClient.swift in Sources */,
				21EC4F1B1D077F7900FA439F /* Account.swift in Sources */,
				21EC4F231D077F7900FA439F /* JSONSerialization.swift in Sources */,
				211A68B51D33D37F00DF098D /* Resource.swift in Sources */,
				21EC4F1F1D077F7900FA439F /* APIClient.swift in Sources */,
			);
			runOnlyForDeploymentPostprocessing = 0;
		};
		21EC4F091D077F5B00FA439F /* Sources */ = {
			isa = PBXSourcesBuildPhase;
			buildActionMask = 2147483647;
			files = (
				21EC4F2A1D077F7D00FA439F /* AuthorizationClientTests.swift in Sources */,
				21EC4F281D077F7D00FA439F /* APIClientCanvasTests.swift in Sources */,
				21EC4F291D077F7D00FA439F /* APIClientOrganizationTests.swift in Sources */,
			);
			runOnlyForDeploymentPostprocessing = 0;
		};
		21FB6AB61BF53C9D003C82BB /* Sources */ = {
			isa = PBXSourcesBuildPhase;
			buildActionMask = 2147483647;
			files = (
				21AD8BB31C8A37D6000A53F8 /* User.swift in Sources */,
				21AD8BAB1C8A37D6000A53F8 /* Canvas.swift in Sources */,
				21AD8BB01C8A37D6000A53F8 /* NetworkClient.swift in Sources */,
				21AD8BB11C8A37D6000A53F8 /* Organization.swift in Sources */,
				21AD8BAA1C8A37D6000A53F8 /* AuthorizationClient.swift in Sources */,
				21AD8BA51C8A37D6000A53F8 /* Account.swift in Sources */,
				21AD8BAF1C8A37D6000A53F8 /* JSONSerialization.swift in Sources */,
				211A68B31D33D37F00DF098D /* Resource.swift in Sources */,
				21AD8BA91C8A37D6000A53F8 /* APIClient.swift in Sources */,
			);
			runOnlyForDeploymentPostprocessing = 0;
		};
		21FB6AC11BF53C9D003C82BB /* Sources */ = {
			isa = PBXSourcesBuildPhase;
			buildActionMask = 2147483647;
			files = (
				21AD8BD71C8A381B000A53F8 /* AuthorizationClientTests.swift in Sources */,
				21AD8BD61C8A381B000A53F8 /* APIClientOrganizationTests.swift in Sources */,
				21AD8BD51C8A381B000A53F8 /* APIClientCanvasTests.swift in Sources */,
			);
			runOnlyForDeploymentPostprocessing = 0;
		};
/* End PBXSourcesBuildPhase section */

/* Begin PBXTargetDependency section */
		216C4BA31BF54AB100260B8E /* PBXTargetDependency */ = {
			isa = PBXTargetDependency;
			target = 216C4B961BF54AB100260B8E /* CanvasKit-macOS */;
			targetProxy = 216C4BA21BF54AB100260B8E /* PBXContainerItemProxy */;
		};
		21EC4F101D077F5B00FA439F /* PBXTargetDependency */ = {
			isa = PBXTargetDependency;
			target = 21EC4F031D077F5B00FA439F /* CanvasKit-tvOS */;
			targetProxy = 21EC4F0F1D077F5B00FA439F /* PBXContainerItemProxy */;
		};
		21FB6AC81BF53C9D003C82BB /* PBXTargetDependency */ = {
			isa = PBXTargetDependency;
			target = 21FB6ABA1BF53C9D003C82BB /* CanvasKit-iOS */;
			targetProxy = 21FB6AC71BF53C9D003C82BB /* PBXContainerItemProxy */;
		};
/* End PBXTargetDependency section */

/* Begin XCBuildConfiguration section */
		216C4BA91BF54AB100260B8E /* Debug */ = {
			isa = XCBuildConfiguration;
			buildSettings = {
				APPLICATION_EXTENSION_API_ONLY = YES;
				COMBINE_HIDPI_IMAGES = YES;
				DEFINES_MODULE = YES;
				DYLIB_COMPATIBILITY_VERSION = 1;
				DYLIB_CURRENT_VERSION = 1;
				DYLIB_INSTALL_NAME_BASE = "@rpath";
				FRAMEWORK_SEARCH_PATHS = (
					"$(inherited)",
					"$(PROJECT_DIR)/Carthage/Build/Mac",
				);
				FRAMEWORK_VERSION = A;
				INFOPLIST_FILE = "$(SRCROOT)/Support/Info.plist";
				INSTALL_PATH = "$(LOCAL_LIBRARY_DIR)/Frameworks";
				LD_RUNPATH_SEARCH_PATHS = "$(inherited) @executable_path/../Frameworks @loader_path/Frameworks";
				PRODUCT_BUNDLE_IDENTIFIER = com.usecanvas.canvaskit;
				PRODUCT_NAME = CanvasKit;
				SDKROOT = macosx;
				SKIP_INSTALL = YES;
			};
			name = Debug;
		};
		216C4BAA1BF54AB100260B8E /* Release */ = {
			isa = XCBuildConfiguration;
			buildSettings = {
				APPLICATION_EXTENSION_API_ONLY = YES;
				COMBINE_HIDPI_IMAGES = YES;
				DEFINES_MODULE = YES;
				DYLIB_COMPATIBILITY_VERSION = 1;
				DYLIB_CURRENT_VERSION = 1;
				DYLIB_INSTALL_NAME_BASE = "@rpath";
				FRAMEWORK_SEARCH_PATHS = (
					"$(inherited)",
					"$(PROJECT_DIR)/Carthage/Build/Mac",
				);
				FRAMEWORK_VERSION = A;
				INFOPLIST_FILE = "$(SRCROOT)/Support/Info.plist";
				INSTALL_PATH = "$(LOCAL_LIBRARY_DIR)/Frameworks";
				LD_RUNPATH_SEARCH_PATHS = "$(inherited) @executable_path/../Frameworks @loader_path/Frameworks";
				PRODUCT_BUNDLE_IDENTIFIER = com.usecanvas.canvaskit;
				PRODUCT_NAME = CanvasKit;
				SDKROOT = macosx;
				SKIP_INSTALL = YES;
			};
			name = Release;
		};
		216C4BAC1BF54AB100260B8E /* Debug */ = {
			isa = XCBuildConfiguration;
			buildSettings = {
				CODE_SIGN_IDENTITY = "-";
				COMBINE_HIDPI_IMAGES = YES;
				FRAMEWORK_SEARCH_PATHS = (
					"$(inherited)",
					"$(PROJECT_DIR)/Carthage/Build/Mac",
				);
				INFOPLIST_FILE = "Support/Tests-Info.plist";
				LD_RUNPATH_SEARCH_PATHS = "$(inherited) @executable_path/../Frameworks @loader_path/../Frameworks";
				MACOSX_DEPLOYMENT_TARGET = 10.11;
				PRODUCT_BUNDLE_IDENTIFIER = com.usecanvas.CanvasKitTests;
				PRODUCT_NAME = "$(TARGET_NAME)";
				SDKROOT = macosx;
			};
			name = Debug;
		};
		216C4BAD1BF54AB100260B8E /* Release */ = {
			isa = XCBuildConfiguration;
			buildSettings = {
				CODE_SIGN_IDENTITY = "-";
				COMBINE_HIDPI_IMAGES = YES;
				FRAMEWORK_SEARCH_PATHS = (
					"$(inherited)",
					"$(PROJECT_DIR)/Carthage/Build/Mac",
				);
				INFOPLIST_FILE = "Support/Tests-Info.plist";
				LD_RUNPATH_SEARCH_PATHS = "$(inherited) @executable_path/../Frameworks @loader_path/../Frameworks";
				MACOSX_DEPLOYMENT_TARGET = 10.11;
				PRODUCT_BUNDLE_IDENTIFIER = com.usecanvas.CanvasKitTests;
				PRODUCT_NAME = "$(TARGET_NAME)";
				SDKROOT = macosx;
			};
			name = Release;
		};
		2175D2A01D171DC3009C6845 /* Debug */ = {
			isa = XCBuildConfiguration;
			buildSettings = {
				APPLICATION_EXTENSION_API_ONLY = YES;
				CLANG_ANALYZER_NONNULL = YES;
				DEFINES_MODULE = YES;
				DYLIB_COMPATIBILITY_VERSION = 1;
				DYLIB_CURRENT_VERSION = 1;
				DYLIB_INSTALL_NAME_BASE = "@rpath";
				FRAMEWORK_SEARCH_PATHS = (
					"$(inherited)",
					"$(PROJECT_DIR)/Carthage/Build/watchOS",
				);
				INFOPLIST_FILE = Support/Info.plist;
				INSTALL_PATH = "$(LOCAL_LIBRARY_DIR)/Frameworks";
				LD_RUNPATH_SEARCH_PATHS = "$(inherited) @executable_path/Frameworks @loader_path/Frameworks";
				PRODUCT_BUNDLE_IDENTIFIER = com.usecanvas.canvaskit;
				PRODUCT_NAME = CanvasKit;
				SDKROOT = watchos;
				SKIP_INSTALL = YES;
				TARGETED_DEVICE_FAMILY = 4;
				WATCHOS_DEPLOYMENT_TARGET = 2.2;
			};
			name = Debug;
		};
		2175D2A11D171DC3009C6845 /* Release */ = {
			isa = XCBuildConfiguration;
			buildSettings = {
				APPLICATION_EXTENSION_API_ONLY = YES;
				CLANG_ANALYZER_NONNULL = YES;
				DEFINES_MODULE = YES;
				DYLIB_COMPATIBILITY_VERSION = 1;
				DYLIB_CURRENT_VERSION = 1;
				DYLIB_INSTALL_NAME_BASE = "@rpath";
				FRAMEWORK_SEARCH_PATHS = (
					"$(inherited)",
					"$(PROJECT_DIR)/Carthage/Build/watchOS",
				);
				INFOPLIST_FILE = Support/Info.plist;
				INSTALL_PATH = "$(LOCAL_LIBRARY_DIR)/Frameworks";
				LD_RUNPATH_SEARCH_PATHS = "$(inherited) @executable_path/Frameworks @loader_path/Frameworks";
				PRODUCT_BUNDLE_IDENTIFIER = com.usecanvas.canvaskit;
				PRODUCT_NAME = CanvasKit;
				SDKROOT = watchos;
				SKIP_INSTALL = YES;
				TARGETED_DEVICE_FAMILY = 4;
				WATCHOS_DEPLOYMENT_TARGET = 2.2;
			};
			name = Release;
		};
		21EC4F151D077F5B00FA439F /* Debug */ = {
			isa = XCBuildConfiguration;
			buildSettings = {
				APPLICATION_EXTENSION_API_ONLY = YES;
				CLANG_ANALYZER_NONNULL = YES;
				DEFINES_MODULE = YES;
				DYLIB_COMPATIBILITY_VERSION = 1;
				DYLIB_CURRENT_VERSION = 1;
				DYLIB_INSTALL_NAME_BASE = "@rpath";
				FRAMEWORK_SEARCH_PATHS = (
					"$(inherited)",
					"$(PROJECT_DIR)/Carthage/Build/tvOS",
				);
				INFOPLIST_FILE = Support/Info.plist;
				INSTALL_PATH = "$(LOCAL_LIBRARY_DIR)/Frameworks";
				LD_RUNPATH_SEARCH_PATHS = "$(inherited) @executable_path/Frameworks @loader_path/Frameworks";
				PRODUCT_BUNDLE_IDENTIFIER = com.usecanvas.canvaskit;
				PRODUCT_NAME = CanvasKit;
				SDKROOT = appletvos;
				SKIP_INSTALL = YES;
				TARGETED_DEVICE_FAMILY = 3;
				TVOS_DEPLOYMENT_TARGET = 9.0;
			};
			name = Debug;
		};
		21EC4F161D077F5B00FA439F /* Release */ = {
			isa = XCBuildConfiguration;
			buildSettings = {
				APPLICATION_EXTENSION_API_ONLY = YES;
				CLANG_ANALYZER_NONNULL = YES;
				DEFINES_MODULE = YES;
				DYLIB_COMPATIBILITY_VERSION = 1;
				DYLIB_CURRENT_VERSION = 1;
				DYLIB_INSTALL_NAME_BASE = "@rpath";
				FRAMEWORK_SEARCH_PATHS = (
					"$(inherited)",
					"$(PROJECT_DIR)/Carthage/Build/tvOS",
				);
				INFOPLIST_FILE = Support/Info.plist;
				INSTALL_PATH = "$(LOCAL_LIBRARY_DIR)/Frameworks";
				LD_RUNPATH_SEARCH_PATHS = "$(inherited) @executable_path/Frameworks @loader_path/Frameworks";
				PRODUCT_BUNDLE_IDENTIFIER = com.usecanvas.canvaskit;
				PRODUCT_NAME = CanvasKit;
				SDKROOT = appletvos;
				SKIP_INSTALL = YES;
				TARGETED_DEVICE_FAMILY = 3;
				TVOS_DEPLOYMENT_TARGET = 9.0;
			};
			name = Release;
		};
		21EC4F171D077F5B00FA439F /* Debug */ = {
			isa = XCBuildConfiguration;
			buildSettings = {
				CLANG_ANALYZER_NONNULL = YES;
				INFOPLIST_FILE = "Support/Tests-Info.plist";
				LD_RUNPATH_SEARCH_PATHS = "$(inherited) @executable_path/Frameworks @loader_path/Frameworks";
				PRODUCT_BUNDLE_IDENTIFIER = com.usecanvas.CanvasKitTests;
				PRODUCT_NAME = CanvasKitTests;
				SDKROOT = appletvos;
				TVOS_DEPLOYMENT_TARGET = 9.2;
			};
			name = Debug;
		};
		21EC4F181D077F5B00FA439F /* Release */ = {
			isa = XCBuildConfiguration;
			buildSettings = {
				CLANG_ANALYZER_NONNULL = YES;
				INFOPLIST_FILE = "Support/Tests-Info.plist";
				LD_RUNPATH_SEARCH_PATHS = "$(inherited) @executable_path/Frameworks @loader_path/Frameworks";
				PRODUCT_BUNDLE_IDENTIFIER = com.usecanvas.CanvasKitTests;
				PRODUCT_NAME = CanvasKitTests;
				SDKROOT = appletvos;
				TVOS_DEPLOYMENT_TARGET = 9.2;
			};
			name = Release;
		};
		21FB6ACD1BF53C9D003C82BB /* Debug */ = {
			isa = XCBuildConfiguration;
			buildSettings = {
				ALWAYS_SEARCH_USER_PATHS = NO;
				CLANG_CXX_LANGUAGE_STANDARD = "gnu++0x";
				CLANG_CXX_LIBRARY = "libc++";
				CLANG_ENABLE_MODULES = YES;
				CLANG_ENABLE_OBJC_ARC = YES;
				CLANG_WARN_BOOL_CONVERSION = YES;
				CLANG_WARN_CONSTANT_CONVERSION = YES;
				CLANG_WARN_DIRECT_OBJC_ISA_USAGE = YES_ERROR;
				CLANG_WARN_EMPTY_BODY = YES;
				CLANG_WARN_ENUM_CONVERSION = YES;
				CLANG_WARN_INT_CONVERSION = YES;
				CLANG_WARN_OBJC_ROOT_CLASS = YES_ERROR;
				CLANG_WARN_UNREACHABLE_CODE = YES;
				CLANG_WARN__DUPLICATE_METHOD_MATCH = YES;
				COPY_PHASE_STRIP = NO;
				CURRENT_PROJECT_VERSION = 1;
				DEBUG_INFORMATION_FORMAT = dwarf;
				ENABLE_STRICT_OBJC_MSGSEND = YES;
				ENABLE_TESTABILITY = YES;
				GCC_C_LANGUAGE_STANDARD = gnu99;
				GCC_DYNAMIC_NO_PIC = NO;
				GCC_NO_COMMON_BLOCKS = YES;
				GCC_OPTIMIZATION_LEVEL = 0;
				GCC_PREPROCESSOR_DEFINITIONS = (
					"DEBUG=1",
					"$(inherited)",
				);
				GCC_WARN_64_TO_32_BIT_CONVERSION = YES;
				GCC_WARN_ABOUT_RETURN_TYPE = YES_ERROR;
				GCC_WARN_UNDECLARED_SELECTOR = YES;
				GCC_WARN_UNINITIALIZED_AUTOS = YES_AGGRESSIVE;
				GCC_WARN_UNUSED_FUNCTION = YES;
				GCC_WARN_UNUSED_VARIABLE = YES;
				IPHONEOS_DEPLOYMENT_TARGET = 8.0;
				MACOSX_DEPLOYMENT_TARGET = 10.10;
				MTL_ENABLE_DEBUG_INFO = YES;
				ONLY_ACTIVE_ARCH = YES;
				SDKROOT = iphoneos;
				SWIFT_OPTIMIZATION_LEVEL = "-Onone";
				TARGETED_DEVICE_FAMILY = "1,2";
				VERSIONING_SYSTEM = "apple-generic";
				VERSION_INFO_PREFIX = "";
			};
			name = Debug;
		};
		21FB6ACE1BF53C9D003C82BB /* Release */ = {
			isa = XCBuildConfiguration;
			buildSettings = {
				ALWAYS_SEARCH_USER_PATHS = NO;
				CLANG_CXX_LANGUAGE_STANDARD = "gnu++0x";
				CLANG_CXX_LIBRARY = "libc++";
				CLANG_ENABLE_MODULES = YES;
				CLANG_ENABLE_OBJC_ARC = YES;
				CLANG_WARN_BOOL_CONVERSION = YES;
				CLANG_WARN_CONSTANT_CONVERSION = YES;
				CLANG_WARN_DIRECT_OBJC_ISA_USAGE = YES_ERROR;
				CLANG_WARN_EMPTY_BODY = YES;
				CLANG_WARN_ENUM_CONVERSION = YES;
				CLANG_WARN_INT_CONVERSION = YES;
				CLANG_WARN_OBJC_ROOT_CLASS = YES_ERROR;
				CLANG_WARN_UNREACHABLE_CODE = YES;
				CLANG_WARN__DUPLICATE_METHOD_MATCH = YES;
				COPY_PHASE_STRIP = NO;
				CURRENT_PROJECT_VERSION = 1;
				DEBUG_INFORMATION_FORMAT = "dwarf-with-dsym";
				ENABLE_NS_ASSERTIONS = NO;
				ENABLE_STRICT_OBJC_MSGSEND = YES;
				GCC_C_LANGUAGE_STANDARD = gnu99;
				GCC_NO_COMMON_BLOCKS = YES;
				GCC_WARN_64_TO_32_BIT_CONVERSION = YES;
				GCC_WARN_ABOUT_RETURN_TYPE = YES_ERROR;
				GCC_WARN_UNDECLARED_SELECTOR = YES;
				GCC_WARN_UNINITIALIZED_AUTOS = YES_AGGRESSIVE;
				GCC_WARN_UNUSED_FUNCTION = YES;
				GCC_WARN_UNUSED_VARIABLE = YES;
				IPHONEOS_DEPLOYMENT_TARGET = 8.0;
				MACOSX_DEPLOYMENT_TARGET = 10.10;
				MTL_ENABLE_DEBUG_INFO = NO;
				SDKROOT = iphoneos;
				TARGETED_DEVICE_FAMILY = "1,2";
				VALIDATE_PRODUCT = YES;
				VERSIONING_SYSTEM = "apple-generic";
				VERSION_INFO_PREFIX = "";
			};
			name = Release;
		};
		21FB6AD01BF53C9D003C82BB /* Debug */ = {
			isa = XCBuildConfiguration;
			buildSettings = {
				APPLICATION_EXTENSION_API_ONLY = YES;
				CLANG_ENABLE_MODULES = YES;
				CODE_SIGN_IDENTITY = "iPhone Developer";
				DEFINES_MODULE = YES;
				DYLIB_COMPATIBILITY_VERSION = 1;
				DYLIB_CURRENT_VERSION = 1;
				DYLIB_INSTALL_NAME_BASE = "@rpath";
				FRAMEWORK_SEARCH_PATHS = (
					"$(inherited)",
					"$(PROJECT_DIR)/Carthage/Build/iOS",
				);
				INFOPLIST_FILE = "$(SRCROOT)/Support/Info.plist";
				INSTALL_PATH = "$(LOCAL_LIBRARY_DIR)/Frameworks";
				LD_RUNPATH_SEARCH_PATHS = "$(inherited) @executable_path/Frameworks @loader_path/Frameworks";
				PRODUCT_BUNDLE_IDENTIFIER = com.usecanvas.canvaskit;
				PRODUCT_NAME = CanvasKit;
				SKIP_INSTALL = YES;
				SWIFT_OPTIMIZATION_LEVEL = "-Onone";
			};
			name = Debug;
		};
		21FB6AD11BF53C9D003C82BB /* Release */ = {
			isa = XCBuildConfiguration;
			buildSettings = {
				APPLICATION_EXTENSION_API_ONLY = YES;
				CLANG_ENABLE_MODULES = YES;
				CODE_SIGN_IDENTITY = "iPhone Developer";
				DEFINES_MODULE = YES;
				DYLIB_COMPATIBILITY_VERSION = 1;
				DYLIB_CURRENT_VERSION = 1;
				DYLIB_INSTALL_NAME_BASE = "@rpath";
				FRAMEWORK_SEARCH_PATHS = (
					"$(inherited)",
					"$(PROJECT_DIR)/Carthage/Build/iOS",
				);
				INFOPLIST_FILE = "$(SRCROOT)/Support/Info.plist";
				INSTALL_PATH = "$(LOCAL_LIBRARY_DIR)/Frameworks";
				LD_RUNPATH_SEARCH_PATHS = "$(inherited) @executable_path/Frameworks @loader_path/Frameworks";
				PRODUCT_BUNDLE_IDENTIFIER = com.usecanvas.canvaskit;
				PRODUCT_NAME = CanvasKit;
				SKIP_INSTALL = YES;
			};
			name = Release;
		};
		21FB6AD31BF53C9D003C82BB /* Debug */ = {
			isa = XCBuildConfiguration;
			buildSettings = {
				FRAMEWORK_SEARCH_PATHS = (
					"$(inherited)",
					"$(PROJECT_DIR)/Carthage/Build/iOS",
				);
				INFOPLIST_FILE = "Support/Tests-Info.plist";
				LD_RUNPATH_SEARCH_PATHS = "$(inherited) @executable_path/Frameworks @loader_path/Frameworks";
				PRODUCT_BUNDLE_IDENTIFIER = com.usecanvas.CanvasKitTests;
				PRODUCT_NAME = "$(TARGET_NAME)";
			};
			name = Debug;
		};
		21FB6AD41BF53C9D003C82BB /* Release */ = {
			isa = XCBuildConfiguration;
			buildSettings = {
				FRAMEWORK_SEARCH_PATHS = (
					"$(inherited)",
					"$(PROJECT_DIR)/Carthage/Build/iOS",
				);
				INFOPLIST_FILE = "Support/Tests-Info.plist";
				LD_RUNPATH_SEARCH_PATHS = "$(inherited) @executable_path/Frameworks @loader_path/Frameworks";
				PRODUCT_BUNDLE_IDENTIFIER = com.usecanvas.CanvasKitTests;
				PRODUCT_NAME = "$(TARGET_NAME)";
			};
			name = Release;
		};
/* End XCBuildConfiguration section */

/* Begin XCConfigurationList section */
		216C4BA81BF54AB100260B8E /* Build configuration list for PBXNativeTarget "CanvasKit-macOS" */ = {
			isa = XCConfigurationList;
			buildConfigurations = (
				216C4BA91BF54AB100260B8E /* Debug */,
				216C4BAA1BF54AB100260B8E /* Release */,
			);
			defaultConfigurationIsVisible = 0;
			defaultConfigurationName = Release;
		};
		216C4BAB1BF54AB100260B8E /* Build configuration list for PBXNativeTarget "CanvasKitTests-macOS" */ = {
			isa = XCConfigurationList;
			buildConfigurations = (
				216C4BAC1BF54AB100260B8E /* Debug */,
				216C4BAD1BF54AB100260B8E /* Release */,
			);
			defaultConfigurationIsVisible = 0;
			defaultConfigurationName = Release;
		};
		2175D29F1D171DC3009C6845 /* Build configuration list for PBXNativeTarget "CanvasKit-watchOS" */ = {
			isa = XCConfigurationList;
			buildConfigurations = (
				2175D2A01D171DC3009C6845 /* Debug */,
				2175D2A11D171DC3009C6845 /* Release */,
			);
			defaultConfigurationIsVisible = 0;
			defaultConfigurationName = Release;
		};
		21EC4F191D077F5B00FA439F /* Build configuration list for PBXNativeTarget "CanvasKit-tvOS" */ = {
			isa = XCConfigurationList;
			buildConfigurations = (
				21EC4F151D077F5B00FA439F /* Debug */,
				21EC4F161D077F5B00FA439F /* Release */,
			);
			defaultConfigurationIsVisible = 0;
			defaultConfigurationName = Release;
		};
		21EC4F1A1D077F5B00FA439F /* Build configuration list for PBXNativeTarget "CanvasKitTests-tvOS" */ = {
			isa = XCConfigurationList;
			buildConfigurations = (
				21EC4F171D077F5B00FA439F /* Debug */,
				21EC4F181D077F5B00FA439F /* Release */,
			);
			defaultConfigurationIsVisible = 0;
			defaultConfigurationName = Release;
		};
		21FB6AB51BF53C9D003C82BB /* Build configuration list for PBXProject "CanvasKit" */ = {
			isa = XCConfigurationList;
			buildConfigurations = (
				21FB6ACD1BF53C9D003C82BB /* Debug */,
				21FB6ACE1BF53C9D003C82BB /* Release */,
			);
			defaultConfigurationIsVisible = 0;
			defaultConfigurationName = Release;
		};
		21FB6ACF1BF53C9D003C82BB /* Build configuration list for PBXNativeTarget "CanvasKit-iOS" */ = {
			isa = XCConfigurationList;
			buildConfigurations = (
				21FB6AD01BF53C9D003C82BB /* Debug */,
				21FB6AD11BF53C9D003C82BB /* Release */,
			);
			defaultConfigurationIsVisible = 0;
			defaultConfigurationName = Release;
		};
		21FB6AD21BF53C9D003C82BB /* Build configuration list for PBXNativeTarget "CanvasKitTests-iOS" */ = {
			isa = XCConfigurationList;
			buildConfigurations = (
				21FB6AD31BF53C9D003C82BB /* Debug */,
				21FB6AD41BF53C9D003C82BB /* Release */,
			);
			defaultConfigurationIsVisible = 0;
			defaultConfigurationName = Release;
		};
/* End XCConfigurationList section */
	};
	rootObject = 21FB6AB21BF53C9D003C82BB /* Project object */;
}
