// !$*UTF8*$!
{
	archiveVersion = 1;
	classes = {
	};
	objectVersion = 46;
	objects = {

/* Begin PBXBuildFile section */
		21298C291D2593CF00E741EE /* CanvasCore.swift in Sources */ = {isa = PBXBuildFile; fileRef = 21298C281D2593CF00E741EE /* CanvasCore.swift */; };
		21298C2A1D2593CF00E741EE /* CanvasCore.swift in Sources */ = {isa = PBXBuildFile; fileRef = 21298C281D2593CF00E741EE /* CanvasCore.swift */; };
		215D1ADA1D426AEB0030D804 /* STAR_usecanvas_com.der in Resources */ = {isa = PBXBuildFile; fileRef = 215D1AD91D426AEB0030D804 /* STAR_usecanvas_com.der */; };
		215D1ADB1D426AEB0030D804 /* STAR_usecanvas_com.der in Resources */ = {isa = PBXBuildFile; fileRef = 215D1AD91D426AEB0030D804 /* STAR_usecanvas_com.der */; };
		215D1ADD1D426B9C0030D804 /* APIClient.swift in Sources */ = {isa = PBXBuildFile; fileRef = 215D1ADC1D426B9C0030D804 /* APIClient.swift */; };
		215D1ADE1D426B9C0030D804 /* APIClient.swift in Sources */ = {isa = PBXBuildFile; fileRef = 215D1ADC1D426B9C0030D804 /* APIClient.swift */; };
		215D1AE31D426EA30030D804 /* SessionDelegate.swift in Sources */ = {isa = PBXBuildFile; fileRef = 215D1AE21D426EA30030D804 /* SessionDelegate.swift */; };
		215D1AE41D426EA30030D804 /* SessionDelegate.swift in Sources */ = {isa = PBXBuildFile; fileRef = 215D1AE21D426EA30030D804 /* SessionDelegate.swift */; };
		216B1C971D17199B007D022B /* CanvasCore.framework in Frameworks */ = {isa = PBXBuildFile; fileRef = 216B1C8C1D17199B007D022B /* CanvasCore.framework */; };
		216B1CAD1D1719F6007D022B /* CanvasCore.h in Headers */ = {isa = PBXBuildFile; fileRef = 216B1CA81D1719F6007D022B /* CanvasCore.h */; settings = {ATTRIBUTES = (Public, ); }; };
		216B1CB11D171A04007D022B /* URLHelperTests.swift in Sources */ = {isa = PBXBuildFile; fileRef = 216B1CAC1D1719F6007D022B /* URLHelperTests.swift */; };
		216B1CB11D171A04007D022B /* CursorTests.swift in Sources */ = {isa = PBXBuildFile; fileRef = 216B1CAC1D1719F6007D022B /* CursorTests.swift */; };
		21730A001D46F3C9001B63D7 /* SAMKeychain.framework in Frameworks */ = {isa = PBXBuildFile; fileRef = 217309FF1D46F3C9001B63D7 /* SAMKeychain.framework */; };
		21730A021D46F3D5001B63D7 /* SAMKeychain.framework in Frameworks */ = {isa = PBXBuildFile; fileRef = 21730A011D46F3D5001B63D7 /* SAMKeychain.framework */; };
		21730A031D46F3E5001B63D7 /* SAMKeychain.framework in Embed Frameworks */ = {isa = PBXBuildFile; fileRef = 217309FF1D46F3C9001B63D7 /* SAMKeychain.framework */; settings = {ATTRIBUTES = (CodeSignOnCopy, RemoveHeadersOnCopy, ); }; };
		21730A041D46F3EA001B63D7 /* SAMKeychain.framework in Embed Frameworks */ = {isa = PBXBuildFile; fileRef = 21730A011D46F3D5001B63D7 /* SAMKeychain.framework */; settings = {ATTRIBUTES = (CodeSignOnCopy, RemoveHeadersOnCopy, ); }; };
		2175D2FD1D172262009C6845 /* AccountController.swift in Sources */ = {isa = PBXBuildFile; fileRef = 2175D2FC1D172262009C6845 /* AccountController.swift */; };
		2175D3241D1722AE009C6845 /* CanvasCore.framework in Frameworks */ = {isa = PBXBuildFile; fileRef = 2175D31A1D1722AD009C6845 /* CanvasCore.framework */; };
		2175D3311D1722CA009C6845 /* AccountController.swift in Sources */ = {isa = PBXBuildFile; fileRef = 2175D2FC1D172262009C6845 /* AccountController.swift */; };
		2175D3321D1722CA009C6845 /* Accountable.swift in Sources */ = {isa = PBXBuildFile; fileRef = 219D22FD1D171B4900D32F65 /* Accountable.swift */; };
		2175D3421D1722FF009C6845 /* PresenceController.swift in Sources */ = {isa = PBXBuildFile; fileRef = 219D23051D171B4900D32F65 /* PresenceController.swift */; };
		2175D3431D1722FF009C6845 /* PresenceController.swift in Sources */ = {isa = PBXBuildFile; fileRef = 219D23051D171B4900D32F65 /* PresenceController.swift */; };
		2175D3451D172320009C6845 /* Cursor.swift in Sources */ = {isa = PBXBuildFile; fileRef = 2175D3441D172320009C6845 /* Cursor.swift */; };
		2175D3471D17232A009C6845 /* Cursor.swift in Sources */ = {isa = PBXBuildFile; fileRef = 2175D3441D172320009C6845 /* Cursor.swift */; };
		2175D3491D17236D009C6845 /* Configuration.swift in Sources */ = {isa = PBXBuildFile; fileRef = 2175D3481D17236D009C6845 /* Configuration.swift */; };
		2175D34A1D172370009C6845 /* Configuration.swift in Sources */ = {isa = PBXBuildFile; fileRef = 2175D3481D17236D009C6845 /* Configuration.swift */; };
		2175D36D1D17255D009C6845 /* Swatch.swift in Sources */ = {isa = PBXBuildFile; fileRef = 219D22FF1D171B4900D32F65 /* Swatch.swift */; };
		2175D36E1D17255D009C6845 /* Swatch.swift in Sources */ = {isa = PBXBuildFile; fileRef = 219D22FF1D171B4900D32F65 /* Swatch.swift */; };
		2175D36F1D1725A0009C6845 /* LightTheme.swift in Sources */ = {isa = PBXBuildFile; fileRef = 219D23031D171B4900D32F65 /* LightTheme.swift */; };
		2175D3701D1725A0009C6845 /* LightTheme.swift in Sources */ = {isa = PBXBuildFile; fileRef = 219D23031D171B4900D32F65 /* LightTheme.swift */; };
		2175D4D11D1736FC009C6845 /* SpaceView.swift in Sources */ = {isa = PBXBuildFile; fileRef = 219D23071D171B4900D32F65 /* SpaceView.swift */; };
		2175D4F51D1736FD009C6845 /* SpaceView.swift in Sources */ = {isa = PBXBuildFile; fileRef = 219D23071D171B4900D32F65 /* SpaceView.swift */; };
		2175D5261D173744009C6845 /* Imgix.swift in Sources */ = {isa = PBXBuildFile; fileRef = 219D23011D171B4900D32F65 /* Imgix.swift */; };
		2175D5271D173744009C6845 /* Imgix.swift in Sources */ = {isa = PBXBuildFile; fileRef = 219D23011D171B4900D32F65 /* Imgix.swift */; };
		2175D5281D173753009C6845 /* SearchController.swift in Sources */ = {isa = PBXBuildFile; fileRef = 219D23061D171B4900D32F65 /* SearchController.swift */; };
		2175D5291D173753009C6845 /* SearchController.swift in Sources */ = {isa = PBXBuildFile; fileRef = 219D23061D171B4900D32F65 /* SearchController.swift */; };
		2175D52A1D1737DC009C6845 /* ImgixController.swift in Sources */ = {isa = PBXBuildFile; fileRef = 219D23021D171B4900D32F65 /* ImgixController.swift */; };
		2175D52B1D1737DD009C6845 /* ImgixController.swift in Sources */ = {isa = PBXBuildFile; fileRef = 219D23021D171B4900D32F65 /* ImgixController.swift */; };
		2175D52C1D173880009C6845 /* AvatarsController.swift in Sources */ = {isa = PBXBuildFile; fileRef = 219D22FE1D171B4900D32F65 /* AvatarsController.swift */; };
		2175D52D1D173880009C6845 /* AvatarsController.swift in Sources */ = {isa = PBXBuildFile; fileRef = 219D22FE1D171B4900D32F65 /* AvatarsController.swift */; };
		2175D52E1D173922009C6845 /* LocalizedString.swift in Sources */ = {isa = PBXBuildFile; fileRef = 219D23041D171B4900D32F65 /* LocalizedString.swift */; };
		2175D52F1D173922009C6845 /* LocalizedString.swift in Sources */ = {isa = PBXBuildFile; fileRef = 219D23041D171B4900D32F65 /* LocalizedString.swift */; };
		2175D5361D173933009C6845 /* Localizable.strings in Resources */ = {isa = PBXBuildFile; fileRef = 2175D5341D173933009C6845 /* Localizable.strings */; };
		2175D5371D173936009C6845 /* Localizable.strings in Resources */ = {isa = PBXBuildFile; fileRef = 2175D5341D173933009C6845 /* Localizable.strings */; };
		2175D5381D173995009C6845 /* Font.swift in Sources */ = {isa = PBXBuildFile; fileRef = 219D23001D171B4900D32F65 /* Font.swift */; };
		2176785E1D17589300003D89 /* Font.swift in Sources */ = {isa = PBXBuildFile; fileRef = 219D23001D171B4900D32F65 /* Font.swift */; };
		217C553C1D42CFDC0064A2AD /* Cache.framework in Frameworks */ = {isa = PBXBuildFile; fileRef = 217C55311D42CFDC0064A2AD /* Cache.framework */; };
		217C553D1D42CFDC0064A2AD /* CanvasKit.framework in Frameworks */ = {isa = PBXBuildFile; fileRef = 217C55321D42CFDC0064A2AD /* CanvasKit.framework */; };
		217C553E1D42CFDC0064A2AD /* CanvasNative.framework in Frameworks */ = {isa = PBXBuildFile; fileRef = 217C55331D42CFDC0064A2AD /* CanvasNative.framework */; };
		217C553F1D42CFDC0064A2AD /* CanvasText.framework in Frameworks */ = {isa = PBXBuildFile; fileRef = 217C55341D42CFDC0064A2AD /* CanvasText.framework */; };
		217C55401D42CFDC0064A2AD /* CommonCrypto.framework in Frameworks */ = {isa = PBXBuildFile; fileRef = 217C55351D42CFDC0064A2AD /* CommonCrypto.framework */; };
		217C55411D42CFDC0064A2AD /* Diff.framework in Frameworks */ = {isa = PBXBuildFile; fileRef = 217C55361D42CFDC0064A2AD /* Diff.framework */; };
		217C55421D42CFDC0064A2AD /* ISO8601.framework in Frameworks */ = {isa = PBXBuildFile; fileRef = 217C55371D42CFDC0064A2AD /* ISO8601.framework */; };
		217C55431D42CFDC0064A2AD /* OperationalTransformation.framework in Frameworks */ = {isa = PBXBuildFile; fileRef = 217C55381D42CFDC0064A2AD /* OperationalTransformation.framework */; };
		217C55451D42CFDC0064A2AD /* Starscream.framework in Frameworks */ = {isa = PBXBuildFile; fileRef = 217C553A1D42CFDC0064A2AD /* Starscream.framework */; };
		217C55461D42CFDC0064A2AD /* X.framework in Frameworks */ = {isa = PBXBuildFile; fileRef = 217C553B1D42CFDC0064A2AD /* X.framework */; };
		217C555C1D42CFF10064A2AD /* Cache.framework in Frameworks */ = {isa = PBXBuildFile; fileRef = 217C55481D42CFEE0064A2AD /* Cache.framework */; };
		217C555D1D42CFF10064A2AD /* CanvasKit.framework in Frameworks */ = {isa = PBXBuildFile; fileRef = 217C55491D42CFEE0064A2AD /* CanvasKit.framework */; };
		217C555E1D42CFF10064A2AD /* CanvasNative.framework in Frameworks */ = {isa = PBXBuildFile; fileRef = 217C554A1D42CFEE0064A2AD /* CanvasNative.framework */; };
		217C555F1D42CFF10064A2AD /* CommonCrypto.framework in Frameworks */ = {isa = PBXBuildFile; fileRef = 217C554B1D42CFEE0064A2AD /* CommonCrypto.framework */; };
		217C55601D42CFF10064A2AD /* Diff.framework in Frameworks */ = {isa = PBXBuildFile; fileRef = 217C554C1D42CFEE0064A2AD /* Diff.framework */; };
		217C55611D42CFF10064A2AD /* ISO8601.framework in Frameworks */ = {isa = PBXBuildFile; fileRef = 217C554D1D42CFEE0064A2AD /* ISO8601.framework */; };
		217C55621D42CFF10064A2AD /* OperationalTransformation.framework in Frameworks */ = {isa = PBXBuildFile; fileRef = 217C554E1D42CFEE0064A2AD /* OperationalTransformation.framework */; };
		217C55641D42CFF10064A2AD /* Starscream.framework in Frameworks */ = {isa = PBXBuildFile; fileRef = 217C55501D42CFEE0064A2AD /* Starscream.framework */; };
		217C55651D42CFF10064A2AD /* X.framework in Frameworks */ = {isa = PBXBuildFile; fileRef = 217C55511D42CFEE0064A2AD /* X.framework */; };
		217C55791D42D3740064A2AD /* Crypto.framework in Frameworks */ = {isa = PBXBuildFile; fileRef = 217C55781D42D3740064A2AD /* Crypto.framework */; };
		217C557C1D42D3940064A2AD /* Crypto.framework in Embed Frameworks */ = {isa = PBXBuildFile; fileRef = 217C55781D42D3740064A2AD /* Crypto.framework */; settings = {ATTRIBUTES = (CodeSignOnCopy, RemoveHeadersOnCopy, ); }; };
		217C557D1D42D3940064A2AD /* Cache.framework in Embed Frameworks */ = {isa = PBXBuildFile; fileRef = 217C55311D42CFDC0064A2AD /* Cache.framework */; settings = {ATTRIBUTES = (CodeSignOnCopy, RemoveHeadersOnCopy, ); }; };
		217C557E1D42D3940064A2AD /* CanvasKit.framework in Embed Frameworks */ = {isa = PBXBuildFile; fileRef = 217C55321D42CFDC0064A2AD /* CanvasKit.framework */; settings = {ATTRIBUTES = (CodeSignOnCopy, RemoveHeadersOnCopy, ); }; };
		217C557F1D42D3940064A2AD /* CanvasNative.framework in Embed Frameworks */ = {isa = PBXBuildFile; fileRef = 217C55331D42CFDC0064A2AD /* CanvasNative.framework */; settings = {ATTRIBUTES = (CodeSignOnCopy, RemoveHeadersOnCopy, ); }; };
		217C55801D42D3940064A2AD /* CanvasText.framework in Embed Frameworks */ = {isa = PBXBuildFile; fileRef = 217C55341D42CFDC0064A2AD /* CanvasText.framework */; settings = {ATTRIBUTES = (CodeSignOnCopy, RemoveHeadersOnCopy, ); }; };
		217C55811D42D3940064A2AD /* CommonCrypto.framework in Embed Frameworks */ = {isa = PBXBuildFile; fileRef = 217C55351D42CFDC0064A2AD /* CommonCrypto.framework */; settings = {ATTRIBUTES = (CodeSignOnCopy, RemoveHeadersOnCopy, ); }; };
		217C55821D42D3940064A2AD /* Diff.framework in Embed Frameworks */ = {isa = PBXBuildFile; fileRef = 217C55361D42CFDC0064A2AD /* Diff.framework */; settings = {ATTRIBUTES = (CodeSignOnCopy, RemoveHeadersOnCopy, ); }; };
		217C55831D42D3940064A2AD /* ISO8601.framework in Embed Frameworks */ = {isa = PBXBuildFile; fileRef = 217C55371D42CFDC0064A2AD /* ISO8601.framework */; settings = {ATTRIBUTES = (CodeSignOnCopy, RemoveHeadersOnCopy, ); }; };
		217C55841D42D3940064A2AD /* OperationalTransformation.framework in Embed Frameworks */ = {isa = PBXBuildFile; fileRef = 217C55381D42CFDC0064A2AD /* OperationalTransformation.framework */; settings = {ATTRIBUTES = (CodeSignOnCopy, RemoveHeadersOnCopy, ); }; };
		217C55861D42D3940064A2AD /* Starscream.framework in Embed Frameworks */ = {isa = PBXBuildFile; fileRef = 217C553A1D42CFDC0064A2AD /* Starscream.framework */; settings = {ATTRIBUTES = (CodeSignOnCopy, RemoveHeadersOnCopy, ); }; };
		217C55871D42D3940064A2AD /* X.framework in Embed Frameworks */ = {isa = PBXBuildFile; fileRef = 217C553B1D42CFDC0064A2AD /* X.framework */; settings = {ATTRIBUTES = (CodeSignOnCopy, RemoveHeadersOnCopy, ); }; };
		217C55891D42D3B80064A2AD /* Crypto.framework in Frameworks */ = {isa = PBXBuildFile; fileRef = 217C55881D42D3B80064A2AD /* Crypto.framework */; };
		217C558B1D42D3C70064A2AD /* Crypto.framework in Embed Frameworks */ = {isa = PBXBuildFile; fileRef = 217C55881D42D3B80064A2AD /* Crypto.framework */; settings = {ATTRIBUTES = (CodeSignOnCopy, RemoveHeadersOnCopy, ); }; };
		217C558C1D42D3C70064A2AD /* Cache.framework in Embed Frameworks */ = {isa = PBXBuildFile; fileRef = 217C55481D42CFEE0064A2AD /* Cache.framework */; settings = {ATTRIBUTES = (CodeSignOnCopy, RemoveHeadersOnCopy, ); }; };
		217C558D1D42D3C70064A2AD /* CanvasKit.framework in Embed Frameworks */ = {isa = PBXBuildFile; fileRef = 217C55491D42CFEE0064A2AD /* CanvasKit.framework */; settings = {ATTRIBUTES = (CodeSignOnCopy, RemoveHeadersOnCopy, ); }; };
		217C558E1D42D3C70064A2AD /* CanvasNative.framework in Embed Frameworks */ = {isa = PBXBuildFile; fileRef = 217C554A1D42CFEE0064A2AD /* CanvasNative.framework */; settings = {ATTRIBUTES = (CodeSignOnCopy, RemoveHeadersOnCopy, ); }; };
		217C558F1D42D3C70064A2AD /* CommonCrypto.framework in Embed Frameworks */ = {isa = PBXBuildFile; fileRef = 217C554B1D42CFEE0064A2AD /* CommonCrypto.framework */; settings = {ATTRIBUTES = (CodeSignOnCopy, RemoveHeadersOnCopy, ); }; };
		217C55901D42D3C70064A2AD /* Diff.framework in Embed Frameworks */ = {isa = PBXBuildFile; fileRef = 217C554C1D42CFEE0064A2AD /* Diff.framework */; settings = {ATTRIBUTES = (CodeSignOnCopy, RemoveHeadersOnCopy, ); }; };
		217C55911D42D3C70064A2AD /* ISO8601.framework in Embed Frameworks */ = {isa = PBXBuildFile; fileRef = 217C554D1D42CFEE0064A2AD /* ISO8601.framework */; settings = {ATTRIBUTES = (CodeSignOnCopy, RemoveHeadersOnCopy, ); }; };
		217C55921D42D3C70064A2AD /* OperationalTransformation.framework in Embed Frameworks */ = {isa = PBXBuildFile; fileRef = 217C554E1D42CFEE0064A2AD /* OperationalTransformation.framework */; settings = {ATTRIBUTES = (CodeSignOnCopy, RemoveHeadersOnCopy, ); }; };
		217C55941D42D3C70064A2AD /* Starscream.framework in Embed Frameworks */ = {isa = PBXBuildFile; fileRef = 217C55501D42CFEE0064A2AD /* Starscream.framework */; settings = {ATTRIBUTES = (CodeSignOnCopy, RemoveHeadersOnCopy, ); }; };
		217C55951D42D3C70064A2AD /* X.framework in Embed Frameworks */ = {isa = PBXBuildFile; fileRef = 217C55511D42CFEE0064A2AD /* X.framework */; settings = {ATTRIBUTES = (CodeSignOnCopy, RemoveHeadersOnCopy, ); }; };
		219501271D58B591003F5E94 /* URLHelper.swift in Sources */ = {isa = PBXBuildFile; fileRef = 219501261D58B591003F5E94 /* URLHelper.swift */; };
		219501281D58B591003F5E94 /* URLHelper.swift in Sources */ = {isa = PBXBuildFile; fileRef = 219501261D58B591003F5E94 /* URLHelper.swift */; };
		219D23081D171B4900D32F65 /* Accountable.swift in Sources */ = {isa = PBXBuildFile; fileRef = 219D22FD1D171B4900D32F65 /* Accountable.swift */; };
/* End PBXBuildFile section */

/* Begin PBXContainerItemProxy section */
		216B1C981D17199B007D022B /* PBXContainerItemProxy */ = {
			isa = PBXContainerItemProxy;
			containerPortal = 216B1C831D17199B007D022B /* Project object */;
			proxyType = 1;
			remoteGlobalIDString = 216B1C8B1D17199B007D022B;
			remoteInfo = CanvasCore;
		};
		2175D3251D1722AE009C6845 /* PBXContainerItemProxy */ = {
			isa = PBXContainerItemProxy;
			containerPortal = 216B1C831D17199B007D022B /* Project object */;
			proxyType = 1;
			remoteGlobalIDString = 2175D3191D1722AD009C6845;
			remoteInfo = "CanvasCore-macOS";
		};
/* End PBXContainerItemProxy section */

/* Begin PBXCopyFilesBuildPhase section */
		217C557B1D42D38A0064A2AD /* Embed Frameworks */ = {
			isa = PBXCopyFilesBuildPhase;
			buildActionMask = 2147483647;
			dstPath = "";
			dstSubfolderSpec = 10;
			files = (
				217C557C1D42D3940064A2AD /* Crypto.framework in Embed Frameworks */,
				217C557D1D42D3940064A2AD /* Cache.framework in Embed Frameworks */,
				217C557E1D42D3940064A2AD /* CanvasKit.framework in Embed Frameworks */,
				217C557F1D42D3940064A2AD /* CanvasNative.framework in Embed Frameworks */,
				217C55801D42D3940064A2AD /* CanvasText.framework in Embed Frameworks */,
				217C55811D42D3940064A2AD /* CommonCrypto.framework in Embed Frameworks */,
				217C55821D42D3940064A2AD /* Diff.framework in Embed Frameworks */,
				217C55831D42D3940064A2AD /* ISO8601.framework in Embed Frameworks */,
				217C55841D42D3940064A2AD /* OperationalTransformation.framework in Embed Frameworks */,
				21730A031D46F3E5001B63D7 /* SAMKeychain.framework in Embed Frameworks */,
				217C55861D42D3940064A2AD /* Starscream.framework in Embed Frameworks */,
				217C55871D42D3940064A2AD /* X.framework in Embed Frameworks */,
			);
			name = "Embed Frameworks";
			runOnlyForDeploymentPostprocessing = 0;
		};
		217C558A1D42D3BB0064A2AD /* Embed Frameworks */ = {
			isa = PBXCopyFilesBuildPhase;
			buildActionMask = 2147483647;
			dstPath = "";
			dstSubfolderSpec = 10;
			files = (
				217C558B1D42D3C70064A2AD /* Crypto.framework in Embed Frameworks */,
				217C558C1D42D3C70064A2AD /* Cache.framework in Embed Frameworks */,
				217C558D1D42D3C70064A2AD /* CanvasKit.framework in Embed Frameworks */,
				217C558E1D42D3C70064A2AD /* CanvasNative.framework in Embed Frameworks */,
				217C558F1D42D3C70064A2AD /* CommonCrypto.framework in Embed Frameworks */,
				217C55901D42D3C70064A2AD /* Diff.framework in Embed Frameworks */,
				217C55911D42D3C70064A2AD /* ISO8601.framework in Embed Frameworks */,
				217C55921D42D3C70064A2AD /* OperationalTransformation.framework in Embed Frameworks */,
				21730A041D46F3EA001B63D7 /* SAMKeychain.framework in Embed Frameworks */,
				217C55941D42D3C70064A2AD /* Starscream.framework in Embed Frameworks */,
				217C55951D42D3C70064A2AD /* X.framework in Embed Frameworks */,
			);
			name = "Embed Frameworks";
			runOnlyForDeploymentPostprocessing = 0;
		};
/* End PBXCopyFilesBuildPhase section */

/* Begin PBXFileReference section */
		21298C281D2593CF00E741EE /* CanvasCore.swift */ = {isa = PBXFileReference; fileEncoding = 4; lastKnownFileType = sourcecode.swift; path = CanvasCore.swift; sourceTree = "<group>"; };
		215D1AD91D426AEB0030D804 /* STAR_usecanvas_com.der */ = {isa = PBXFileReference; lastKnownFileType = file; path = STAR_usecanvas_com.der; sourceTree = "<group>"; };
		215D1ADC1D426B9C0030D804 /* APIClient.swift */ = {isa = PBXFileReference; fileEncoding = 4; lastKnownFileType = sourcecode.swift; path = APIClient.swift; sourceTree = "<group>"; };
		215D1AE21D426EA30030D804 /* SessionDelegate.swift */ = {isa = PBXFileReference; fileEncoding = 4; lastKnownFileType = sourcecode.swift; path = SessionDelegate.swift; sourceTree = "<group>"; };
		216B1C8C1D17199B007D022B /* CanvasCore.framework */ = {isa = PBXFileReference; explicitFileType = wrapper.framework; includeInIndex = 0; path = CanvasCore.framework; sourceTree = BUILT_PRODUCTS_DIR; };
		216B1C961D17199B007D022B /* CanvasCoreTests.xctest */ = {isa = PBXFileReference; explicitFileType = wrapper.cfbundle; includeInIndex = 0; path = CanvasCoreTests.xctest; sourceTree = BUILT_PRODUCTS_DIR; };
		216B1CA81D1719F6007D022B /* CanvasCore.h */ = {isa = PBXFileReference; fileEncoding = 4; lastKnownFileType = sourcecode.c.h; path = CanvasCore.h; sourceTree = "<group>"; };
		216B1CA91D1719F6007D022B /* Info.plist */ = {isa = PBXFileReference; fileEncoding = 4; lastKnownFileType = text.plist.xml; path = Info.plist; sourceTree = "<group>"; };
		216B1CAA1D1719F6007D022B /* Tests-Info.plist */ = {isa = PBXFileReference; fileEncoding = 4; lastKnownFileType = text.plist.xml; path = "Tests-Info.plist"; sourceTree = "<group>"; };
		216B1CAC1D1719F6007D022B /* URLHelperTests.swift */ = {isa = PBXFileReference; fileEncoding = 4; lastKnownFileType = sourcecode.swift; path = URLHelperTests.swift; sourceTree = "<group>"; };
		216B1CAC1D1719F6007D022B /* CursorTests.swift */ = {isa = PBXFileReference; fileEncoding = 4; lastKnownFileType = sourcecode.swift; path = CursorTests.swift; sourceTree = "<group>"; };
		217309FF1D46F3C9001B63D7 /* SAMKeychain.framework */ = {isa = PBXFileReference; lastKnownFileType = wrapper.framework; name = SAMKeychain.framework; path = Carthage/Build/iOS/SAMKeychain.framework; sourceTree = "<group>"; };
		21730A011D46F3D5001B63D7 /* SAMKeychain.framework */ = {isa = PBXFileReference; lastKnownFileType = wrapper.framework; name = SAMKeychain.framework; path = Carthage/Build/Mac/SAMKeychain.framework; sourceTree = "<group>"; };
		2175D2FC1D172262009C6845 /* AccountController.swift */ = {isa = PBXFileReference; fileEncoding = 4; lastKnownFileType = sourcecode.swift; path = AccountController.swift; sourceTree = "<group>"; };
		2175D31A1D1722AD009C6845 /* CanvasCore.framework */ = {isa = PBXFileReference; explicitFileType = wrapper.framework; includeInIndex = 0; path = CanvasCore.framework; sourceTree = BUILT_PRODUCTS_DIR; };
		2175D3231D1722AE009C6845 /* CanvasCoreTests-macOS.xctest */ = {isa = PBXFileReference; explicitFileType = wrapper.cfbundle; includeInIndex = 0; path = "CanvasCoreTests-macOS.xctest"; sourceTree = BUILT_PRODUCTS_DIR; };
		2175D3441D172320009C6845 /* Cursor.swift */ = {isa = PBXFileReference; fileEncoding = 4; lastKnownFileType = sourcecode.swift; path = Cursor.swift; sourceTree = "<group>"; };
		2175D3481D17236D009C6845 /* Configuration.swift */ = {isa = PBXFileReference; fileEncoding = 4; lastKnownFileType = sourcecode.swift; path = Configuration.swift; sourceTree = "<group>"; };
		2175D5351D173933009C6845 /* en */ = {isa = PBXFileReference; lastKnownFileType = text.plist.strings; name = en; path = en.lproj/Localizable.strings; sourceTree = "<group>"; };
		217C55311D42CFDC0064A2AD /* Cache.framework */ = {isa = PBXFileReference; lastKnownFileType = wrapper.framework; name = Cache.framework; path = Carthage/Build/iOS/Cache.framework; sourceTree = "<group>"; };
		217C55321D42CFDC0064A2AD /* CanvasKit.framework */ = {isa = PBXFileReference; lastKnownFileType = wrapper.framework; name = CanvasKit.framework; path = Carthage/Build/iOS/CanvasKit.framework; sourceTree = "<group>"; };
		217C55331D42CFDC0064A2AD /* CanvasNative.framework */ = {isa = PBXFileReference; lastKnownFileType = wrapper.framework; name = CanvasNative.framework; path = Carthage/Build/iOS/CanvasNative.framework; sourceTree = "<group>"; };
		217C55341D42CFDC0064A2AD /* CanvasText.framework */ = {isa = PBXFileReference; lastKnownFileType = wrapper.framework; name = CanvasText.framework; path = Carthage/Build/iOS/CanvasText.framework; sourceTree = "<group>"; };
		217C55351D42CFDC0064A2AD /* CommonCrypto.framework */ = {isa = PBXFileReference; lastKnownFileType = wrapper.framework; name = CommonCrypto.framework; path = Carthage/Build/iOS/CommonCrypto.framework; sourceTree = "<group>"; };
		217C55361D42CFDC0064A2AD /* Diff.framework */ = {isa = PBXFileReference; lastKnownFileType = wrapper.framework; name = Diff.framework; path = Carthage/Build/iOS/Diff.framework; sourceTree = "<group>"; };
		217C55371D42CFDC0064A2AD /* ISO8601.framework */ = {isa = PBXFileReference; lastKnownFileType = wrapper.framework; name = ISO8601.framework; path = Carthage/Build/iOS/ISO8601.framework; sourceTree = "<group>"; };
		217C55381D42CFDC0064A2AD /* OperationalTransformation.framework */ = {isa = PBXFileReference; lastKnownFileType = wrapper.framework; name = OperationalTransformation.framework; path = Carthage/Build/iOS/OperationalTransformation.framework; sourceTree = "<group>"; };
		217C553A1D42CFDC0064A2AD /* Starscream.framework */ = {isa = PBXFileReference; lastKnownFileType = wrapper.framework; name = Starscream.framework; path = Carthage/Build/iOS/Starscream.framework; sourceTree = "<group>"; };
		217C553B1D42CFDC0064A2AD /* X.framework */ = {isa = PBXFileReference; lastKnownFileType = wrapper.framework; name = X.framework; path = Carthage/Build/iOS/X.framework; sourceTree = "<group>"; };
		217C55481D42CFEE0064A2AD /* Cache.framework */ = {isa = PBXFileReference; lastKnownFileType = wrapper.framework; name = Cache.framework; path = Carthage/Build/Mac/Cache.framework; sourceTree = "<group>"; };
		217C55491D42CFEE0064A2AD /* CanvasKit.framework */ = {isa = PBXFileReference; lastKnownFileType = wrapper.framework; name = CanvasKit.framework; path = Carthage/Build/Mac/CanvasKit.framework; sourceTree = "<group>"; };
		217C554A1D42CFEE0064A2AD /* CanvasNative.framework */ = {isa = PBXFileReference; lastKnownFileType = wrapper.framework; name = CanvasNative.framework; path = Carthage/Build/Mac/CanvasNative.framework; sourceTree = "<group>"; };
		217C554B1D42CFEE0064A2AD /* CommonCrypto.framework */ = {isa = PBXFileReference; lastKnownFileType = wrapper.framework; name = CommonCrypto.framework; path = Carthage/Build/Mac/CommonCrypto.framework; sourceTree = "<group>"; };
		217C554C1D42CFEE0064A2AD /* Diff.framework */ = {isa = PBXFileReference; lastKnownFileType = wrapper.framework; name = Diff.framework; path = Carthage/Build/Mac/Diff.framework; sourceTree = "<group>"; };
		217C554D1D42CFEE0064A2AD /* ISO8601.framework */ = {isa = PBXFileReference; lastKnownFileType = wrapper.framework; name = ISO8601.framework; path = Carthage/Build/Mac/ISO8601.framework; sourceTree = "<group>"; };
		217C554E1D42CFEE0064A2AD /* OperationalTransformation.framework */ = {isa = PBXFileReference; lastKnownFileType = wrapper.framework; name = OperationalTransformation.framework; path = Carthage/Build/Mac/OperationalTransformation.framework; sourceTree = "<group>"; };
		217C55501D42CFEE0064A2AD /* Starscream.framework */ = {isa = PBXFileReference; lastKnownFileType = wrapper.framework; name = Starscream.framework; path = Carthage/Build/Mac/Starscream.framework; sourceTree = "<group>"; };
		217C55511D42CFEE0064A2AD /* X.framework */ = {isa = PBXFileReference; lastKnownFileType = wrapper.framework; name = X.framework; path = Carthage/Build/Mac/X.framework; sourceTree = "<group>"; };
		217C55781D42D3740064A2AD /* Crypto.framework */ = {isa = PBXFileReference; lastKnownFileType = wrapper.framework; name = Crypto.framework; path = Carthage/Build/iOS/Crypto.framework; sourceTree = "<group>"; };
		217C55881D42D3B80064A2AD /* Crypto.framework */ = {isa = PBXFileReference; lastKnownFileType = wrapper.framework; name = Crypto.framework; path = Carthage/Build/Mac/Crypto.framework; sourceTree = "<group>"; };
		219501261D58B591003F5E94 /* URLHelper.swift */ = {isa = PBXFileReference; fileEncoding = 4; lastKnownFileType = sourcecode.swift; path = URLHelper.swift; sourceTree = "<group>"; };
		219D22FD1D171B4900D32F65 /* Accountable.swift */ = {isa = PBXFileReference; fileEncoding = 4; lastKnownFileType = sourcecode.swift; path = Accountable.swift; sourceTree = "<group>"; };
		219D22FE1D171B4900D32F65 /* AvatarsController.swift */ = {isa = PBXFileReference; fileEncoding = 4; lastKnownFileType = sourcecode.swift; path = AvatarsController.swift; sourceTree = "<group>"; };
		219D22FF1D171B4900D32F65 /* Swatch.swift */ = {isa = PBXFileReference; fileEncoding = 4; lastKnownFileType = sourcecode.swift; path = Swatch.swift; sourceTree = "<group>"; };
		219D23001D171B4900D32F65 /* Font.swift */ = {isa = PBXFileReference; fileEncoding = 4; lastKnownFileType = sourcecode.swift; path = Font.swift; sourceTree = "<group>"; };
		219D23011D171B4900D32F65 /* Imgix.swift */ = {isa = PBXFileReference; fileEncoding = 4; lastKnownFileType = sourcecode.swift; path = Imgix.swift; sourceTree = "<group>"; };
		219D23021D171B4900D32F65 /* ImgixController.swift */ = {isa = PBXFileReference; fileEncoding = 4; lastKnownFileType = sourcecode.swift; path = ImgixController.swift; sourceTree = "<group>"; };
		219D23031D171B4900D32F65 /* LightTheme.swift */ = {isa = PBXFileReference; fileEncoding = 4; lastKnownFileType = sourcecode.swift; path = LightTheme.swift; sourceTree = "<group>"; };
		219D23041D171B4900D32F65 /* LocalizedString.swift */ = {isa = PBXFileReference; fileEncoding = 4; lastKnownFileType = sourcecode.swift; path = LocalizedString.swift; sourceTree = "<group>"; };
		219D23051D171B4900D32F65 /* PresenceController.swift */ = {isa = PBXFileReference; fileEncoding = 4; lastKnownFileType = sourcecode.swift; path = PresenceController.swift; sourceTree = "<group>"; };
		219D23061D171B4900D32F65 /* SearchController.swift */ = {isa = PBXFileReference; fileEncoding = 4; lastKnownFileType = sourcecode.swift; path = SearchController.swift; sourceTree = "<group>"; };
		219D23071D171B4900D32F65 /* SpaceView.swift */ = {isa = PBXFileReference; fileEncoding = 4; lastKnownFileType = sourcecode.swift; path = SpaceView.swift; sourceTree = "<group>"; };
/* End PBXFileReference section */

/* Begin PBXFrameworksBuildPhase section */
		216B1C881D17199B007D022B /* Frameworks */ = {
			isa = PBXFrameworksBuildPhase;
			buildActionMask = 2147483647;
			files = (
				217C553C1D42CFDC0064A2AD /* Cache.framework in Frameworks */,
				217C55411D42CFDC0064A2AD /* Diff.framework in Frameworks */,
				217C553F1D42CFDC0064A2AD /* CanvasText.framework in Frameworks */,
				217C55451D42CFDC0064A2AD /* Starscream.framework in Frameworks */,
				217C553E1D42CFDC0064A2AD /* CanvasNative.framework in Frameworks */,
				217C55431D42CFDC0064A2AD /* OperationalTransformation.framework in Frameworks */,
				217C55461D42CFDC0064A2AD /* X.framework in Frameworks */,
				217C55421D42CFDC0064A2AD /* ISO8601.framework in Frameworks */,
				217C55401D42CFDC0064A2AD /* CommonCrypto.framework in Frameworks */,
				217C55791D42D3740064A2AD /* Crypto.framework in Frameworks */,
				21730A001D46F3C9001B63D7 /* SAMKeychain.framework in Frameworks */,
				217C553D1D42CFDC0064A2AD /* CanvasKit.framework in Frameworks */,
			);
			runOnlyForDeploymentPostprocessing = 0;
		};
		216B1C931D17199B007D022B /* Frameworks */ = {
			isa = PBXFrameworksBuildPhase;
			buildActionMask = 2147483647;
			files = (
				216B1C971D17199B007D022B /* CanvasCore.framework in Frameworks */,
			);
			runOnlyForDeploymentPostprocessing = 0;
		};
		2175D3161D1722AD009C6845 /* Frameworks */ = {
			isa = PBXFrameworksBuildPhase;
			buildActionMask = 2147483647;
			files = (
				217C555F1D42CFF10064A2AD /* CommonCrypto.framework in Frameworks */,
				217C555C1D42CFF10064A2AD /* Cache.framework in Frameworks */,
				217C55891D42D3B80064A2AD /* Crypto.framework in Frameworks */,
				217C55621D42CFF10064A2AD /* OperationalTransformation.framework in Frameworks */,
				217C55641D42CFF10064A2AD /* Starscream.framework in Frameworks */,
				21730A021D46F3D5001B63D7 /* SAMKeychain.framework in Frameworks */,
				217C55601D42CFF10064A2AD /* Diff.framework in Frameworks */,
				217C555E1D42CFF10064A2AD /* CanvasNative.framework in Frameworks */,
				217C55651D42CFF10064A2AD /* X.framework in Frameworks */,
				217C555D1D42CFF10064A2AD /* CanvasKit.framework in Frameworks */,
				217C55611D42CFF10064A2AD /* ISO8601.framework in Frameworks */,
			);
			runOnlyForDeploymentPostprocessing = 0;
		};
		2175D3201D1722AE009C6845 /* Frameworks */ = {
			isa = PBXFrameworksBuildPhase;
			buildActionMask = 2147483647;
			files = (
				2175D3241D1722AE009C6845 /* CanvasCore.framework in Frameworks */,
			);
			runOnlyForDeploymentPostprocessing = 0;
		};
/* End PBXFrameworksBuildPhase section */

/* Begin PBXGroup section */
		216B1C821D17199B007D022B = {
			isa = PBXGroup;
			children = (
				216B1CA61D1719F6007D022B /* Sources */,
				216B1CA71D1719F6007D022B /* Support */,
				216B1CAB1D1719F6007D022B /* Tests */,
				217C552F1D42CFC30064A2AD /* Frameworks */,
				216B1C8D1D17199B007D022B /* Products */,
			);
			sourceTree = "<group>";
		};
		216B1C8D1D17199B007D022B /* Products */ = {
			isa = PBXGroup;
			children = (
				216B1C8C1D17199B007D022B /* CanvasCore.framework */,
				216B1C961D17199B007D022B /* CanvasCoreTests.xctest */,
				2175D31A1D1722AD009C6845 /* CanvasCore.framework */,
				2175D3231D1722AE009C6845 /* CanvasCoreTests-macOS.xctest */,
			);
			name = Products;
			sourceTree = "<group>";
		};
		216B1CA61D1719F6007D022B /* Sources */ = {
			isa = PBXGroup;
			children = (
				21298C281D2593CF00E741EE /* CanvasCore.swift */,
				2175D3481D17236D009C6845 /* Configuration.swift */,
				219D23141D171B5400D32F65 /* Controllers */,
				2175D3461D172322009C6845 /* Models */,
				219D23151D171B5A00D32F65 /* Styles */,
				219D23161D171B5F00D32F65 /* Utilities */,
				219D23131D171B4E00D32F65 /* Views */,
				219D23171D171B6600D32F65 /* Protocols */,
			);
			path = Sources;
			sourceTree = "<group>";
		};
		216B1CA71D1719F6007D022B /* Support */ = {
			isa = PBXGroup;
			children = (
				215D1AD91D426AEB0030D804 /* STAR_usecanvas_com.der */,
				216B1CA81D1719F6007D022B /* CanvasCore.h */,
				216B1CA91D1719F6007D022B /* Info.plist */,
				216B1CAA1D1719F6007D022B /* Tests-Info.plist */,
				2175D5341D173933009C6845 /* Localizable.strings */,
			);
			path = Support;
			sourceTree = "<group>";
		};
		216B1CAB1D1719F6007D022B /* Tests */ = {
			isa = PBXGroup;
			children = (
				216B1CAC1D1719F6007D022B /* URLHelperTests.swift */,
				216B1CAC1D1719F6007D022B /* CursorTests.swift */,
			);
			path = Tests;
			sourceTree = "<group>";
		};
		2175D3461D172322009C6845 /* Models */ = {
			isa = PBXGroup;
			children = (
				2175D3441D172320009C6845 /* Cursor.swift */,
				219501261D58B591003F5E94 /* URLHelper.swift */,
			);
			name = Models;
			sourceTree = "<group>";
		};
		217C552F1D42CFC30064A2AD /* Frameworks */ = {
			isa = PBXGroup;
			children = (
				217C55301D42CFC80064A2AD /* iOS */,
				217C55471D42CFDF0064A2AD /* macOS */,
			);
			name = Frameworks;
			sourceTree = "<group>";
		};
		217C55301D42CFC80064A2AD /* iOS */ = {
			isa = PBXGroup;
			children = (
				217309FF1D46F3C9001B63D7 /* SAMKeychain.framework */,
				217C55781D42D3740064A2AD /* Crypto.framework */,
				217C55311D42CFDC0064A2AD /* Cache.framework */,
				217C55321D42CFDC0064A2AD /* CanvasKit.framework */,
				217C55331D42CFDC0064A2AD /* CanvasNative.framework */,
				217C55341D42CFDC0064A2AD /* CanvasText.framework */,
				217C55351D42CFDC0064A2AD /* CommonCrypto.framework */,
				217C55361D42CFDC0064A2AD /* Diff.framework */,
				217C55371D42CFDC0064A2AD /* ISO8601.framework */,
				217C55381D42CFDC0064A2AD /* OperationalTransformation.framework */,
				217C553A1D42CFDC0064A2AD /* Starscream.framework */,
				217C553B1D42CFDC0064A2AD /* X.framework */,
			);
			name = iOS;
			sourceTree = "<group>";
		};
		217C55471D42CFDF0064A2AD /* macOS */ = {
			isa = PBXGroup;
			children = (
				21730A011D46F3D5001B63D7 /* SAMKeychain.framework */,
				217C55881D42D3B80064A2AD /* Crypto.framework */,
				217C55481D42CFEE0064A2AD /* Cache.framework */,
				217C55491D42CFEE0064A2AD /* CanvasKit.framework */,
				217C554A1D42CFEE0064A2AD /* CanvasNative.framework */,
				217C554B1D42CFEE0064A2AD /* CommonCrypto.framework */,
				217C554C1D42CFEE0064A2AD /* Diff.framework */,
				217C554D1D42CFEE0064A2AD /* ISO8601.framework */,
				217C554E1D42CFEE0064A2AD /* OperationalTransformation.framework */,
				217C55501D42CFEE0064A2AD /* Starscream.framework */,
				217C55511D42CFEE0064A2AD /* X.framework */,
			);
			name = macOS;
			sourceTree = "<group>";
		};
		219D23131D171B4E00D32F65 /* Views */ = {
			isa = PBXGroup;
			children = (
				219D23071D171B4900D32F65 /* SpaceView.swift */,
			);
			name = Views;
			sourceTree = "<group>";
		};
		219D23141D171B5400D32F65 /* Controllers */ = {
			isa = PBXGroup;
			children = (
				2175D2FC1D172262009C6845 /* AccountController.swift */,
				219D22FE1D171B4900D32F65 /* AvatarsController.swift */,
				219D23021D171B4900D32F65 /* ImgixController.swift */,
				219D23051D171B4900D32F65 /* PresenceController.swift */,
				219D23061D171B4900D32F65 /* SearchController.swift */,
			);
			name = Controllers;
			sourceTree = "<group>";
		};
		219D23151D171B5A00D32F65 /* Styles */ = {
			isa = PBXGroup;
			children = (
				219D22FF1D171B4900D32F65 /* Swatch.swift */,
				219D23001D171B4900D32F65 /* Font.swift */,
				219D23031D171B4900D32F65 /* LightTheme.swift */,
			);
			name = Styles;
			sourceTree = "<group>";
		};
		219D23161D171B5F00D32F65 /* Utilities */ = {
			isa = PBXGroup;
			children = (
				219D23011D171B4900D32F65 /* Imgix.swift */,
				219D23041D171B4900D32F65 /* LocalizedString.swift */,
				215D1ADC1D426B9C0030D804 /* APIClient.swift */,
				215D1AE21D426EA30030D804 /* SessionDelegate.swift */,
			);
			name = Utilities;
			sourceTree = "<group>";
		};
		219D23171D171B6600D32F65 /* Protocols */ = {
			isa = PBXGroup;
			children = (
				219D22FD1D171B4900D32F65 /* Accountable.swift */,
			);
			name = Protocols;
			sourceTree = "<group>";
		};
/* End PBXGroup section */

/* Begin PBXHeadersBuildPhase section */
		216B1C891D17199B007D022B /* Headers */ = {
			isa = PBXHeadersBuildPhase;
			buildActionMask = 2147483647;
			files = (
				216B1CAD1D1719F6007D022B /* CanvasCore.h in Headers */,
			);
			runOnlyForDeploymentPostprocessing = 0;
		};
		2175D3171D1722AD009C6845 /* Headers */ = {
			isa = PBXHeadersBuildPhase;
			buildActionMask = 2147483647;
			files = (
			);
			runOnlyForDeploymentPostprocessing = 0;
		};
/* End PBXHeadersBuildPhase section */

/* Begin PBXNativeTarget section */
		216B1C8B1D17199B007D022B /* CanvasCore-iOS */ = {
			isa = PBXNativeTarget;
			buildConfigurationList = 216B1CA01D17199B007D022B /* Build configuration list for PBXNativeTarget "CanvasCore-iOS" */;
			buildPhases = (
				216B1C871D17199B007D022B /* Sources */,
				216B1C881D17199B007D022B /* Frameworks */,
				216B1C891D17199B007D022B /* Headers */,
				216B1C8A1D17199B007D022B /* Resources */,
				2170E7B41D47E079003E515B /* Copy Products */,
			);
			buildRules = (
			);
			dependencies = (
			);
			name = "CanvasCore-iOS";
			productName = CanvasCore;
			productReference = 216B1C8C1D17199B007D022B /* CanvasCore.framework */;
			productType = "com.apple.product-type.framework";
		};
		216B1C951D17199B007D022B /* CanvasCoreTests-iOS */ = {
			isa = PBXNativeTarget;
			buildConfigurationList = 216B1CA31D17199B007D022B /* Build configuration list for PBXNativeTarget "CanvasCoreTests-iOS" */;
			buildPhases = (
				216B1C921D17199B007D022B /* Sources */,
				216B1C931D17199B007D022B /* Frameworks */,
				216B1C941D17199B007D022B /* Resources */,
				217C557B1D42D38A0064A2AD /* Embed Frameworks */,
			);
			buildRules = (
			);
			dependencies = (
				216B1C991D17199B007D022B /* PBXTargetDependency */,
			);
			name = "CanvasCoreTests-iOS";
			productName = CanvasCoreTests;
			productReference = 216B1C961D17199B007D022B /* CanvasCoreTests.xctest */;
			productType = "com.apple.product-type.bundle.unit-test";
		};
		2175D3191D1722AD009C6845 /* CanvasCore-macOS */ = {
			isa = PBXNativeTarget;
			buildConfigurationList = 2175D32B1D1722AE009C6845 /* Build configuration list for PBXNativeTarget "CanvasCore-macOS" */;
			buildPhases = (
				2175D3151D1722AD009C6845 /* Sources */,
				2175D3161D1722AD009C6845 /* Frameworks */,
				2175D3171D1722AD009C6845 /* Headers */,
				2175D3181D1722AD009C6845 /* Resources */,
				2170E7B51D47E096003E515B /* Copy Products */,
			);
			buildRules = (
			);
			dependencies = (
			);
			name = "CanvasCore-macOS";
			productName = "CanvasCore-macOS";
			productReference = 2175D31A1D1722AD009C6845 /* CanvasCore.framework */;
			productType = "com.apple.product-type.framework";
		};
		2175D3221D1722AE009C6845 /* CanvasCoreTests-macOS */ = {
			isa = PBXNativeTarget;
			buildConfigurationList = 2175D32E1D1722AE009C6845 /* Build configuration list for PBXNativeTarget "CanvasCoreTests-macOS" */;
			buildPhases = (
				2175D31F1D1722AE009C6845 /* Sources */,
				2175D3201D1722AE009C6845 /* Frameworks */,
				2175D3211D1722AE009C6845 /* Resources */,
				217C558A1D42D3BB0064A2AD /* Embed Frameworks */,
			);
			buildRules = (
			);
			dependencies = (
				2175D3261D1722AE009C6845 /* PBXTargetDependency */,
			);
			name = "CanvasCoreTests-macOS";
			productName = "CanvasCore-macOSTests";
			productReference = 2175D3231D1722AE009C6845 /* CanvasCoreTests-macOS.xctest */;
			productType = "com.apple.product-type.bundle.unit-test";
		};
/* End PBXNativeTarget section */

/* Begin PBXProject section */
		216B1C831D17199B007D022B /* Project object */ = {
			isa = PBXProject;
			attributes = {
				LastSwiftUpdateCheck = 0730;
				LastUpgradeCheck = 0730;
				ORGANIZATIONNAME = "Canvas Labs, Inc.";
				TargetAttributes = {
					216B1C8B1D17199B007D022B = {
						CreatedOnToolsVersion = 7.3.1;
					};
					216B1C951D17199B007D022B = {
						CreatedOnToolsVersion = 7.3.1;
					};
					2175D3191D1722AD009C6845 = {
						CreatedOnToolsVersion = 7.3.1;
					};
					2175D3221D1722AE009C6845 = {
						CreatedOnToolsVersion = 7.3.1;
					};
				};
			};
			buildConfigurationList = 216B1C861D17199B007D022B /* Build configuration list for PBXProject "CanvasCore" */;
			compatibilityVersion = "Xcode 3.2";
			developmentRegion = English;
			hasScannedForEncodings = 0;
			knownRegions = (
				en,
				Base,
			);
			mainGroup = 216B1C821D17199B007D022B;
			productRefGroup = 216B1C8D1D17199B007D022B /* Products */;
			projectDirPath = "";
			projectRoot = "";
			targets = (
				216B1C8B1D17199B007D022B /* CanvasCore-iOS */,
				216B1C951D17199B007D022B /* CanvasCoreTests-iOS */,
				2175D3191D1722AD009C6845 /* CanvasCore-macOS */,
				2175D3221D1722AE009C6845 /* CanvasCoreTests-macOS */,
			);
		};
/* End PBXProject section */

/* Begin PBXResourcesBuildPhase section */
		216B1C8A1D17199B007D022B /* Resources */ = {
			isa = PBXResourcesBuildPhase;
			buildActionMask = 2147483647;
			files = (
				2175D5361D173933009C6845 /* Localizable.strings in Resources */,
				215D1ADA1D426AEB0030D804 /* STAR_usecanvas_com.der in Resources */,
			);
			runOnlyForDeploymentPostprocessing = 0;
		};
		216B1C941D17199B007D022B /* Resources */ = {
			isa = PBXResourcesBuildPhase;
			buildActionMask = 2147483647;
			files = (
			);
			runOnlyForDeploymentPostprocessing = 0;
		};
		2175D3181D1722AD009C6845 /* Resources */ = {
			isa = PBXResourcesBuildPhase;
			buildActionMask = 2147483647;
			files = (
				2175D5371D173936009C6845 /* Localizable.strings in Resources */,
				215D1ADB1D426AEB0030D804 /* STAR_usecanvas_com.der in Resources */,
			);
			runOnlyForDeploymentPostprocessing = 0;
		};
		2175D3211D1722AE009C6845 /* Resources */ = {
			isa = PBXResourcesBuildPhase;
			buildActionMask = 2147483647;
			files = (
			);
			runOnlyForDeploymentPostprocessing = 0;
		};
/* End PBXResourcesBuildPhase section */

/* Begin PBXShellScriptBuildPhase section */
		2170E7B41D47E079003E515B /* Copy Products */ = {
			isa = PBXShellScriptBuildPhase;
			buildActionMask = 2147483647;
			files = (
			);
			inputPaths = (
			);
			name = "Copy Products";
			outputPaths = (
			);
			runOnlyForDeploymentPostprocessing = 0;
			shellPath = /bin/sh;
			shellScript = "build_dir=\"$SRCROOT/Carthage/Build\"\nif ! [ -L \"$build_dir\" ]; then exit 0; fi\nrsync --delete -av \"$BUILT_PRODUCTS_DIR/$PRODUCT_NAME\"* \"$build_dir/iOS\"";
		};
		2170E7B51D47E096003E515B /* Copy Products */ = {
			isa = PBXShellScriptBuildPhase;
			buildActionMask = 2147483647;
			files = (
			);
			inputPaths = (
			);
			name = "Copy Products";
			outputPaths = (
			);
			runOnlyForDeploymentPostprocessing = 0;
			shellPath = /bin/sh;
			shellScript = "build_dir=\"$SRCROOT/Carthage/Build\"\nif ! [ -L \"$build_dir\" ]; then exit 0; fi\nrsync --delete -av \"$BUILT_PRODUCTS_DIR/$PRODUCT_NAME\"* \"$build_dir/Mac\"";
		};
/* End PBXShellScriptBuildPhase section */

/* Begin PBXSourcesBuildPhase section */
		216B1C871D17199B007D022B /* Sources */ = {
			isa = PBXSourcesBuildPhase;
			buildActionMask = 2147483647;
			files = (
				2175D52D1D173880009C6845 /* AvatarsController.swift in Sources */,
				2175D52F1D173922009C6845 /* LocalizedString.swift in Sources */,
				21298C291D2593CF00E741EE /* CanvasCore.swift in Sources */,
				215D1ADD1D426B9C0030D804 /* APIClient.swift in Sources */,
				219501271D58B591003F5E94 /* URLHelper.swift in Sources */,
				2175D5381D173995009C6845 /* Font.swift in Sources */,
				219D23081D171B4900D32F65 /* Accountable.swift in Sources */,
				2175D5291D173753009C6845 /* SearchController.swift in Sources */,
				2175D4F51D1736FD009C6845 /* SpaceView.swift in Sources */,
				2175D3491D17236D009C6845 /* Configuration.swift in Sources */,
				2175D3451D172320009C6845 /* Cursor.swift in Sources */,
				2175D52B1D1737DD009C6845 /* ImgixController.swift in Sources */,
				215D1AE31D426EA30030D804 /* SessionDelegate.swift in Sources */,
				2175D2FD1D172262009C6845 /* AccountController.swift in Sources */,
				2175D5271D173744009C6845 /* Imgix.swift in Sources */,
				2175D3431D1722FF009C6845 /* PresenceController.swift in Sources */,
				2175D3701D1725A0009C6845 /* LightTheme.swift in Sources */,
				2175D36E1D17255D009C6845 /* Swatch.swift in Sources */,
			);
			runOnlyForDeploymentPostprocessing = 0;
		};
		216B1C921D17199B007D022B /* Sources */ = {
			isa = PBXSourcesBuildPhase;
			buildActionMask = 2147483647;
			files = (
				216B1CB11D171A04007D022B /* URLHelperTests.swift in Sources */,
				216B1CB11D171A04007D022B /* CursorTests.swift in Sources */,
			);
			runOnlyForDeploymentPostprocessing = 0;
		};
		2175D3151D1722AD009C6845 /* Sources */ = {
			isa = PBXSourcesBuildPhase;
			buildActionMask = 2147483647;
			files = (
				2175D52C1D173880009C6845 /* AvatarsController.swift in Sources */,
				2175D52E1D173922009C6845 /* LocalizedString.swift in Sources */,
				21298C2A1D2593CF00E741EE /* CanvasCore.swift in Sources */,
				215D1ADE1D426B9C0030D804 /* APIClient.swift in Sources */,
				219501281D58B591003F5E94 /* URLHelper.swift in Sources */,
				2176785E1D17589300003D89 /* Font.swift in Sources */,
				2175D3311D1722CA009C6845 /* AccountController.swift in Sources */,
				2175D5281D173753009C6845 /* SearchController.swift in Sources */,
				2175D4D11D1736FC009C6845 /* SpaceView.swift in Sources */,
				2175D34A1D172370009C6845 /* Configuration.swift in Sources */,
				2175D3471D17232A009C6845 /* Cursor.swift in Sources */,
				2175D52A1D1737DC009C6845 /* ImgixController.swift in Sources */,
				215D1AE41D426EA30030D804 /* SessionDelegate.swift in Sources */,
				2175D3321D1722CA009C6845 /* Accountable.swift in Sources */,
				2175D5261D173744009C6845 /* Imgix.swift in Sources */,
				2175D3421D1722FF009C6845 /* PresenceController.swift in Sources */,
				2175D36F1D1725A0009C6845 /* LightTheme.swift in Sources */,
				2175D36D1D17255D009C6845 /* Swatch.swift in Sources */,
			);
			runOnlyForDeploymentPostprocessing = 0;
		};
		2175D31F1D1722AE009C6845 /* Sources */ = {
			isa = PBXSourcesBuildPhase;
			buildActionMask = 2147483647;
			files = (
			);
			runOnlyForDeploymentPostprocessing = 0;
		};
/* End PBXSourcesBuildPhase section */

/* Begin PBXTargetDependency section */
		216B1C991D17199B007D022B /* PBXTargetDependency */ = {
			isa = PBXTargetDependency;
			target = 216B1C8B1D17199B007D022B /* CanvasCore-iOS */;
			targetProxy = 216B1C981D17199B007D022B /* PBXContainerItemProxy */;
		};
		2175D3261D1722AE009C6845 /* PBXTargetDependency */ = {
			isa = PBXTargetDependency;
			target = 2175D3191D1722AD009C6845 /* CanvasCore-macOS */;
			targetProxy = 2175D3251D1722AE009C6845 /* PBXContainerItemProxy */;
		};
/* End PBXTargetDependency section */

/* Begin PBXVariantGroup section */
		2175D5341D173933009C6845 /* Localizable.strings */ = {
			isa = PBXVariantGroup;
			children = (
				2175D5351D173933009C6845 /* en */,
			);
			name = Localizable.strings;
			sourceTree = "<group>";
		};
/* End PBXVariantGroup section */

/* Begin XCBuildConfiguration section */
		216B1C9E1D17199B007D022B /* Debug */ = {
			isa = XCBuildConfiguration;
			buildSettings = {
				ALWAYS_SEARCH_USER_PATHS = NO;
				CLANG_ANALYZER_NONNULL = YES;
				CLANG_CXX_LANGUAGE_STANDARD = "gnu++0x";
				CLANG_CXX_LIBRARY = "libc++";
				CLANG_ENABLE_MODULES = YES;
				CLANG_ENABLE_OBJC_ARC = YES;
				CLANG_WARN_BOOL_CONVERSION = YES;
				CLANG_WARN_CONSTANT_CONVERSION = YES;
				CLANG_WARN_DIRECT_OBJC_ISA_USAGE = YES_ERROR;
				CLANG_WARN_EMPTY_BODY = YES;
				CLANG_WARN_ENUM_CONVERSION = YES;
				CLANG_WARN_INT_CONVERSION = YES;
				CLANG_WARN_OBJC_ROOT_CLASS = YES_ERROR;
				CLANG_WARN_UNREACHABLE_CODE = YES;
				CLANG_WARN__DUPLICATE_METHOD_MATCH = YES;
				"CODE_SIGN_IDENTITY[sdk=iphoneos*]" = "iPhone Developer";
				COPY_PHASE_STRIP = NO;
				CURRENT_PROJECT_VERSION = 1;
				DEBUG_INFORMATION_FORMAT = dwarf;
				ENABLE_STRICT_OBJC_MSGSEND = YES;
				ENABLE_TESTABILITY = YES;
				GCC_C_LANGUAGE_STANDARD = gnu99;
				GCC_DYNAMIC_NO_PIC = NO;
				GCC_NO_COMMON_BLOCKS = YES;
				GCC_OPTIMIZATION_LEVEL = 0;
				GCC_PREPROCESSOR_DEFINITIONS = (
					"DEBUG=1",
					"$(inherited)",
				);
				GCC_WARN_64_TO_32_BIT_CONVERSION = YES;
				GCC_WARN_ABOUT_RETURN_TYPE = YES_ERROR;
				GCC_WARN_UNDECLARED_SELECTOR = YES;
				GCC_WARN_UNINITIALIZED_AUTOS = YES_AGGRESSIVE;
				GCC_WARN_UNUSED_FUNCTION = YES;
				GCC_WARN_UNUSED_VARIABLE = YES;
				IPHONEOS_DEPLOYMENT_TARGET = 9.0;
				MTL_ENABLE_DEBUG_INFO = YES;
				ONLY_ACTIVE_ARCH = YES;
				SDKROOT = iphoneos;
				SWIFT_OPTIMIZATION_LEVEL = "-Onone";
				TARGETED_DEVICE_FAMILY = "1,2";
				VERSIONING_SYSTEM = "apple-generic";
				VERSION_INFO_PREFIX = "";
			};
			name = Debug;
		};
		216B1C9F1D17199B007D022B /* Release */ = {
			isa = XCBuildConfiguration;
			buildSettings = {
				ALWAYS_SEARCH_USER_PATHS = NO;
				CLANG_ANALYZER_NONNULL = YES;
				CLANG_CXX_LANGUAGE_STANDARD = "gnu++0x";
				CLANG_CXX_LIBRARY = "libc++";
				CLANG_ENABLE_MODULES = YES;
				CLANG_ENABLE_OBJC_ARC = YES;
				CLANG_WARN_BOOL_CONVERSION = YES;
				CLANG_WARN_CONSTANT_CONVERSION = YES;
				CLANG_WARN_DIRECT_OBJC_ISA_USAGE = YES_ERROR;
				CLANG_WARN_EMPTY_BODY = YES;
				CLANG_WARN_ENUM_CONVERSION = YES;
				CLANG_WARN_INT_CONVERSION = YES;
				CLANG_WARN_OBJC_ROOT_CLASS = YES_ERROR;
				CLANG_WARN_UNREACHABLE_CODE = YES;
				CLANG_WARN__DUPLICATE_METHOD_MATCH = YES;
				"CODE_SIGN_IDENTITY[sdk=iphoneos*]" = "iPhone Developer";
				COPY_PHASE_STRIP = NO;
				CURRENT_PROJECT_VERSION = 1;
				DEBUG_INFORMATION_FORMAT = "dwarf-with-dsym";
				ENABLE_NS_ASSERTIONS = NO;
				ENABLE_STRICT_OBJC_MSGSEND = YES;
				GCC_C_LANGUAGE_STANDARD = gnu99;
				GCC_NO_COMMON_BLOCKS = YES;
				GCC_WARN_64_TO_32_BIT_CONVERSION = YES;
				GCC_WARN_ABOUT_RETURN_TYPE = YES_ERROR;
				GCC_WARN_UNDECLARED_SELECTOR = YES;
				GCC_WARN_UNINITIALIZED_AUTOS = YES_AGGRESSIVE;
				GCC_WARN_UNUSED_FUNCTION = YES;
				GCC_WARN_UNUSED_VARIABLE = YES;
				IPHONEOS_DEPLOYMENT_TARGET = 9.0;
				MTL_ENABLE_DEBUG_INFO = NO;
				SDKROOT = iphoneos;
				TARGETED_DEVICE_FAMILY = "1,2";
				VALIDATE_PRODUCT = YES;
				VERSIONING_SYSTEM = "apple-generic";
				VERSION_INFO_PREFIX = "";
			};
			name = Release;
		};
		216B1CA11D17199B007D022B /* Debug */ = {
			isa = XCBuildConfiguration;
			buildSettings = {
				APPLICATION_EXTENSION_API_ONLY = YES;
				CLANG_ENABLE_MODULES = YES;
				DEFINES_MODULE = YES;
				DYLIB_COMPATIBILITY_VERSION = 1;
				DYLIB_CURRENT_VERSION = 1;
				DYLIB_INSTALL_NAME_BASE = "@rpath";
				FRAMEWORK_SEARCH_PATHS = (
					"$(inherited)",
					"$(PROJECT_DIR)/Carthage/Build/iOS",
				);
				INFOPLIST_FILE = "$(SRCROOT)/Support/Info.plist";
				INSTALL_PATH = "$(LOCAL_LIBRARY_DIR)/Frameworks";
				LD_RUNPATH_SEARCH_PATHS = "$(inherited) @executable_path/Frameworks @loader_path/Frameworks";
				PRODUCT_BUNDLE_IDENTIFIER = com.usecanvas.canvascore;
				PRODUCT_NAME = CanvasCore;
				SKIP_INSTALL = YES;
				SWIFT_OPTIMIZATION_LEVEL = "-Onone";
			};
			name = Debug;
		};
		216B1CA21D17199B007D022B /* Release */ = {
			isa = XCBuildConfiguration;
			buildSettings = {
				APPLICATION_EXTENSION_API_ONLY = YES;
				CLANG_ENABLE_MODULES = YES;
				DEFINES_MODULE = YES;
				DYLIB_COMPATIBILITY_VERSION = 1;
				DYLIB_CURRENT_VERSION = 1;
				DYLIB_INSTALL_NAME_BASE = "@rpath";
				FRAMEWORK_SEARCH_PATHS = (
					"$(inherited)",
					"$(PROJECT_DIR)/Carthage/Build/iOS",
				);
				INFOPLIST_FILE = "$(SRCROOT)/Support/Info.plist";
				INSTALL_PATH = "$(LOCAL_LIBRARY_DIR)/Frameworks";
				LD_RUNPATH_SEARCH_PATHS = "$(inherited) @executable_path/Frameworks @loader_path/Frameworks";
				PRODUCT_BUNDLE_IDENTIFIER = com.usecanvas.canvascore;
				PRODUCT_NAME = CanvasCore;
				SKIP_INSTALL = YES;
			};
			name = Release;
		};
		216B1CA41D17199B007D022B /* Debug */ = {
			isa = XCBuildConfiguration;
			buildSettings = {
				INFOPLIST_FILE = "Support/Tests-Info.plist";
				LD_RUNPATH_SEARCH_PATHS = "$(inherited) @executable_path/Frameworks @loader_path/Frameworks";
				PRODUCT_BUNDLE_IDENTIFIER = com.usecanvas.canvascore.tests;
				PRODUCT_NAME = CanvasCoreTests;
			};
			name = Debug;
		};
		216B1CA51D17199B007D022B /* Release */ = {
			isa = XCBuildConfiguration;
			buildSettings = {
				INFOPLIST_FILE = "Support/Tests-Info.plist";
				LD_RUNPATH_SEARCH_PATHS = "$(inherited) @executable_path/Frameworks @loader_path/Frameworks";
				PRODUCT_BUNDLE_IDENTIFIER = com.usecanvas.canvascore.tests;
				PRODUCT_NAME = CanvasCoreTests;
			};
			name = Release;
		};
		2175D32C1D1722AE009C6845 /* Debug */ = {
			isa = XCBuildConfiguration;
			buildSettings = {
				CODE_SIGN_IDENTITY = "-";
				COMBINE_HIDPI_IMAGES = YES;
				DEFINES_MODULE = YES;
				DYLIB_COMPATIBILITY_VERSION = 1;
				DYLIB_CURRENT_VERSION = 1;
				DYLIB_INSTALL_NAME_BASE = "@rpath";
				FRAMEWORK_SEARCH_PATHS = (
					"$(inherited)",
					"$(PROJECT_DIR)/Carthage/Build/Mac",
				);
				FRAMEWORK_VERSION = A;
				INFOPLIST_FILE = Support/Info.plist;
				INSTALL_PATH = "$(LOCAL_LIBRARY_DIR)/Frameworks";
				LD_RUNPATH_SEARCH_PATHS = "$(inherited) @executable_path/../Frameworks @loader_path/Frameworks";
				MACOSX_DEPLOYMENT_TARGET = 10.11;
				PRODUCT_BUNDLE_IDENTIFIER = com.usecanvas.canvascore;
				PRODUCT_NAME = CanvasCore;
				SDKROOT = macosx;
				SKIP_INSTALL = YES;
			};
			name = Debug;
		};
		2175D32D1D1722AE009C6845 /* Release */ = {
			isa = XCBuildConfiguration;
			buildSettings = {
				CODE_SIGN_IDENTITY = "-";
				COMBINE_HIDPI_IMAGES = YES;
				DEFINES_MODULE = YES;
				DYLIB_COMPATIBILITY_VERSION = 1;
				DYLIB_CURRENT_VERSION = 1;
				DYLIB_INSTALL_NAME_BASE = "@rpath";
				FRAMEWORK_SEARCH_PATHS = (
					"$(inherited)",
					"$(PROJECT_DIR)/Carthage/Build/Mac",
				);
				FRAMEWORK_VERSION = A;
				INFOPLIST_FILE = Support/Info.plist;
				INSTALL_PATH = "$(LOCAL_LIBRARY_DIR)/Frameworks";
				LD_RUNPATH_SEARCH_PATHS = "$(inherited) @executable_path/../Frameworks @loader_path/Frameworks";
				MACOSX_DEPLOYMENT_TARGET = 10.11;
				PRODUCT_BUNDLE_IDENTIFIER = com.usecanvas.canvascore;
				PRODUCT_NAME = CanvasCore;
				SDKROOT = macosx;
				SKIP_INSTALL = YES;
			};
			name = Release;
		};
		2175D32F1D1722AE009C6845 /* Debug */ = {
			isa = XCBuildConfiguration;
			buildSettings = {
				CODE_SIGN_IDENTITY = "-";
				COMBINE_HIDPI_IMAGES = YES;
				INFOPLIST_FILE = "CanvasCore-macOSTests/Info.plist";
				LD_RUNPATH_SEARCH_PATHS = "$(inherited) @executable_path/../Frameworks @loader_path/../Frameworks";
				MACOSX_DEPLOYMENT_TARGET = 10.11;
				PRODUCT_BUNDLE_IDENTIFIER = "com.usecanvas.CanvasCore-macOSTests";
				PRODUCT_NAME = "$(TARGET_NAME)";
				SDKROOT = macosx;
			};
			name = Debug;
		};
		2175D3301D1722AE009C6845 /* Release */ = {
			isa = XCBuildConfiguration;
			buildSettings = {
				CODE_SIGN_IDENTITY = "-";
				COMBINE_HIDPI_IMAGES = YES;
				INFOPLIST_FILE = "CanvasCore-macOSTests/Info.plist";
				LD_RUNPATH_SEARCH_PATHS = "$(inherited) @executable_path/../Frameworks @loader_path/../Frameworks";
				MACOSX_DEPLOYMENT_TARGET = 10.11;
				PRODUCT_BUNDLE_IDENTIFIER = "com.usecanvas.CanvasCore-macOSTests";
				PRODUCT_NAME = "$(TARGET_NAME)";
				SDKROOT = macosx;
			};
			name = Release;
		};
/* End XCBuildConfiguration section */

/* Begin XCConfigurationList section */
		216B1C861D17199B007D022B /* Build configuration list for PBXProject "CanvasCore" */ = {
			isa = XCConfigurationList;
			buildConfigurations = (
				216B1C9E1D17199B007D022B /* Debug */,
				216B1C9F1D17199B007D022B /* Release */,
			);
			defaultConfigurationIsVisible = 0;
			defaultConfigurationName = Release;
		};
		216B1CA01D17199B007D022B /* Build configuration list for PBXNativeTarget "CanvasCore-iOS" */ = {
			isa = XCConfigurationList;
			buildConfigurations = (
				216B1CA11D17199B007D022B /* Debug */,
				216B1CA21D17199B007D022B /* Release */,
			);
			defaultConfigurationIsVisible = 0;
			defaultConfigurationName = Release;
		};
		216B1CA31D17199B007D022B /* Build configuration list for PBXNativeTarget "CanvasCoreTests-iOS" */ = {
			isa = XCConfigurationList;
			buildConfigurations = (
				216B1CA41D17199B007D022B /* Debug */,
				216B1CA51D17199B007D022B /* Release */,
			);
			defaultConfigurationIsVisible = 0;
			defaultConfigurationName = Release;
		};
		2175D32B1D1722AE009C6845 /* Build configuration list for PBXNativeTarget "CanvasCore-macOS" */ = {
			isa = XCConfigurationList;
			buildConfigurations = (
				2175D32C1D1722AE009C6845 /* Debug */,
				2175D32D1D1722AE009C6845 /* Release */,
			);
			defaultConfigurationIsVisible = 0;
			defaultConfigurationName = Release;
		};
		2175D32E1D1722AE009C6845 /* Build configuration list for PBXNativeTarget "CanvasCoreTests-macOS" */ = {
			isa = XCConfigurationList;
			buildConfigurations = (
				2175D32F1D1722AE009C6845 /* Debug */,
				2175D3301D1722AE009C6845 /* Release */,
			);
			defaultConfigurationIsVisible = 0;
			defaultConfigurationName = Release;
		};
/* End XCConfigurationList section */
	};
	rootObject = 216B1C831D17199B007D022B /* Project object */;
}
